// !$*UTF8*$!
{
	archiveVersion = 1;
	classes = {
	};
	objectVersion = 46;
	objects = {

/* Begin PBXBuildFile section */
		0025F0B518740DB400ABC753 /* SearchTVC.m in Sources */ = {isa = PBXBuildFile; fileRef = 0025F0B418740DB400ABC753 /* SearchTVC.m */; };
		0025F0C818740DC900ABC753 /* pdel.png in Resources */ = {isa = PBXBuildFile; fileRef = 0025F0B618740DC900ABC753 /* pdel.png */; };
		0025F0C918740DC900ABC753 /* pdel@2x.png in Resources */ = {isa = PBXBuildFile; fileRef = 0025F0B718740DC900ABC753 /* pdel@2x.png */; };
		0025F0CA18740DC900ABC753 /* pdel2.png in Resources */ = {isa = PBXBuildFile; fileRef = 0025F0B818740DC900ABC753 /* pdel2.png */; };
		0025F0CB18740DC900ABC753 /* pdel2@2x.png in Resources */ = {isa = PBXBuildFile; fileRef = 0025F0B918740DC900ABC753 /* pdel2@2x.png */; };
		0025F0CC18740DC900ABC753 /* pkey.png in Resources */ = {isa = PBXBuildFile; fileRef = 0025F0BA18740DC900ABC753 /* pkey.png */; };
		0025F0CD18740DC900ABC753 /* pkey2.png in Resources */ = {isa = PBXBuildFile; fileRef = 0025F0BB18740DC900ABC753 /* pkey2.png */; };
		0025F0CE18740DC900ABC753 /* pkey2@2x.png in Resources */ = {isa = PBXBuildFile; fileRef = 0025F0BC18740DC900ABC753 /* pkey2@2x.png */; };
		0025F0CF18740DC900ABC753 /* pok.png in Resources */ = {isa = PBXBuildFile; fileRef = 0025F0BD18740DC900ABC753 /* pok.png */; };
		0025F0D018740DC900ABC753 /* pok@2x.png in Resources */ = {isa = PBXBuildFile; fileRef = 0025F0BE18740DC900ABC753 /* pok@2x.png */; };
		0025F0D118740DC900ABC753 /* pok2.png in Resources */ = {isa = PBXBuildFile; fileRef = 0025F0BF18740DC900ABC753 /* pok2.png */; };
		0025F0D218740DC900ABC753 /* pok2@2x.png in Resources */ = {isa = PBXBuildFile; fileRef = 0025F0C018740DC900ABC753 /* pok2@2x.png */; };
		0025F0D318740DC900ABC753 /* psearch.png in Resources */ = {isa = PBXBuildFile; fileRef = 0025F0C118740DC900ABC753 /* psearch.png */; };
		0025F0D418740DC900ABC753 /* psearch@2x.png in Resources */ = {isa = PBXBuildFile; fileRef = 0025F0C218740DC900ABC753 /* psearch@2x.png */; };
		0025F0D518740DC900ABC753 /* psent.png in Resources */ = {isa = PBXBuildFile; fileRef = 0025F0C318740DC900ABC753 /* psent.png */; };
		0025F0D618740DC900ABC753 /* pstar.png in Resources */ = {isa = PBXBuildFile; fileRef = 0025F0C418740DC900ABC753 /* pstar.png */; };
		0025F0D718740DC900ABC753 /* pstar@2x.png in Resources */ = {isa = PBXBuildFile; fileRef = 0025F0C518740DC900ABC753 /* pstar@2x.png */; };
		0025F0D818740DC900ABC753 /* pstar2.png in Resources */ = {isa = PBXBuildFile; fileRef = 0025F0C618740DC900ABC753 /* pstar2.png */; };
		0025F0D918740DC900ABC753 /* pstar2@2x.png in Resources */ = {isa = PBXBuildFile; fileRef = 0025F0C718740DC900ABC753 /* pstar2@2x.png */; };
		0025F0DE18740F3800ABC753 /* pkey@2x.png in Resources */ = {isa = PBXBuildFile; fileRef = 0025F0DA18740F3800ABC753 /* pkey@2x.png */; };
		0025F0DF18740F3800ABC753 /* pre.png in Resources */ = {isa = PBXBuildFile; fileRef = 0025F0DB18740F3800ABC753 /* pre.png */; };
		0025F0E018740F3800ABC753 /* pre@2x.png in Resources */ = {isa = PBXBuildFile; fileRef = 0025F0DC18740F3800ABC753 /* pre@2x.png */; };
		0025F0E118740F3800ABC753 /* psent@2x.png in Resources */ = {isa = PBXBuildFile; fileRef = 0025F0DD18740F3800ABC753 /* psent@2x.png */; };
		0025F0E5187410EF00ABC753 /* TypeMenuView.m in Sources */ = {isa = PBXBuildFile; fileRef = 0025F0E4187410EF00ABC753 /* TypeMenuView.m */; };
		0025F0E81874141A00ABC753 /* OnlineLibraryTVC.m in Sources */ = {isa = PBXBuildFile; fileRef = 0025F0E71874141A00ABC753 /* OnlineLibraryTVC.m */; };
		003B8462187D40090049F1CD /* Toast+UIView.m in Sources */ = {isa = PBXBuildFile; fileRef = 003B8461187D40090049F1CD /* Toast+UIView.m */; };
		0051CC66187B071400D498BA /* psun2.png in Resources */ = {isa = PBXBuildFile; fileRef = 0051CC62187B071400D498BA /* psun2.png */; };
		0051CC67187B071400D498BA /* psun@2x.png in Resources */ = {isa = PBXBuildFile; fileRef = 0051CC63187B071400D498BA /* psun@2x.png */; };
		0051CC68187B071400D498BA /* psun2@2x.png in Resources */ = {isa = PBXBuildFile; fileRef = 0051CC64187B071400D498BA /* psun2@2x.png */; };
		0051CC69187B071400D498BA /* psun.png in Resources */ = {isa = PBXBuildFile; fileRef = 0051CC65187B071400D498BA /* psun.png */; };
		0059FAE7187436460021BE91 /* XMLReader.m in Sources */ = {isa = PBXBuildFile; fileRef = 0059FAE6187436460021BE91 /* XMLReader.m */; };
		0059FAEA187436630021BE91 /* NetWork.m in Sources */ = {isa = PBXBuildFile; fileRef = 0059FAE9187436630021BE91 /* NetWork.m */; };
		0059FAEF187439C30021BE91 /* LibraryCell.m in Sources */ = {isa = PBXBuildFile; fileRef = 0059FAEE187439C30021BE91 /* LibraryCell.m */; };
		005DFD6F187D108A00B64055 /* notebook.txt in Resources */ = {isa = PBXBuildFile; fileRef = 005DFD6E187D108A00B64055 /* notebook.txt */; };
		005DFD71187D1B0E00B64055 /* Settings.bundle in Resources */ = {isa = PBXBuildFile; fileRef = 005DFD70187D1B0E00B64055 /* Settings.bundle */; };
<<<<<<< HEAD
		0082CFBA187D4EAC001E4B39 /* Default.png in Resources */ = {isa = PBXBuildFile; fileRef = 0082CFB8187D4EAC001E4B39 /* Default.png */; };
		0082CFBB187D4EAC001E4B39 /* Default~iphone.png in Resources */ = {isa = PBXBuildFile; fileRef = 0082CFB9187D4EAC001E4B39 /* Default~iphone.png */; };
=======
		0082CFB2187D4DA1001E4B39 /* 1536x2048.png in Resources */ = {isa = PBXBuildFile; fileRef = 0082CFB0187D4DA1001E4B39 /* 1536x2048.png */; };
		0082CFB3187D4DA1001E4B39 /* 2048x1536.png in Resources */ = {isa = PBXBuildFile; fileRef = 0082CFB1187D4DA1001E4B39 /* 2048x1536.png */; };
		0082CFB5187D4DD5001E4B39 /* 1024x768.png in Resources */ = {isa = PBXBuildFile; fileRef = 0082CFB4187D4DD5001E4B39 /* 1024x768.png */; };
		0082CFB7187D4DFA001E4B39 /* 768x1024.png in Resources */ = {isa = PBXBuildFile; fileRef = 0082CFB6187D4DFA001E4B39 /* 768x1024.png */; };
		0082CFBA187D4EAC001E4B39 /* 640x960.png in Resources */ = {isa = PBXBuildFile; fileRef = 0082CFB8187D4EAC001E4B39 /* 640x960.png */; };
		0082CFBB187D4EAC001E4B39 /* 640x1136.png in Resources */ = {isa = PBXBuildFile; fileRef = 0082CFB9187D4EAC001E4B39 /* 640x1136.png */; };
>>>>>>> 5346dca86d533a9407ddcf67093a65c8b9bb44cb
		0084108C18758C9800806872 /* MD5.m in Sources */ = {isa = PBXBuildFile; fileRef = 0084108B18758C9800806872 /* MD5.m */; };
		0097FB4C187A9BA60034843E /* EditViewController.m in Sources */ = {isa = PBXBuildFile; fileRef = 0097FB4B187A9BA60034843E /* EditViewController.m */; };
		00ACFE6B18719649008CDF3B /* Foundation.framework in Frameworks */ = {isa = PBXBuildFile; fileRef = 00ACFE6A18719649008CDF3B /* Foundation.framework */; };
		00ACFE6D18719649008CDF3B /* CoreGraphics.framework in Frameworks */ = {isa = PBXBuildFile; fileRef = 00ACFE6C18719649008CDF3B /* CoreGraphics.framework */; };
		00ACFE6F18719649008CDF3B /* UIKit.framework in Frameworks */ = {isa = PBXBuildFile; fileRef = 00ACFE6E18719649008CDF3B /* UIKit.framework */; };
		00ACFE7518719649008CDF3B /* InfoPlist.strings in Resources */ = {isa = PBXBuildFile; fileRef = 00ACFE7318719649008CDF3B /* InfoPlist.strings */; };
		00ACFE7718719649008CDF3B /* main.m in Sources */ = {isa = PBXBuildFile; fileRef = 00ACFE7618719649008CDF3B /* main.m */; };
		00ACFE7B18719649008CDF3B /* AppDelegate.m in Sources */ = {isa = PBXBuildFile; fileRef = 00ACFE7A18719649008CDF3B /* AppDelegate.m */; };
		00ACFE8418719649008CDF3B /* XCTest.framework in Frameworks */ = {isa = PBXBuildFile; fileRef = 00ACFE8318719649008CDF3B /* XCTest.framework */; };
		00ACFE8518719649008CDF3B /* Foundation.framework in Frameworks */ = {isa = PBXBuildFile; fileRef = 00ACFE6A18719649008CDF3B /* Foundation.framework */; };
		00ACFE8618719649008CDF3B /* UIKit.framework in Frameworks */ = {isa = PBXBuildFile; fileRef = 00ACFE6E18719649008CDF3B /* UIKit.framework */; };
		00ACFE8E18719649008CDF3B /* InfoPlist.strings in Resources */ = {isa = PBXBuildFile; fileRef = 00ACFE8C18719649008CDF3B /* InfoPlist.strings */; };
		00ACFE9018719649008CDF3B /* cloudemoji_iOSTests.m in Sources */ = {isa = PBXBuildFile; fileRef = 00ACFE8F18719649008CDF3B /* cloudemoji_iOSTests.m */; };
		00ACFF3518719C3C008CDF3B /* MainViewController.m in Sources */ = {isa = PBXBuildFile; fileRef = 00ACFF3418719C3C008CDF3B /* MainViewController.m */; };
		00ACFF3818719D30008CDF3B /* RefreshView.m in Sources */ = {isa = PBXBuildFile; fileRef = 00ACFF3718719D30008CDF3B /* RefreshView.m */; };
		00ACFF421871D285008CDF3B /* FavoritesTVC.m in Sources */ = {isa = PBXBuildFile; fileRef = 00ACFF411871D285008CDF3B /* FavoritesTVC.m */; };
		00ACFF451871D29F008CDF3B /* HistoryTVC.m in Sources */ = {isa = PBXBuildFile; fileRef = 00ACFF441871D29F008CDF3B /* HistoryTVC.m */; };
		00ACFF481871D2BF008CDF3B /* CustomTVC.m in Sources */ = {isa = PBXBuildFile; fileRef = 00ACFF471871D2BF008CDF3B /* CustomTVC.m */; };
		00B66961187B01D50076D1CE /* SettingViewController.m in Sources */ = {isa = PBXBuildFile; fileRef = 00B6695F187B01D50076D1CE /* SettingViewController.m */; };
		00B66962187B01D50076D1CE /* SettingViewController.xib in Resources */ = {isa = PBXBuildFile; fileRef = 00B66960187B01D50076D1CE /* SettingViewController.xib */; };
		00B8A7E8187E4A4E000AB75D /* OnlineLibrary.m in Sources */ = {isa = PBXBuildFile; fileRef = 00B8A7E7187E4A4E000AB75D /* OnlineLibrary.m */; };
		00B8A7EB187E4BF3000AB75D /* Favorites.m in Sources */ = {isa = PBXBuildFile; fileRef = 00B8A7EA187E4BF3000AB75D /* Favorites.m */; };
		00B8A7EE187E4E77000AB75D /* History.m in Sources */ = {isa = PBXBuildFile; fileRef = 00B8A7ED187E4E77000AB75D /* History.m */; };
		00B8A7F1187E4FD3000AB75D /* Custom.m in Sources */ = {isa = PBXBuildFile; fileRef = 00B8A7F0187E4FD3000AB75D /* Custom.m */; };
		00B8A7F4187E507A000AB75D /* Search.m in Sources */ = {isa = PBXBuildFile; fileRef = 00B8A7F3187E507A000AB75D /* Search.m */; };
		00B8A7F7187E510D000AB75D /* Library.m in Sources */ = {isa = PBXBuildFile; fileRef = 00B8A7F6187E510D000AB75D /* Library.m */; };
		00B8A7FA187E51A8000AB75D /* AnimationPause.m in Sources */ = {isa = PBXBuildFile; fileRef = 00B8A7F9187E51A8000AB75D /* AnimationPause.m */; };
		00B8A7FE187E5344000AB75D /* Setting.m in Sources */ = {isa = PBXBuildFile; fileRef = 00B8A7FD187E5344000AB75D /* Setting.m */; };
		00B8A801187E53A2000AB75D /* Diy.m in Sources */ = {isa = PBXBuildFile; fileRef = 00B8A800187E53A2000AB75D /* Diy.m */; };
		00B8A804187E5509000AB75D /* About.m in Sources */ = {isa = PBXBuildFile; fileRef = 00B8A803187E5509000AB75D /* About.m */; };
		00E50DDE18727C12003BE168 /* pbook.png in Resources */ = {isa = PBXBuildFile; fileRef = 00E50DCC18727C12003BE168 /* pbook.png */; };
		00E50DDF18727C12003BE168 /* pbook@2x.png in Resources */ = {isa = PBXBuildFile; fileRef = 00E50DCD18727C12003BE168 /* pbook@2x.png */; };
		00E50DE018727C12003BE168 /* pbook2.png in Resources */ = {isa = PBXBuildFile; fileRef = 00E50DCE18727C12003BE168 /* pbook2.png */; };
		00E50DE118727C12003BE168 /* pbook2@2x.png in Resources */ = {isa = PBXBuildFile; fileRef = 00E50DCF18727C12003BE168 /* pbook2@2x.png */; };
		00E50DE218727C12003BE168 /* pclock.png in Resources */ = {isa = PBXBuildFile; fileRef = 00E50DD018727C12003BE168 /* pclock.png */; };
		00E50DE318727C12003BE168 /* pclock@2x.png in Resources */ = {isa = PBXBuildFile; fileRef = 00E50DD118727C12003BE168 /* pclock@2x.png */; };
		00E50DE418727C12003BE168 /* pclock2.png in Resources */ = {isa = PBXBuildFile; fileRef = 00E50DD218727C12003BE168 /* pclock2.png */; };
		00E50DE518727C12003BE168 /* pclock2@2x.png in Resources */ = {isa = PBXBuildFile; fileRef = 00E50DD318727C12003BE168 /* pclock2@2x.png */; };
		00E50DE618727C12003BE168 /* pcould.png in Resources */ = {isa = PBXBuildFile; fileRef = 00E50DD418727C12003BE168 /* pcould.png */; };
		00E50DE718727C12003BE168 /* pcould@2x.png in Resources */ = {isa = PBXBuildFile; fileRef = 00E50DD518727C12003BE168 /* pcould@2x.png */; };
		00E50DE818727C12003BE168 /* pcould2.png in Resources */ = {isa = PBXBuildFile; fileRef = 00E50DD618727C12003BE168 /* pcould2.png */; };
		00E50DE918727C12003BE168 /* pcould2@2x.png in Resources */ = {isa = PBXBuildFile; fileRef = 00E50DD718727C12003BE168 /* pcould2@2x.png */; };
		00E50DEA18727C12003BE168 /* psetting.png in Resources */ = {isa = PBXBuildFile; fileRef = 00E50DD818727C12003BE168 /* psetting.png */; };
		00E50DEB18727C12003BE168 /* psetting@2x.png in Resources */ = {isa = PBXBuildFile; fileRef = 00E50DD918727C12003BE168 /* psetting@2x.png */; };
		00E50DEC18727C12003BE168 /* psetting2.png in Resources */ = {isa = PBXBuildFile; fileRef = 00E50DDA18727C12003BE168 /* psetting2.png */; };
		00E50DED18727C12003BE168 /* psetting2@2x.png in Resources */ = {isa = PBXBuildFile; fileRef = 00E50DDB18727C12003BE168 /* psetting2@2x.png */; };
		00E50DEE18727C12003BE168 /* pwri.png in Resources */ = {isa = PBXBuildFile; fileRef = 00E50DDC18727C12003BE168 /* pwri.png */; };
		00E50DEF18727C12003BE168 /* pwri@2x.png in Resources */ = {isa = PBXBuildFile; fileRef = 00E50DDD18727C12003BE168 /* pwri@2x.png */; };
		00E50DF218728061003BE168 /* LibraryTVC.m in Sources */ = {isa = PBXBuildFile; fileRef = 00E50DF118728061003BE168 /* LibraryTVC.m */; };
		00E50DF518728109003BE168 /* AboutViewController.m in Sources */ = {isa = PBXBuildFile; fileRef = 00E50DF418728109003BE168 /* AboutViewController.m */; };
		00E50DFC187281A8003BE168 /* info2.png in Resources */ = {isa = PBXBuildFile; fileRef = 00E50DF6187281A8003BE168 /* info2.png */; };
		00E50DFD187281A8003BE168 /* info2@2x.png in Resources */ = {isa = PBXBuildFile; fileRef = 00E50DF7187281A8003BE168 /* info2@2x.png */; };
		00E50DFE187281A8003BE168 /* pinfo.png in Resources */ = {isa = PBXBuildFile; fileRef = 00E50DF8187281A8003BE168 /* pinfo.png */; };
		00E50DFF187281A8003BE168 /* pinfo@2x.png in Resources */ = {isa = PBXBuildFile; fileRef = 00E50DF9187281A8003BE168 /* pinfo@2x.png */; };
		00E50E00187281A8003BE168 /* pweb.png in Resources */ = {isa = PBXBuildFile; fileRef = 00E50DFA187281A8003BE168 /* pweb.png */; };
		00E50E01187281A8003BE168 /* pweb@2x.png in Resources */ = {isa = PBXBuildFile; fileRef = 00E50DFB187281A8003BE168 /* pweb@2x.png */; };
		00E6E79C187B94FE00F1F60A /* Shake_01.png in Resources */ = {isa = PBXBuildFile; fileRef = 00E6E795187B94FE00F1F60A /* Shake_01.png */; };
		00E6E79D187B94FE00F1F60A /* Shake_01@2x.png in Resources */ = {isa = PBXBuildFile; fileRef = 00E6E796187B94FE00F1F60A /* Shake_01@2x.png */; };
		00E6E79E187B94FE00F1F60A /* Shake_02.png in Resources */ = {isa = PBXBuildFile; fileRef = 00E6E797187B94FE00F1F60A /* Shake_02.png */; };
		00E6E79F187B94FE00F1F60A /* Shake_02@2x.png in Resources */ = {isa = PBXBuildFile; fileRef = 00E6E798187B94FE00F1F60A /* Shake_02@2x.png */; };
		00E6E7A0187B94FE00F1F60A /* 更新背景2.png in Resources */ = {isa = PBXBuildFile; fileRef = 00E6E799187B94FE00F1F60A /* 更新背景2.png */; };
		00E6E7A1187B94FE00F1F60A /* 更新背景2@2x.png in Resources */ = {isa = PBXBuildFile; fileRef = 00E6E79A187B94FE00F1F60A /* 更新背景2@2x.png */; };
		00E6E7A6187B953400F1F60A /* AnimationPauseViewController.m in Sources */ = {isa = PBXBuildFile; fileRef = 00E6E7A4187B953400F1F60A /* AnimationPauseViewController.m */; };
		00E6E7A7187B953400F1F60A /* AnimationPauseViewController.xib in Resources */ = {isa = PBXBuildFile; fileRef = 00E6E7A5187B953400F1F60A /* AnimationPauseViewController.xib */; };
		00E6E7AB187BA41E00F1F60A /* XAboutViewController.m in Sources */ = {isa = PBXBuildFile; fileRef = 00E6E7A9187BA41E00F1F60A /* XAboutViewController.m */; };
		00E6E7AC187BA41E00F1F60A /* XAboutViewController.xib in Resources */ = {isa = PBXBuildFile; fileRef = 00E6E7AA187BA41E00F1F60A /* XAboutViewController.xib */; };
		00E6E7C0187BD19400F1F60A /* libz.dylib in Frameworks */ = {isa = PBXBuildFile; fileRef = 00E6E7BF187BD19400F1F60A /* libz.dylib */; };
		00E6E7C8187C4C8A00F1F60A /* Localizable.strings in Resources */ = {isa = PBXBuildFile; fileRef = 00E6E7CA187C4C8A00F1F60A /* Localizable.strings */; };
		621659AE1879184C00770D3D /* S.m in Sources */ = {isa = PBXBuildFile; fileRef = 621659AD1879184C00770D3D /* S.m */; };
		621659F91879A3F400770D3D /* Keyboard_Blank.png in Resources */ = {isa = PBXBuildFile; fileRef = 621659E61879A3F400770D3D /* Keyboard_Blank.png */; };
		621659FA1879A3F400770D3D /* Keyboard_Blank@2x.png in Resources */ = {isa = PBXBuildFile; fileRef = 621659E71879A3F400770D3D /* Keyboard_Blank@2x.png */; };
		621659FB1879A3F400770D3D /* Keyboard_Shift.png in Resources */ = {isa = PBXBuildFile; fileRef = 621659E81879A3F400770D3D /* Keyboard_Shift.png */; };
		621659FC1879A3F400770D3D /* Keyboard_Shift@2x.png in Resources */ = {isa = PBXBuildFile; fileRef = 621659E91879A3F400770D3D /* Keyboard_Shift@2x.png */; };
		621659FD1879A3F400770D3D /* PKCustomKeyboard.m in Sources */ = {isa = PBXBuildFile; fileRef = 621659EB1879A3F400770D3D /* PKCustomKeyboard.m */; };
		621659FE1879A3F400770D3D /* PKCustomKeyboard.xib in Resources */ = {isa = PBXBuildFile; fileRef = 621659EC1879A3F400770D3D /* PKCustomKeyboard.xib */; };
		621659FF1879A3F400770D3D /* delete.png in Resources */ = {isa = PBXBuildFile; fileRef = 621659EF1879A3F400770D3D /* delete.png */; };
		62165A001879A3F400770D3D /* delete@2x.png in Resources */ = {isa = PBXBuildFile; fileRef = 621659F01879A3F400770D3D /* delete@2x.png */; };
		62165A011879A3F400770D3D /* glow.png in Resources */ = {isa = PBXBuildFile; fileRef = 621659F11879A3F400770D3D /* glow.png */; };
		62165A021879A3F400770D3D /* iOS_Keyboard.png in Resources */ = {isa = PBXBuildFile; fileRef = 621659F21879A3F400770D3D /* iOS_Keyboard.png */; };
		62165A031879A3F400770D3D /* iOS_Keyboard@2x.png in Resources */ = {isa = PBXBuildFile; fileRef = 621659F31879A3F400770D3D /* iOS_Keyboard@2x.png */; };
		62165A041879A3F400770D3D /* return.png in Resources */ = {isa = PBXBuildFile; fileRef = 621659F41879A3F400770D3D /* return.png */; };
		62165A051879A3F400770D3D /* return@2x.png in Resources */ = {isa = PBXBuildFile; fileRef = 621659F51879A3F400770D3D /* return@2x.png */; };
		62165A061879A3F400770D3D /* PMCustomKeyboard.m in Sources */ = {isa = PBXBuildFile; fileRef = 621659F71879A3F400770D3D /* PMCustomKeyboard.m */; };
		62165A071879A3F400770D3D /* PMCustomKeyboard.xib in Resources */ = {isa = PBXBuildFile; fileRef = 621659F81879A3F400770D3D /* PMCustomKeyboard.xib */; };
		623EE1481877F3B1008FCD42 /* BackgroundImg.m in Sources */ = {isa = PBXBuildFile; fileRef = 623EE1471877F3B1008FCD42 /* BackgroundImg.m */; };
		623EE14B1878151F008FCD42 /* psz0.jpg in Resources */ = {isa = PBXBuildFile; fileRef = 623EE1491878151F008FCD42 /* psz0.jpg */; };
		623EE14C1878151F008FCD42 /* psz1.jpg in Resources */ = {isa = PBXBuildFile; fileRef = 623EE14A1878151F008FCD42 /* psz1.jpg */; };
		624B9CC218813A0400093264 /* 语言包模板.txt in Resources */ = {isa = PBXBuildFile; fileRef = 624B9CC118813A0400093264 /* 语言包模板.txt */; };
		626480BA1877AEE900A3484C /* OnlineLibraryCell.m in Sources */ = {isa = PBXBuildFile; fileRef = 626480B91877AEE900A3484C /* OnlineLibraryCell.m */; };
		626480BE1877C44800A3484C /* DIYViewController.m in Sources */ = {isa = PBXBuildFile; fileRef = 626480BD1877C44800A3484C /* DIYViewController.m */; };
		62ABCC1B187FFF3400843752 /* libMobClickLibrary_armv6.a in Frameworks */ = {isa = PBXBuildFile; fileRef = 62ABCC18187FFF3400843752 /* libMobClickLibrary_armv6.a */; };
		62ABCC1C187FFF3400843752 /* libMobClickLibrary.a in Frameworks */ = {isa = PBXBuildFile; fileRef = 62ABCC19187FFF3400843752 /* libMobClickLibrary.a */; };
		62ABCC1E18800CAA00843752 /* Default~ipad.png in Resources */ = {isa = PBXBuildFile; fileRef = 62ABCC1D18800CAA00843752 /* Default~ipad.png */; };
		62ABCC2A18800F2E00843752 /* Default-568h@2x.png in Resources */ = {isa = PBXBuildFile; fileRef = 62ABCC2918800F2D00843752 /* Default-568h@2x.png */; };
/* End PBXBuildFile section */

/* Begin PBXContainerItemProxy section */
		00ACFE8718719649008CDF3B /* PBXContainerItemProxy */ = {
			isa = PBXContainerItemProxy;
			containerPortal = 00ACFE5F18719649008CDF3B /* Project object */;
			proxyType = 1;
			remoteGlobalIDString = 00ACFE6618719649008CDF3B;
			remoteInfo = cloudemoji_iOS;
		};
/* End PBXContainerItemProxy section */

/* Begin PBXFileReference section */
		0025F0B318740DB400ABC753 /* SearchTVC.h */ = {isa = PBXFileReference; fileEncoding = 4; lastKnownFileType = sourcecode.c.h; path = SearchTVC.h; sourceTree = "<group>"; };
		0025F0B418740DB400ABC753 /* SearchTVC.m */ = {isa = PBXFileReference; fileEncoding = 4; lastKnownFileType = sourcecode.c.objc; path = SearchTVC.m; sourceTree = "<group>"; };
		0025F0B618740DC900ABC753 /* pdel.png */ = {isa = PBXFileReference; lastKnownFileType = image.png; path = pdel.png; sourceTree = "<group>"; };
		0025F0B718740DC900ABC753 /* pdel@2x.png */ = {isa = PBXFileReference; lastKnownFileType = image.png; path = "pdel@2x.png"; sourceTree = "<group>"; };
		0025F0B818740DC900ABC753 /* pdel2.png */ = {isa = PBXFileReference; lastKnownFileType = image.png; path = pdel2.png; sourceTree = "<group>"; };
		0025F0B918740DC900ABC753 /* pdel2@2x.png */ = {isa = PBXFileReference; lastKnownFileType = image.png; path = "pdel2@2x.png"; sourceTree = "<group>"; };
		0025F0BA18740DC900ABC753 /* pkey.png */ = {isa = PBXFileReference; lastKnownFileType = image.png; path = pkey.png; sourceTree = "<group>"; };
		0025F0BB18740DC900ABC753 /* pkey2.png */ = {isa = PBXFileReference; lastKnownFileType = image.png; path = pkey2.png; sourceTree = "<group>"; };
		0025F0BC18740DC900ABC753 /* pkey2@2x.png */ = {isa = PBXFileReference; lastKnownFileType = image.png; path = "pkey2@2x.png"; sourceTree = "<group>"; };
		0025F0BD18740DC900ABC753 /* pok.png */ = {isa = PBXFileReference; lastKnownFileType = image.png; path = pok.png; sourceTree = "<group>"; };
		0025F0BE18740DC900ABC753 /* pok@2x.png */ = {isa = PBXFileReference; lastKnownFileType = image.png; path = "pok@2x.png"; sourceTree = "<group>"; };
		0025F0BF18740DC900ABC753 /* pok2.png */ = {isa = PBXFileReference; lastKnownFileType = image.png; path = pok2.png; sourceTree = "<group>"; };
		0025F0C018740DC900ABC753 /* pok2@2x.png */ = {isa = PBXFileReference; lastKnownFileType = image.png; path = "pok2@2x.png"; sourceTree = "<group>"; };
		0025F0C118740DC900ABC753 /* psearch.png */ = {isa = PBXFileReference; lastKnownFileType = image.png; path = psearch.png; sourceTree = "<group>"; };
		0025F0C218740DC900ABC753 /* psearch@2x.png */ = {isa = PBXFileReference; lastKnownFileType = image.png; path = "psearch@2x.png"; sourceTree = "<group>"; };
		0025F0C318740DC900ABC753 /* psent.png */ = {isa = PBXFileReference; lastKnownFileType = image.png; path = psent.png; sourceTree = "<group>"; };
		0025F0C418740DC900ABC753 /* pstar.png */ = {isa = PBXFileReference; lastKnownFileType = image.png; path = pstar.png; sourceTree = "<group>"; };
		0025F0C518740DC900ABC753 /* pstar@2x.png */ = {isa = PBXFileReference; lastKnownFileType = image.png; path = "pstar@2x.png"; sourceTree = "<group>"; };
		0025F0C618740DC900ABC753 /* pstar2.png */ = {isa = PBXFileReference; lastKnownFileType = image.png; path = pstar2.png; sourceTree = "<group>"; };
		0025F0C718740DC900ABC753 /* pstar2@2x.png */ = {isa = PBXFileReference; lastKnownFileType = image.png; path = "pstar2@2x.png"; sourceTree = "<group>"; };
		0025F0DA18740F3800ABC753 /* pkey@2x.png */ = {isa = PBXFileReference; lastKnownFileType = image.png; path = "pkey@2x.png"; sourceTree = "<group>"; };
		0025F0DB18740F3800ABC753 /* pre.png */ = {isa = PBXFileReference; lastKnownFileType = image.png; path = pre.png; sourceTree = "<group>"; };
		0025F0DC18740F3800ABC753 /* pre@2x.png */ = {isa = PBXFileReference; lastKnownFileType = image.png; path = "pre@2x.png"; sourceTree = "<group>"; };
		0025F0DD18740F3800ABC753 /* psent@2x.png */ = {isa = PBXFileReference; lastKnownFileType = image.png; path = "psent@2x.png"; sourceTree = "<group>"; };
		0025F0E3187410EF00ABC753 /* TypeMenuView.h */ = {isa = PBXFileReference; fileEncoding = 4; lastKnownFileType = sourcecode.c.h; path = TypeMenuView.h; sourceTree = "<group>"; };
		0025F0E4187410EF00ABC753 /* TypeMenuView.m */ = {isa = PBXFileReference; fileEncoding = 4; lastKnownFileType = sourcecode.c.objc; path = TypeMenuView.m; sourceTree = "<group>"; };
		0025F0E61874141A00ABC753 /* OnlineLibraryTVC.h */ = {isa = PBXFileReference; fileEncoding = 4; lastKnownFileType = sourcecode.c.h; path = OnlineLibraryTVC.h; sourceTree = "<group>"; };
		0025F0E71874141A00ABC753 /* OnlineLibraryTVC.m */ = {isa = PBXFileReference; fileEncoding = 4; lastKnownFileType = sourcecode.c.objc; path = OnlineLibraryTVC.m; sourceTree = "<group>"; };
		003B845D187D2EA80049F1CD /* en */ = {isa = PBXFileReference; lastKnownFileType = text.plist.strings; name = en; path = en.lproj/Localizable.strings; sourceTree = "<group>"; };
		003B845E187D2FD10049F1CD /* en */ = {isa = PBXFileReference; lastKnownFileType = text.plist.strings; name = en; path = en.lproj/InfoPlist.strings; sourceTree = "<group>"; };
		003B8460187D40090049F1CD /* Toast+UIView.h */ = {isa = PBXFileReference; fileEncoding = 4; lastKnownFileType = sourcecode.c.h; path = "Toast+UIView.h"; sourceTree = "<group>"; };
		003B8461187D40090049F1CD /* Toast+UIView.m */ = {isa = PBXFileReference; fileEncoding = 4; lastKnownFileType = sourcecode.c.objc; path = "Toast+UIView.m"; sourceTree = "<group>"; };
		004E16C318751A1000DF3AB3 /* libxml2.2.dylib */ = {isa = PBXFileReference; lastKnownFileType = "compiled.mach-o.dylib"; name = libxml2.2.dylib; path = usr/lib/libxml2.2.dylib; sourceTree = SDKROOT; };
		0051CC62187B071400D498BA /* psun2.png */ = {isa = PBXFileReference; lastKnownFileType = image.png; path = psun2.png; sourceTree = "<group>"; };
		0051CC63187B071400D498BA /* psun@2x.png */ = {isa = PBXFileReference; lastKnownFileType = image.png; path = "psun@2x.png"; sourceTree = "<group>"; };
		0051CC64187B071400D498BA /* psun2@2x.png */ = {isa = PBXFileReference; lastKnownFileType = image.png; path = "psun2@2x.png"; sourceTree = "<group>"; };
		0051CC65187B071400D498BA /* psun.png */ = {isa = PBXFileReference; lastKnownFileType = image.png; path = psun.png; sourceTree = "<group>"; };
		0059FAE5187436460021BE91 /* XMLReader.h */ = {isa = PBXFileReference; fileEncoding = 4; lastKnownFileType = sourcecode.c.h; path = XMLReader.h; sourceTree = "<group>"; };
		0059FAE6187436460021BE91 /* XMLReader.m */ = {isa = PBXFileReference; fileEncoding = 4; lastKnownFileType = sourcecode.c.objc; path = XMLReader.m; sourceTree = "<group>"; };
		0059FAE8187436630021BE91 /* NetWork.h */ = {isa = PBXFileReference; fileEncoding = 4; lastKnownFileType = sourcecode.c.h; path = NetWork.h; sourceTree = "<group>"; };
		0059FAE9187436630021BE91 /* NetWork.m */ = {isa = PBXFileReference; fileEncoding = 4; lastKnownFileType = sourcecode.c.objc; path = NetWork.m; sourceTree = "<group>"; };
		0059FAED187439C30021BE91 /* LibraryCell.h */ = {isa = PBXFileReference; fileEncoding = 4; lastKnownFileType = sourcecode.c.h; path = LibraryCell.h; sourceTree = "<group>"; };
		0059FAEE187439C30021BE91 /* LibraryCell.m */ = {isa = PBXFileReference; fileEncoding = 4; lastKnownFileType = sourcecode.c.objc; path = LibraryCell.m; sourceTree = "<group>"; };
<<<<<<< HEAD
		005DFD6E187D108A00B64055 /* notebook.txt */ = {isa = PBXFileReference; fileEncoding = 4; lastKnownFileType = text; name = notebook.txt; path = cloudemoji_iOS/notebook.txt; sourceTree = "<group>"; };
		005DFD70187D1B0E00B64055 /* Settings.bundle */ = {isa = PBXFileReference; lastKnownFileType = "wrapper.plug-in"; path = Settings.bundle; sourceTree = "<group>"; };
		0082CFB8187D4EAC001E4B39 /* Default.png */ = {isa = PBXFileReference; lastKnownFileType = image.png; name = Default.png; path = cloudemoji_iOS/img/Default.png; sourceTree = "<group>"; };
		0082CFB9187D4EAC001E4B39 /* Default~iphone.png */ = {isa = PBXFileReference; lastKnownFileType = image.png; name = "Default~iphone.png"; path = "cloudemoji_iOS/img/Default~iphone.png"; sourceTree = "<group>"; };
=======
		005DFD6E187D108A00B64055 /* notebook.txt */ = {isa = PBXFileReference; fileEncoding = 4; lastKnownFileType = text; path = notebook.txt; sourceTree = "<group>"; };
		005DFD70187D1B0E00B64055 /* Settings.bundle */ = {isa = PBXFileReference; lastKnownFileType = "wrapper.plug-in"; path = Settings.bundle; sourceTree = "<group>"; };
		0082CFB0187D4DA1001E4B39 /* 1536x2048.png */ = {isa = PBXFileReference; lastKnownFileType = image.png; path = 1536x2048.png; sourceTree = "<group>"; };
		0082CFB1187D4DA1001E4B39 /* 2048x1536.png */ = {isa = PBXFileReference; lastKnownFileType = image.png; path = 2048x1536.png; sourceTree = "<group>"; };
		0082CFB4187D4DD5001E4B39 /* 1024x768.png */ = {isa = PBXFileReference; lastKnownFileType = image.png; path = 1024x768.png; sourceTree = "<group>"; };
		0082CFB6187D4DFA001E4B39 /* 768x1024.png */ = {isa = PBXFileReference; lastKnownFileType = image.png; path = 768x1024.png; sourceTree = "<group>"; };
		0082CFB8187D4EAC001E4B39 /* 640x960.png */ = {isa = PBXFileReference; lastKnownFileType = image.png; path = 640x960.png; sourceTree = "<group>"; };
		0082CFB9187D4EAC001E4B39 /* 640x1136.png */ = {isa = PBXFileReference; lastKnownFileType = image.png; path = 640x1136.png; sourceTree = "<group>"; };
>>>>>>> 5346dca86d533a9407ddcf67093a65c8b9bb44cb
		0084108A18758C9800806872 /* MD5.h */ = {isa = PBXFileReference; fileEncoding = 4; lastKnownFileType = sourcecode.c.h; path = MD5.h; sourceTree = "<group>"; };
		0084108B18758C9800806872 /* MD5.m */ = {isa = PBXFileReference; fileEncoding = 4; lastKnownFileType = sourcecode.c.objc; path = MD5.m; sourceTree = "<group>"; };
		0097FB4A187A9BA60034843E /* EditViewController.h */ = {isa = PBXFileReference; fileEncoding = 4; lastKnownFileType = sourcecode.c.h; path = EditViewController.h; sourceTree = "<group>"; };
		0097FB4B187A9BA60034843E /* EditViewController.m */ = {isa = PBXFileReference; fileEncoding = 4; lastKnownFileType = sourcecode.c.objc; path = EditViewController.m; sourceTree = "<group>"; };
		00ACFE6718719649008CDF3B /* cloudemoji_iOS.app */ = {isa = PBXFileReference; explicitFileType = wrapper.application; includeInIndex = 0; path = cloudemoji_iOS.app; sourceTree = BUILT_PRODUCTS_DIR; };
		00ACFE6A18719649008CDF3B /* Foundation.framework */ = {isa = PBXFileReference; lastKnownFileType = wrapper.framework; name = Foundation.framework; path = System/Library/Frameworks/Foundation.framework; sourceTree = SDKROOT; };
		00ACFE6C18719649008CDF3B /* CoreGraphics.framework */ = {isa = PBXFileReference; lastKnownFileType = wrapper.framework; name = CoreGraphics.framework; path = System/Library/Frameworks/CoreGraphics.framework; sourceTree = SDKROOT; };
		00ACFE6E18719649008CDF3B /* UIKit.framework */ = {isa = PBXFileReference; lastKnownFileType = wrapper.framework; name = UIKit.framework; path = System/Library/Frameworks/UIKit.framework; sourceTree = SDKROOT; };
		00ACFE7218719649008CDF3B /* cloudemoji_iOS-Info.plist */ = {isa = PBXFileReference; lastKnownFileType = text.plist.xml; path = "cloudemoji_iOS-Info.plist"; sourceTree = "<group>"; };
		00ACFE7618719649008CDF3B /* main.m */ = {isa = PBXFileReference; lastKnownFileType = sourcecode.c.objc; path = main.m; sourceTree = "<group>"; };
		00ACFE7818719649008CDF3B /* cloudemoji_iOS-Prefix.pch */ = {isa = PBXFileReference; lastKnownFileType = sourcecode.c.h; path = "cloudemoji_iOS-Prefix.pch"; sourceTree = "<group>"; };
		00ACFE7918719649008CDF3B /* AppDelegate.h */ = {isa = PBXFileReference; lastKnownFileType = sourcecode.c.h; path = AppDelegate.h; sourceTree = "<group>"; };
		00ACFE7A18719649008CDF3B /* AppDelegate.m */ = {isa = PBXFileReference; lastKnownFileType = sourcecode.c.objc; path = AppDelegate.m; sourceTree = "<group>"; };
		00ACFE8218719649008CDF3B /* cloudemoji_iOSTests.xctest */ = {isa = PBXFileReference; explicitFileType = wrapper.cfbundle; includeInIndex = 0; path = cloudemoji_iOSTests.xctest; sourceTree = BUILT_PRODUCTS_DIR; };
		00ACFE8318719649008CDF3B /* XCTest.framework */ = {isa = PBXFileReference; lastKnownFileType = wrapper.framework; name = XCTest.framework; path = Library/Frameworks/XCTest.framework; sourceTree = DEVELOPER_DIR; };
		00ACFE8B18719649008CDF3B /* cloudemoji_iOSTests-Info.plist */ = {isa = PBXFileReference; lastKnownFileType = text.plist.xml; path = "cloudemoji_iOSTests-Info.plist"; sourceTree = "<group>"; };
		00ACFE8F18719649008CDF3B /* cloudemoji_iOSTests.m */ = {isa = PBXFileReference; lastKnownFileType = sourcecode.c.objc; path = cloudemoji_iOSTests.m; sourceTree = "<group>"; };
		00ACFF3318719C3C008CDF3B /* MainViewController.h */ = {isa = PBXFileReference; fileEncoding = 4; lastKnownFileType = sourcecode.c.h; path = MainViewController.h; sourceTree = "<group>"; };
		00ACFF3418719C3C008CDF3B /* MainViewController.m */ = {isa = PBXFileReference; fileEncoding = 4; lastKnownFileType = sourcecode.c.objc; path = MainViewController.m; sourceTree = "<group>"; };
		00ACFF3618719D30008CDF3B /* RefreshView.h */ = {isa = PBXFileReference; fileEncoding = 4; lastKnownFileType = sourcecode.c.h; path = RefreshView.h; sourceTree = "<group>"; };
		00ACFF3718719D30008CDF3B /* RefreshView.m */ = {isa = PBXFileReference; fileEncoding = 4; lastKnownFileType = sourcecode.c.objc; path = RefreshView.m; sourceTree = "<group>"; };
		00ACFF401871D285008CDF3B /* FavoritesTVC.h */ = {isa = PBXFileReference; fileEncoding = 4; lastKnownFileType = sourcecode.c.h; path = FavoritesTVC.h; sourceTree = "<group>"; };
		00ACFF411871D285008CDF3B /* FavoritesTVC.m */ = {isa = PBXFileReference; fileEncoding = 4; lastKnownFileType = sourcecode.c.objc; path = FavoritesTVC.m; sourceTree = "<group>"; };
		00ACFF431871D29F008CDF3B /* HistoryTVC.h */ = {isa = PBXFileReference; fileEncoding = 4; lastKnownFileType = sourcecode.c.h; path = HistoryTVC.h; sourceTree = "<group>"; };
		00ACFF441871D29F008CDF3B /* HistoryTVC.m */ = {isa = PBXFileReference; fileEncoding = 4; lastKnownFileType = sourcecode.c.objc; path = HistoryTVC.m; sourceTree = "<group>"; };
		00ACFF461871D2BF008CDF3B /* CustomTVC.h */ = {isa = PBXFileReference; fileEncoding = 4; lastKnownFileType = sourcecode.c.h; path = CustomTVC.h; sourceTree = "<group>"; };
		00ACFF471871D2BF008CDF3B /* CustomTVC.m */ = {isa = PBXFileReference; fileEncoding = 4; lastKnownFileType = sourcecode.c.objc; path = CustomTVC.m; sourceTree = "<group>"; };
		00B6695E187B01D50076D1CE /* SettingViewController.h */ = {isa = PBXFileReference; fileEncoding = 4; lastKnownFileType = sourcecode.c.h; path = SettingViewController.h; sourceTree = "<group>"; };
		00B6695F187B01D50076D1CE /* SettingViewController.m */ = {isa = PBXFileReference; fileEncoding = 4; lastKnownFileType = sourcecode.c.objc; path = SettingViewController.m; sourceTree = "<group>"; };
		00B66960187B01D50076D1CE /* SettingViewController.xib */ = {isa = PBXFileReference; fileEncoding = 4; lastKnownFileType = file.xib; path = SettingViewController.xib; sourceTree = "<group>"; };
		00B8A7E6187E4A4E000AB75D /* OnlineLibrary.h */ = {isa = PBXFileReference; fileEncoding = 4; lastKnownFileType = sourcecode.c.h; path = OnlineLibrary.h; sourceTree = "<group>"; };
		00B8A7E7187E4A4E000AB75D /* OnlineLibrary.m */ = {isa = PBXFileReference; fileEncoding = 4; lastKnownFileType = sourcecode.c.objc; path = OnlineLibrary.m; sourceTree = "<group>"; };
		00B8A7E9187E4BF3000AB75D /* Favorites.h */ = {isa = PBXFileReference; fileEncoding = 4; lastKnownFileType = sourcecode.c.h; path = Favorites.h; sourceTree = "<group>"; };
		00B8A7EA187E4BF3000AB75D /* Favorites.m */ = {isa = PBXFileReference; fileEncoding = 4; lastKnownFileType = sourcecode.c.objc; path = Favorites.m; sourceTree = "<group>"; };
		00B8A7EC187E4E77000AB75D /* History.h */ = {isa = PBXFileReference; fileEncoding = 4; lastKnownFileType = sourcecode.c.h; path = History.h; sourceTree = "<group>"; };
		00B8A7ED187E4E77000AB75D /* History.m */ = {isa = PBXFileReference; fileEncoding = 4; lastKnownFileType = sourcecode.c.objc; path = History.m; sourceTree = "<group>"; };
		00B8A7EF187E4FD3000AB75D /* Custom.h */ = {isa = PBXFileReference; fileEncoding = 4; lastKnownFileType = sourcecode.c.h; path = Custom.h; sourceTree = "<group>"; };
		00B8A7F0187E4FD3000AB75D /* Custom.m */ = {isa = PBXFileReference; fileEncoding = 4; lastKnownFileType = sourcecode.c.objc; path = Custom.m; sourceTree = "<group>"; };
		00B8A7F2187E507A000AB75D /* Search.h */ = {isa = PBXFileReference; fileEncoding = 4; lastKnownFileType = sourcecode.c.h; path = Search.h; sourceTree = "<group>"; };
		00B8A7F3187E507A000AB75D /* Search.m */ = {isa = PBXFileReference; fileEncoding = 4; lastKnownFileType = sourcecode.c.objc; path = Search.m; sourceTree = "<group>"; };
		00B8A7F5187E510D000AB75D /* Library.h */ = {isa = PBXFileReference; fileEncoding = 4; lastKnownFileType = sourcecode.c.h; path = Library.h; sourceTree = "<group>"; };
		00B8A7F6187E510D000AB75D /* Library.m */ = {isa = PBXFileReference; fileEncoding = 4; lastKnownFileType = sourcecode.c.objc; path = Library.m; sourceTree = "<group>"; };
		00B8A7F8187E51A8000AB75D /* AnimationPause.h */ = {isa = PBXFileReference; fileEncoding = 4; lastKnownFileType = sourcecode.c.h; path = AnimationPause.h; sourceTree = "<group>"; };
		00B8A7F9187E51A8000AB75D /* AnimationPause.m */ = {isa = PBXFileReference; fileEncoding = 4; lastKnownFileType = sourcecode.c.objc; path = AnimationPause.m; sourceTree = "<group>"; };
		00B8A7FC187E5344000AB75D /* Setting.h */ = {isa = PBXFileReference; fileEncoding = 4; lastKnownFileType = sourcecode.c.h; path = Setting.h; sourceTree = "<group>"; };
		00B8A7FD187E5344000AB75D /* Setting.m */ = {isa = PBXFileReference; fileEncoding = 4; lastKnownFileType = sourcecode.c.objc; path = Setting.m; sourceTree = "<group>"; };
		00B8A7FF187E53A2000AB75D /* Diy.h */ = {isa = PBXFileReference; fileEncoding = 4; lastKnownFileType = sourcecode.c.h; path = Diy.h; sourceTree = "<group>"; };
		00B8A800187E53A2000AB75D /* Diy.m */ = {isa = PBXFileReference; fileEncoding = 4; lastKnownFileType = sourcecode.c.objc; path = Diy.m; sourceTree = "<group>"; };
		00B8A802187E5509000AB75D /* About.h */ = {isa = PBXFileReference; fileEncoding = 4; lastKnownFileType = sourcecode.c.h; path = About.h; sourceTree = "<group>"; };
		00B8A803187E5509000AB75D /* About.m */ = {isa = PBXFileReference; fileEncoding = 4; lastKnownFileType = sourcecode.c.objc; path = About.m; sourceTree = "<group>"; };
		00E50DCC18727C12003BE168 /* pbook.png */ = {isa = PBXFileReference; lastKnownFileType = image.png; path = pbook.png; sourceTree = "<group>"; };
		00E50DCD18727C12003BE168 /* pbook@2x.png */ = {isa = PBXFileReference; lastKnownFileType = image.png; path = "pbook@2x.png"; sourceTree = "<group>"; };
		00E50DCE18727C12003BE168 /* pbook2.png */ = {isa = PBXFileReference; lastKnownFileType = image.png; path = pbook2.png; sourceTree = "<group>"; };
		00E50DCF18727C12003BE168 /* pbook2@2x.png */ = {isa = PBXFileReference; lastKnownFileType = image.png; path = "pbook2@2x.png"; sourceTree = "<group>"; };
		00E50DD018727C12003BE168 /* pclock.png */ = {isa = PBXFileReference; lastKnownFileType = image.png; path = pclock.png; sourceTree = "<group>"; };
		00E50DD118727C12003BE168 /* pclock@2x.png */ = {isa = PBXFileReference; lastKnownFileType = image.png; path = "pclock@2x.png"; sourceTree = "<group>"; };
		00E50DD218727C12003BE168 /* pclock2.png */ = {isa = PBXFileReference; lastKnownFileType = image.png; path = pclock2.png; sourceTree = "<group>"; };
		00E50DD318727C12003BE168 /* pclock2@2x.png */ = {isa = PBXFileReference; lastKnownFileType = image.png; path = "pclock2@2x.png"; sourceTree = "<group>"; };
		00E50DD418727C12003BE168 /* pcould.png */ = {isa = PBXFileReference; lastKnownFileType = image.png; path = pcould.png; sourceTree = "<group>"; };
		00E50DD518727C12003BE168 /* pcould@2x.png */ = {isa = PBXFileReference; lastKnownFileType = image.png; path = "pcould@2x.png"; sourceTree = "<group>"; };
		00E50DD618727C12003BE168 /* pcould2.png */ = {isa = PBXFileReference; lastKnownFileType = image.png; path = pcould2.png; sourceTree = "<group>"; };
		00E50DD718727C12003BE168 /* pcould2@2x.png */ = {isa = PBXFileReference; lastKnownFileType = image.png; path = "pcould2@2x.png"; sourceTree = "<group>"; };
		00E50DD818727C12003BE168 /* psetting.png */ = {isa = PBXFileReference; lastKnownFileType = image.png; path = psetting.png; sourceTree = "<group>"; };
		00E50DD918727C12003BE168 /* psetting@2x.png */ = {isa = PBXFileReference; lastKnownFileType = image.png; path = "psetting@2x.png"; sourceTree = "<group>"; };
		00E50DDA18727C12003BE168 /* psetting2.png */ = {isa = PBXFileReference; lastKnownFileType = image.png; path = psetting2.png; sourceTree = "<group>"; };
		00E50DDB18727C12003BE168 /* psetting2@2x.png */ = {isa = PBXFileReference; lastKnownFileType = image.png; path = "psetting2@2x.png"; sourceTree = "<group>"; };
		00E50DDC18727C12003BE168 /* pwri.png */ = {isa = PBXFileReference; lastKnownFileType = image.png; path = pwri.png; sourceTree = "<group>"; };
		00E50DDD18727C12003BE168 /* pwri@2x.png */ = {isa = PBXFileReference; lastKnownFileType = image.png; path = "pwri@2x.png"; sourceTree = "<group>"; };
		00E50DF018728061003BE168 /* LibraryTVC.h */ = {isa = PBXFileReference; fileEncoding = 4; lastKnownFileType = sourcecode.c.h; path = LibraryTVC.h; sourceTree = "<group>"; };
		00E50DF118728061003BE168 /* LibraryTVC.m */ = {isa = PBXFileReference; fileEncoding = 4; lastKnownFileType = sourcecode.c.objc; path = LibraryTVC.m; sourceTree = "<group>"; };
		00E50DF318728109003BE168 /* AboutViewController.h */ = {isa = PBXFileReference; fileEncoding = 4; lastKnownFileType = sourcecode.c.h; path = AboutViewController.h; sourceTree = "<group>"; };
		00E50DF418728109003BE168 /* AboutViewController.m */ = {isa = PBXFileReference; fileEncoding = 4; lastKnownFileType = sourcecode.c.objc; path = AboutViewController.m; sourceTree = "<group>"; };
		00E50DF6187281A8003BE168 /* info2.png */ = {isa = PBXFileReference; lastKnownFileType = image.png; path = info2.png; sourceTree = "<group>"; };
		00E50DF7187281A8003BE168 /* info2@2x.png */ = {isa = PBXFileReference; lastKnownFileType = image.png; path = "info2@2x.png"; sourceTree = "<group>"; };
		00E50DF8187281A8003BE168 /* pinfo.png */ = {isa = PBXFileReference; lastKnownFileType = image.png; path = pinfo.png; sourceTree = "<group>"; };
		00E50DF9187281A8003BE168 /* pinfo@2x.png */ = {isa = PBXFileReference; lastKnownFileType = image.png; path = "pinfo@2x.png"; sourceTree = "<group>"; };
		00E50DFA187281A8003BE168 /* pweb.png */ = {isa = PBXFileReference; lastKnownFileType = image.png; path = pweb.png; sourceTree = "<group>"; };
		00E50DFB187281A8003BE168 /* pweb@2x.png */ = {isa = PBXFileReference; lastKnownFileType = image.png; path = "pweb@2x.png"; sourceTree = "<group>"; };
		00E6E795187B94FE00F1F60A /* Shake_01.png */ = {isa = PBXFileReference; lastKnownFileType = image.png; path = Shake_01.png; sourceTree = "<group>"; };
		00E6E796187B94FE00F1F60A /* Shake_01@2x.png */ = {isa = PBXFileReference; lastKnownFileType = image.png; path = "Shake_01@2x.png"; sourceTree = "<group>"; };
		00E6E797187B94FE00F1F60A /* Shake_02.png */ = {isa = PBXFileReference; lastKnownFileType = image.png; path = Shake_02.png; sourceTree = "<group>"; };
		00E6E798187B94FE00F1F60A /* Shake_02@2x.png */ = {isa = PBXFileReference; lastKnownFileType = image.png; path = "Shake_02@2x.png"; sourceTree = "<group>"; };
		00E6E799187B94FE00F1F60A /* 更新背景2.png */ = {isa = PBXFileReference; lastKnownFileType = image.png; path = "更新背景2.png"; sourceTree = "<group>"; };
		00E6E79A187B94FE00F1F60A /* 更新背景2@2x.png */ = {isa = PBXFileReference; lastKnownFileType = image.png; path = "更新背景2@2x.png"; sourceTree = "<group>"; };
		00E6E7A3187B953400F1F60A /* AnimationPauseViewController.h */ = {isa = PBXFileReference; fileEncoding = 4; lastKnownFileType = sourcecode.c.h; path = AnimationPauseViewController.h; sourceTree = "<group>"; };
		00E6E7A4187B953400F1F60A /* AnimationPauseViewController.m */ = {isa = PBXFileReference; fileEncoding = 4; lastKnownFileType = sourcecode.c.objc; path = AnimationPauseViewController.m; sourceTree = "<group>"; };
		00E6E7A5187B953400F1F60A /* AnimationPauseViewController.xib */ = {isa = PBXFileReference; fileEncoding = 4; lastKnownFileType = file.xib; path = AnimationPauseViewController.xib; sourceTree = "<group>"; };
		00E6E7A8187BA41E00F1F60A /* XAboutViewController.h */ = {isa = PBXFileReference; fileEncoding = 4; lastKnownFileType = sourcecode.c.h; path = XAboutViewController.h; sourceTree = "<group>"; };
		00E6E7A9187BA41E00F1F60A /* XAboutViewController.m */ = {isa = PBXFileReference; fileEncoding = 4; lastKnownFileType = sourcecode.c.objc; path = XAboutViewController.m; sourceTree = "<group>"; };
		00E6E7AA187BA41E00F1F60A /* XAboutViewController.xib */ = {isa = PBXFileReference; fileEncoding = 4; lastKnownFileType = file.xib; path = XAboutViewController.xib; sourceTree = "<group>"; };
		00E6E7BF187BD19400F1F60A /* libz.dylib */ = {isa = PBXFileReference; lastKnownFileType = "compiled.mach-o.dylib"; name = libz.dylib; path = usr/lib/libz.dylib; sourceTree = SDKROOT; };
		00E6E7C1187C4BBC00F1F60A /* zh-Hans */ = {isa = PBXFileReference; lastKnownFileType = text.plist.strings; name = "zh-Hans"; path = "zh-Hans.lproj/InfoPlist.strings"; sourceTree = "<group>"; };
		00E6E7C2187C4BBC00F1F60A /* zh-Hans */ = {isa = PBXFileReference; lastKnownFileType = text.plist.strings; name = "zh-Hans"; path = "zh-Hans.lproj/InfoPlist.strings"; sourceTree = "<group>"; };
		00E6E7C9187C4C8A00F1F60A /* zh-Hans */ = {isa = PBXFileReference; lastKnownFileType = text.plist.strings; name = "zh-Hans"; path = "zh-Hans.lproj/Localizable.strings"; sourceTree = "<group>"; };
		00E6E7CB187C649500F1F60A /* zh-Hant */ = {isa = PBXFileReference; lastKnownFileType = text.plist.strings; name = "zh-Hant"; path = "zh-Hant.lproj/Localizable.strings"; sourceTree = "<group>"; };
		00E6E7CC187C64B300F1F60A /* zh-Hant */ = {isa = PBXFileReference; lastKnownFileType = text.plist.strings; name = "zh-Hant"; path = "zh-Hant.lproj/InfoPlist.strings"; sourceTree = "<group>"; };
		621659AC1879184C00770D3D /* S.h */ = {isa = PBXFileReference; fileEncoding = 4; lastKnownFileType = sourcecode.c.h; path = S.h; sourceTree = "<group>"; };
		621659AD1879184C00770D3D /* S.m */ = {isa = PBXFileReference; fileEncoding = 4; lastKnownFileType = sourcecode.c.objc; path = S.m; sourceTree = "<group>"; };
		621659E61879A3F400770D3D /* Keyboard_Blank.png */ = {isa = PBXFileReference; lastKnownFileType = image.png; path = Keyboard_Blank.png; sourceTree = "<group>"; };
		621659E71879A3F400770D3D /* Keyboard_Blank@2x.png */ = {isa = PBXFileReference; lastKnownFileType = image.png; path = "Keyboard_Blank@2x.png"; sourceTree = "<group>"; };
		621659E81879A3F400770D3D /* Keyboard_Shift.png */ = {isa = PBXFileReference; lastKnownFileType = image.png; path = Keyboard_Shift.png; sourceTree = "<group>"; };
		621659E91879A3F400770D3D /* Keyboard_Shift@2x.png */ = {isa = PBXFileReference; lastKnownFileType = image.png; path = "Keyboard_Shift@2x.png"; sourceTree = "<group>"; };
		621659EA1879A3F400770D3D /* PKCustomKeyboard.h */ = {isa = PBXFileReference; fileEncoding = 4; lastKnownFileType = sourcecode.c.h; path = PKCustomKeyboard.h; sourceTree = "<group>"; };
		621659EB1879A3F400770D3D /* PKCustomKeyboard.m */ = {isa = PBXFileReference; fileEncoding = 4; lastKnownFileType = sourcecode.c.objc; path = PKCustomKeyboard.m; sourceTree = "<group>"; };
		621659EC1879A3F400770D3D /* PKCustomKeyboard.xib */ = {isa = PBXFileReference; fileEncoding = 4; lastKnownFileType = file.xib; path = PKCustomKeyboard.xib; sourceTree = "<group>"; };
		621659EF1879A3F400770D3D /* delete.png */ = {isa = PBXFileReference; lastKnownFileType = image.png; path = delete.png; sourceTree = "<group>"; };
		621659F01879A3F400770D3D /* delete@2x.png */ = {isa = PBXFileReference; lastKnownFileType = image.png; path = "delete@2x.png"; sourceTree = "<group>"; };
		621659F11879A3F400770D3D /* glow.png */ = {isa = PBXFileReference; lastKnownFileType = image.png; path = glow.png; sourceTree = "<group>"; };
		621659F21879A3F400770D3D /* iOS_Keyboard.png */ = {isa = PBXFileReference; lastKnownFileType = image.png; path = iOS_Keyboard.png; sourceTree = "<group>"; };
		621659F31879A3F400770D3D /* iOS_Keyboard@2x.png */ = {isa = PBXFileReference; lastKnownFileType = image.png; path = "iOS_Keyboard@2x.png"; sourceTree = "<group>"; };
		621659F41879A3F400770D3D /* return.png */ = {isa = PBXFileReference; lastKnownFileType = image.png; path = return.png; sourceTree = "<group>"; };
		621659F51879A3F400770D3D /* return@2x.png */ = {isa = PBXFileReference; lastKnownFileType = image.png; path = "return@2x.png"; sourceTree = "<group>"; };
		621659F61879A3F400770D3D /* PMCustomKeyboard.h */ = {isa = PBXFileReference; fileEncoding = 4; lastKnownFileType = sourcecode.c.h; path = PMCustomKeyboard.h; sourceTree = "<group>"; };
		621659F71879A3F400770D3D /* PMCustomKeyboard.m */ = {isa = PBXFileReference; fileEncoding = 4; lastKnownFileType = sourcecode.c.objc; path = PMCustomKeyboard.m; sourceTree = "<group>"; };
		621659F81879A3F400770D3D /* PMCustomKeyboard.xib */ = {isa = PBXFileReference; fileEncoding = 4; lastKnownFileType = file.xib; path = PMCustomKeyboard.xib; sourceTree = "<group>"; };
		623EE1461877F3B1008FCD42 /* BackgroundImg.h */ = {isa = PBXFileReference; fileEncoding = 4; lastKnownFileType = sourcecode.c.h; path = BackgroundImg.h; sourceTree = "<group>"; };
		623EE1471877F3B1008FCD42 /* BackgroundImg.m */ = {isa = PBXFileReference; fileEncoding = 4; lastKnownFileType = sourcecode.c.objc; path = BackgroundImg.m; sourceTree = "<group>"; };
		623EE1491878151F008FCD42 /* psz0.jpg */ = {isa = PBXFileReference; lastKnownFileType = image.jpeg; path = psz0.jpg; sourceTree = "<group>"; };
		623EE14A1878151F008FCD42 /* psz1.jpg */ = {isa = PBXFileReference; lastKnownFileType = image.jpeg; path = psz1.jpg; sourceTree = "<group>"; };
		624B9CC118813A0400093264 /* 语言包模板.txt */ = {isa = PBXFileReference; fileEncoding = 4; lastKnownFileType = text; path = "语言包模板.txt"; sourceTree = "<group>"; };
		626480B81877AEE900A3484C /* OnlineLibraryCell.h */ = {isa = PBXFileReference; fileEncoding = 4; lastKnownFileType = sourcecode.c.h; path = OnlineLibraryCell.h; sourceTree = "<group>"; };
		626480B91877AEE900A3484C /* OnlineLibraryCell.m */ = {isa = PBXFileReference; fileEncoding = 4; lastKnownFileType = sourcecode.c.objc; path = OnlineLibraryCell.m; sourceTree = "<group>"; };
		626480BC1877C44800A3484C /* DIYViewController.h */ = {isa = PBXFileReference; fileEncoding = 4; lastKnownFileType = sourcecode.c.h; path = DIYViewController.h; sourceTree = "<group>"; };
		626480BD1877C44800A3484C /* DIYViewController.m */ = {isa = PBXFileReference; fileEncoding = 4; lastKnownFileType = sourcecode.c.objc; path = DIYViewController.m; sourceTree = "<group>"; };
		62ABCC18187FFF3400843752 /* libMobClickLibrary_armv6.a */ = {isa = PBXFileReference; lastKnownFileType = archive.ar; path = libMobClickLibrary_armv6.a; sourceTree = "<group>"; };
		62ABCC19187FFF3400843752 /* libMobClickLibrary.a */ = {isa = PBXFileReference; lastKnownFileType = archive.ar; path = libMobClickLibrary.a; sourceTree = "<group>"; };
		62ABCC1A187FFF3400843752 /* MobClick.h */ = {isa = PBXFileReference; fileEncoding = 4; lastKnownFileType = sourcecode.c.h; path = MobClick.h; sourceTree = "<group>"; };
		62ABCC1D18800CAA00843752 /* Default~ipad.png */ = {isa = PBXFileReference; lastKnownFileType = image.png; name = "Default~ipad.png"; path = "cloudemoji_iOS/img/Default~ipad.png"; sourceTree = "<group>"; };
		62ABCC2118800D4A00843752 /* Default.png */ = {isa = PBXFileReference; lastKnownFileType = image.png; path = Default.png; sourceTree = "<group>"; };
		62ABCC2218800DBC00843752 /* Default~ipad.png */ = {isa = PBXFileReference; lastKnownFileType = image.png; path = "Default~ipad.png"; sourceTree = "<group>"; };
		62ABCC2318800DFF00843752 /* Default-Landscape~ipad.png */ = {isa = PBXFileReference; lastKnownFileType = image.png; path = "Default-Landscape~ipad.png"; sourceTree = "<group>"; };
		62ABCC2418800E4500843752 /* Default-Landscape@2x~ipad.png */ = {isa = PBXFileReference; lastKnownFileType = image.png; path = "Default-Landscape@2x~ipad.png"; sourceTree = "<group>"; };
		62ABCC2518800E9F00843752 /* 768x1024.png */ = {isa = PBXFileReference; lastKnownFileType = image.png; path = 768x1024.png; sourceTree = "<group>"; };
		62ABCC2618800EBB00843752 /* 1536x2048.png */ = {isa = PBXFileReference; lastKnownFileType = image.png; path = 1536x2048.png; sourceTree = "<group>"; };
		62ABCC2718800EEC00843752 /* 1024x768.png */ = {isa = PBXFileReference; lastKnownFileType = image.png; path = 1024x768.png; sourceTree = "<group>"; };
		62ABCC2818800F0900843752 /* 2048x1536.png */ = {isa = PBXFileReference; lastKnownFileType = image.png; path = 2048x1536.png; sourceTree = "<group>"; };
		62ABCC2918800F2D00843752 /* Default-568h@2x.png */ = {isa = PBXFileReference; lastKnownFileType = image.png; path = "Default-568h@2x.png"; sourceTree = "<group>"; };
		62ABCC2B18800F8100843752 /* ic_launcher-29.png */ = {isa = PBXFileReference; lastKnownFileType = image.png; path = "ic_launcher-29.png"; sourceTree = "<group>"; };
		62ABCC2C18800F9800843752 /* ic_launcher-58.png */ = {isa = PBXFileReference; lastKnownFileType = image.png; path = "ic_launcher-58.png"; sourceTree = "<group>"; };
		62ABCC2D18800FB100843752 /* ic_launcher-80.png */ = {isa = PBXFileReference; lastKnownFileType = image.png; path = "ic_launcher-80.png"; sourceTree = "<group>"; };
		62ABCC2E18800FED00843752 /* ic_launcher-50.png */ = {isa = PBXFileReference; lastKnownFileType = image.png; path = "ic_launcher-50.png"; sourceTree = "<group>"; };
		62ABCC2F1880102700843752 /* ic_launcher-100.png */ = {isa = PBXFileReference; lastKnownFileType = image.png; path = "ic_launcher-100.png"; sourceTree = "<group>"; };
		62ABCC301880103600843752 /* ic_launcher-40.png */ = {isa = PBXFileReference; lastKnownFileType = image.png; path = "ic_launcher-40.png"; sourceTree = "<group>"; };
		62ABCC31188010B900843752 /* ic_launcher-57.png */ = {isa = PBXFileReference; lastKnownFileType = image.png; path = "ic_launcher-57.png"; sourceTree = "<group>"; };
		62ABCC32188010C800843752 /* ic_launcher-114.png */ = {isa = PBXFileReference; lastKnownFileType = image.png; path = "ic_launcher-114.png"; sourceTree = "<group>"; };
		62ABCC33188010D700843752 /* ic_launcher-120.png */ = {isa = PBXFileReference; lastKnownFileType = image.png; path = "ic_launcher-120.png"; sourceTree = "<group>"; };
		62ABCC34188010E700843752 /* ic_launcher-72.png */ = {isa = PBXFileReference; lastKnownFileType = image.png; path = "ic_launcher-72.png"; sourceTree = "<group>"; };
		62ABCC351880110500843752 /* 144x144.png */ = {isa = PBXFileReference; lastKnownFileType = image.png; path = 144x144.png; sourceTree = "<group>"; };
		62ABCC361880111400843752 /* ic_launcher-76.png */ = {isa = PBXFileReference; lastKnownFileType = image.png; path = "ic_launcher-76.png"; sourceTree = "<group>"; };
		62ABCC371880112300843752 /* ic_launcher-152.png */ = {isa = PBXFileReference; lastKnownFileType = image.png; path = "ic_launcher-152.png"; sourceTree = "<group>"; };
/* End PBXFileReference section */

/* Begin PBXFrameworksBuildPhase section */
		00ACFE6418719649008CDF3B /* Frameworks */ = {
			isa = PBXFrameworksBuildPhase;
			buildActionMask = 2147483647;
			files = (
				00E6E7C0187BD19400F1F60A /* libz.dylib in Frameworks */,
				00ACFE6D18719649008CDF3B /* CoreGraphics.framework in Frameworks */,
				00ACFE6F18719649008CDF3B /* UIKit.framework in Frameworks */,
				62ABCC1C187FFF3400843752 /* libMobClickLibrary.a in Frameworks */,
				00ACFE6B18719649008CDF3B /* Foundation.framework in Frameworks */,
				62ABCC1B187FFF3400843752 /* libMobClickLibrary_armv6.a in Frameworks */,
			);
			runOnlyForDeploymentPostprocessing = 0;
		};
		00ACFE7F18719649008CDF3B /* Frameworks */ = {
			isa = PBXFrameworksBuildPhase;
			buildActionMask = 2147483647;
			files = (
				00ACFE8418719649008CDF3B /* XCTest.framework in Frameworks */,
				00ACFE8618719649008CDF3B /* UIKit.framework in Frameworks */,
				00ACFE8518719649008CDF3B /* Foundation.framework in Frameworks */,
			);
			runOnlyForDeploymentPostprocessing = 0;
		};
/* End PBXFrameworksBuildPhase section */

/* Begin PBXGroup section */
		0025F0E21874109800ABC753 /* 云颜文字 */ = {
			isa = PBXGroup;
			children = (
				0025F0E61874141A00ABC753 /* OnlineLibraryTVC.h */,
				0025F0E71874141A00ABC753 /* OnlineLibraryTVC.m */,
				0025F0E3187410EF00ABC753 /* TypeMenuView.h */,
				0025F0E4187410EF00ABC753 /* TypeMenuView.m */,
				00B8A7E6187E4A4E000AB75D /* OnlineLibrary.h */,
				00B8A7E7187E4A4E000AB75D /* OnlineLibrary.m */,
			);
			name = "云颜文字";
			sourceTree = "<group>";
		};
		003B845F187D40090049F1CD /* Toast */ = {
			isa = PBXGroup;
			children = (
				003B8460187D40090049F1CD /* Toast+UIView.h */,
				003B8461187D40090049F1CD /* Toast+UIView.m */,
			);
			path = Toast;
			sourceTree = "<group>";
		};
		0059FAEB187436680021BE91 /* 网络数据 */ = {
			isa = PBXGroup;
			children = (
				00ACFF3618719D30008CDF3B /* RefreshView.h */,
				00ACFF3718719D30008CDF3B /* RefreshView.m */,
				0084108A18758C9800806872 /* MD5.h */,
				0084108B18758C9800806872 /* MD5.m */,
				0059FAE8187436630021BE91 /* NetWork.h */,
				0059FAE9187436630021BE91 /* NetWork.m */,
				0059FAE5187436460021BE91 /* XMLReader.h */,
				0059FAE6187436460021BE91 /* XMLReader.m */,
			);
			name = "网络数据";
			sourceTree = "<group>";
		};
		0059FAEC1874399A0021BE91 /* 源管理 */ = {
			isa = PBXGroup;
			children = (
				00E50DF018728061003BE168 /* LibraryTVC.h */,
				00E50DF118728061003BE168 /* LibraryTVC.m */,
				0059FAED187439C30021BE91 /* LibraryCell.h */,
				0059FAEE187439C30021BE91 /* LibraryCell.m */,
				00B8A7F5187E510D000AB75D /* Library.h */,
				00B8A7F6187E510D000AB75D /* Library.m */,
			);
			name = "源管理";
			sourceTree = "<group>";
		};
		00ACFE5E18719649008CDF3B = {
			isa = PBXGroup;
			children = (
				005DFD6E187D108A00B64055 /* notebook.txt */,
				624B9CC118813A0400093264 /* 语言包模板.txt */,
				62ABCC381880145700843752 /* appicon */,
				00ACFE7018719649008CDF3B /* cloudemoji_iOS */,
				00ACFE8918719649008CDF3B /* cloudemoji_iOSTests */,
				00ACFE6918719649008CDF3B /* Frameworks */,
				00ACFE6818719649008CDF3B /* Products */,
			);
			sourceTree = "<group>";
		};
		00ACFE6818719649008CDF3B /* Products */ = {
			isa = PBXGroup;
			children = (
				00ACFE6718719649008CDF3B /* cloudemoji_iOS.app */,
				00ACFE8218719649008CDF3B /* cloudemoji_iOSTests.xctest */,
			);
			name = Products;
			sourceTree = "<group>";
		};
		00ACFE6918719649008CDF3B /* Frameworks */ = {
			isa = PBXGroup;
			children = (
				00E6E7BF187BD19400F1F60A /* libz.dylib */,
				004E16C318751A1000DF3AB3 /* libxml2.2.dylib */,
				00ACFE6A18719649008CDF3B /* Foundation.framework */,
				00ACFE6C18719649008CDF3B /* CoreGraphics.framework */,
				00ACFE6E18719649008CDF3B /* UIKit.framework */,
				00ACFE8318719649008CDF3B /* XCTest.framework */,
			);
			name = Frameworks;
			sourceTree = "<group>";
		};
		00ACFE7018719649008CDF3B /* cloudemoji_iOS */ = {
			isa = PBXGroup;
			children = (
				003B845F187D40090049F1CD /* Toast */,
<<<<<<< HEAD
=======
				005DFD6E187D108A00B64055 /* notebook.txt */,
>>>>>>> 5346dca86d533a9407ddcf67093a65c8b9bb44cb
				00E6E7C7187C4C6400F1F60A /* 多国语言 */,
				00E6E7B9187BD16800F1F60A /* 统计 */,
				00E6E7A2187B952800F1F60A /* 摇一摇 */,
				00ACFF24187199DC008CDF3B /* img */,
				626480BB1877C42400A3484C /* 设置 */,
				00B8A7FB187E532D000AB75D /* 个性化 */,
				0059FAEB187436680021BE91 /* 网络数据 */,
				62A047401876D980009B5B6E /* 程序入口 */,
				0059FAEC1874399A0021BE91 /* 源管理 */,
				621659E31879820F00770D3D /* 数据视图 */,
				0025F0E21874109800ABC753 /* 云颜文字 */,
				62A047411876D9C9009B5B6E /* 收藏夹 */,
				62A047421876D9D5009B5B6E /* 历史记录 */,
				62A047431876D9DF009B5B6E /* 自定义 */,
				62A047441876D9E7009B5B6E /* 关于 */,
				62A047451876D9F4009B5B6E /* 搜索 */,
				00ACFE7118719649008CDF3B /* Supporting Files */,
				005DFD70187D1B0E00B64055 /* Settings.bundle */,
			);
			path = cloudemoji_iOS;
			sourceTree = "<group>";
		};
		00ACFE7118719649008CDF3B /* Supporting Files */ = {
			isa = PBXGroup;
			children = (
				00ACFE7218719649008CDF3B /* cloudemoji_iOS-Info.plist */,
				00ACFE7318719649008CDF3B /* InfoPlist.strings */,
				00ACFE7618719649008CDF3B /* main.m */,
				00ACFE7818719649008CDF3B /* cloudemoji_iOS-Prefix.pch */,
			);
			name = "Supporting Files";
			sourceTree = "<group>";
		};
		00ACFE8918719649008CDF3B /* cloudemoji_iOSTests */ = {
			isa = PBXGroup;
			children = (
				00ACFE8F18719649008CDF3B /* cloudemoji_iOSTests.m */,
				00ACFE8A18719649008CDF3B /* Supporting Files */,
			);
			path = cloudemoji_iOSTests;
			sourceTree = "<group>";
		};
		00ACFE8A18719649008CDF3B /* Supporting Files */ = {
			isa = PBXGroup;
			children = (
				00ACFE8B18719649008CDF3B /* cloudemoji_iOSTests-Info.plist */,
				00ACFE8C18719649008CDF3B /* InfoPlist.strings */,
			);
			name = "Supporting Files";
			sourceTree = "<group>";
		};
		00ACFF24187199DC008CDF3B /* img */ = {
			isa = PBXGroup;
			children = (
				0082CFB8187D4EAC001E4B39 /* 640x960.png */,
				0082CFB9187D4EAC001E4B39 /* 640x1136.png */,
				0082CFB6187D4DFA001E4B39 /* 768x1024.png */,
				0082CFB4187D4DD5001E4B39 /* 1024x768.png */,
				0082CFB0187D4DA1001E4B39 /* 1536x2048.png */,
				0082CFB1187D4DA1001E4B39 /* 2048x1536.png */,
				00E6E793187B94E700F1F60A /* AnimationPauseViewController */,
				0051CC62187B071400D498BA /* psun2.png */,
				0051CC63187B071400D498BA /* psun@2x.png */,
				0051CC64187B071400D498BA /* psun2@2x.png */,
				0051CC65187B071400D498BA /* psun.png */,
				623EE1491878151F008FCD42 /* psz0.jpg */,
				623EE14A1878151F008FCD42 /* psz1.jpg */,
				0025F0DA18740F3800ABC753 /* pkey@2x.png */,
				0025F0DB18740F3800ABC753 /* pre.png */,
				0025F0DC18740F3800ABC753 /* pre@2x.png */,
				0025F0DD18740F3800ABC753 /* psent@2x.png */,
				0025F0B618740DC900ABC753 /* pdel.png */,
				0025F0B718740DC900ABC753 /* pdel@2x.png */,
				0025F0B818740DC900ABC753 /* pdel2.png */,
				0025F0B918740DC900ABC753 /* pdel2@2x.png */,
				0025F0BA18740DC900ABC753 /* pkey.png */,
				0025F0BB18740DC900ABC753 /* pkey2.png */,
				0025F0BC18740DC900ABC753 /* pkey2@2x.png */,
				0025F0BD18740DC900ABC753 /* pok.png */,
				0025F0BE18740DC900ABC753 /* pok@2x.png */,
				0025F0BF18740DC900ABC753 /* pok2.png */,
				0025F0C018740DC900ABC753 /* pok2@2x.png */,
				0025F0C118740DC900ABC753 /* psearch.png */,
				0025F0C218740DC900ABC753 /* psearch@2x.png */,
				0025F0C318740DC900ABC753 /* psent.png */,
				0025F0C418740DC900ABC753 /* pstar.png */,
				0025F0C518740DC900ABC753 /* pstar@2x.png */,
				0025F0C618740DC900ABC753 /* pstar2.png */,
				0025F0C718740DC900ABC753 /* pstar2@2x.png */,
				00E50DCC18727C12003BE168 /* pbook.png */,
				00E50DCD18727C12003BE168 /* pbook@2x.png */,
				00E50DCE18727C12003BE168 /* pbook2.png */,
				00E50DCF18727C12003BE168 /* pbook2@2x.png */,
				00E50DD018727C12003BE168 /* pclock.png */,
				00E50DD118727C12003BE168 /* pclock@2x.png */,
				00E50DD218727C12003BE168 /* pclock2.png */,
				00E50DD318727C12003BE168 /* pclock2@2x.png */,
				00E50DD418727C12003BE168 /* pcould.png */,
				00E50DD518727C12003BE168 /* pcould@2x.png */,
				00E50DD618727C12003BE168 /* pcould2.png */,
				00E50DD718727C12003BE168 /* pcould2@2x.png */,
				00E50DD818727C12003BE168 /* psetting.png */,
				00E50DD918727C12003BE168 /* psetting@2x.png */,
				00E50DDA18727C12003BE168 /* psetting2.png */,
				00E50DDB18727C12003BE168 /* psetting2@2x.png */,
				00E50DDC18727C12003BE168 /* pwri.png */,
				00E50DDD18727C12003BE168 /* pwri@2x.png */,
				00E50DF6187281A8003BE168 /* info2.png */,
				00E50DF7187281A8003BE168 /* info2@2x.png */,
				00E50DF8187281A8003BE168 /* pinfo.png */,
				00E50DF9187281A8003BE168 /* pinfo@2x.png */,
				00E50DFA187281A8003BE168 /* pweb.png */,
				00E50DFB187281A8003BE168 /* pweb@2x.png */,
			);
			path = img;
			sourceTree = "<group>";
		};
		00B8A7FB187E532D000AB75D /* 个性化 */ = {
			isa = PBXGroup;
			children = (
				626480BC1877C44800A3484C /* DIYViewController.h */,
				626480BD1877C44800A3484C /* DIYViewController.m */,
				623EE1461877F3B1008FCD42 /* BackgroundImg.h */,
				623EE1471877F3B1008FCD42 /* BackgroundImg.m */,
				00B8A7FF187E53A2000AB75D /* Diy.h */,
				00B8A800187E53A2000AB75D /* Diy.m */,
			);
			name = "个性化";
			sourceTree = "<group>";
		};
		00E6E793187B94E700F1F60A /* AnimationPauseViewController */ = {
			isa = PBXGroup;
			children = (
				00E6E795187B94FE00F1F60A /* Shake_01.png */,
				00E6E796187B94FE00F1F60A /* Shake_01@2x.png */,
				00E6E797187B94FE00F1F60A /* Shake_02.png */,
				00E6E798187B94FE00F1F60A /* Shake_02@2x.png */,
				00E6E799187B94FE00F1F60A /* 更新背景2.png */,
				00E6E79A187B94FE00F1F60A /* 更新背景2@2x.png */,
			);
			name = AnimationPauseViewController;
			sourceTree = "<group>";
		};
		00E6E7A2187B952800F1F60A /* 摇一摇 */ = {
			isa = PBXGroup;
			children = (
				00E6E7A3187B953400F1F60A /* AnimationPauseViewController.h */,
				00E6E7A4187B953400F1F60A /* AnimationPauseViewController.m */,
				00E6E7A5187B953400F1F60A /* AnimationPauseViewController.xib */,
				00B8A7F8187E51A8000AB75D /* AnimationPause.h */,
				00B8A7F9187E51A8000AB75D /* AnimationPause.m */,
			);
			name = "摇一摇";
			sourceTree = "<group>";
		};
		00E6E7B9187BD16800F1F60A /* 统计 */ = {
			isa = PBXGroup;
			children = (
				62ABCC18187FFF3400843752 /* libMobClickLibrary_armv6.a */,
				62ABCC19187FFF3400843752 /* libMobClickLibrary.a */,
				62ABCC1A187FFF3400843752 /* MobClick.h */,
			);
			name = "统计";
			sourceTree = "<group>";
		};
		00E6E7C7187C4C6400F1F60A /* 多国语言 */ = {
			isa = PBXGroup;
			children = (
				00E6E7CA187C4C8A00F1F60A /* Localizable.strings */,
			);
			name = "多国语言";
			sourceTree = "<group>";
		};
		621659E31879820F00770D3D /* 数据视图 */ = {
			isa = PBXGroup;
			children = (
				626480B81877AEE900A3484C /* OnlineLibraryCell.h */,
				626480B91877AEE900A3484C /* OnlineLibraryCell.m */,
			);
			name = "数据视图";
			sourceTree = "<group>";
		};
		621659E41879A3F400770D3D /* iPad */ = {
			isa = PBXGroup;
			children = (
				621659E51879A3F400770D3D /* Images */,
				621659EA1879A3F400770D3D /* PKCustomKeyboard.h */,
				621659EB1879A3F400770D3D /* PKCustomKeyboard.m */,
				621659EC1879A3F400770D3D /* PKCustomKeyboard.xib */,
			);
			path = iPad;
			sourceTree = "<group>";
		};
		621659E51879A3F400770D3D /* Images */ = {
			isa = PBXGroup;
			children = (
				621659E61879A3F400770D3D /* Keyboard_Blank.png */,
				621659E71879A3F400770D3D /* Keyboard_Blank@2x.png */,
				621659E81879A3F400770D3D /* Keyboard_Shift.png */,
				621659E91879A3F400770D3D /* Keyboard_Shift@2x.png */,
			);
			path = Images;
			sourceTree = "<group>";
		};
		621659ED1879A3F400770D3D /* iPhone:iPod */ = {
			isa = PBXGroup;
			children = (
				621659EE1879A3F400770D3D /* Images */,
				621659F61879A3F400770D3D /* PMCustomKeyboard.h */,
				621659F71879A3F400770D3D /* PMCustomKeyboard.m */,
				621659F81879A3F400770D3D /* PMCustomKeyboard.xib */,
			);
			path = "iPhone:iPod";
			sourceTree = "<group>";
		};
		621659EE1879A3F400770D3D /* Images */ = {
			isa = PBXGroup;
			children = (
				621659EF1879A3F400770D3D /* delete.png */,
				621659F01879A3F400770D3D /* delete@2x.png */,
				621659F11879A3F400770D3D /* glow.png */,
				621659F21879A3F400770D3D /* iOS_Keyboard.png */,
				621659F31879A3F400770D3D /* iOS_Keyboard@2x.png */,
				621659F41879A3F400770D3D /* return.png */,
				621659F51879A3F400770D3D /* return@2x.png */,
			);
			path = Images;
			sourceTree = "<group>";
		};
		626480BB1877C42400A3484C /* 设置 */ = {
			isa = PBXGroup;
			children = (
				00B6695E187B01D50076D1CE /* SettingViewController.h */,
				00B6695F187B01D50076D1CE /* SettingViewController.m */,
				00B66960187B01D50076D1CE /* SettingViewController.xib */,
				00B8A7FC187E5344000AB75D /* Setting.h */,
				00B8A7FD187E5344000AB75D /* Setting.m */,
			);
			name = "设置";
			sourceTree = "<group>";
		};
		62A047401876D980009B5B6E /* 程序入口 */ = {
			isa = PBXGroup;
			children = (
				00ACFE7918719649008CDF3B /* AppDelegate.h */,
				00ACFE7A18719649008CDF3B /* AppDelegate.m */,
				00ACFF3318719C3C008CDF3B /* MainViewController.h */,
				00ACFF3418719C3C008CDF3B /* MainViewController.m */,
				621659AC1879184C00770D3D /* S.h */,
				621659AD1879184C00770D3D /* S.m */,
			);
			name = "程序入口";
			sourceTree = "<group>";
		};
		62A047411876D9C9009B5B6E /* 收藏夹 */ = {
			isa = PBXGroup;
			children = (
				00ACFF401871D285008CDF3B /* FavoritesTVC.h */,
				00ACFF411871D285008CDF3B /* FavoritesTVC.m */,
				00B8A7E9187E4BF3000AB75D /* Favorites.h */,
				00B8A7EA187E4BF3000AB75D /* Favorites.m */,
			);
			name = "收藏夹";
			sourceTree = "<group>";
		};
		62A047421876D9D5009B5B6E /* 历史记录 */ = {
			isa = PBXGroup;
			children = (
				00ACFF431871D29F008CDF3B /* HistoryTVC.h */,
				00ACFF441871D29F008CDF3B /* HistoryTVC.m */,
				00B8A7EC187E4E77000AB75D /* History.h */,
				00B8A7ED187E4E77000AB75D /* History.m */,
			);
			name = "历史记录";
			sourceTree = "<group>";
		};
		62A047431876D9DF009B5B6E /* 自定义 */ = {
			isa = PBXGroup;
			children = (
				621659E41879A3F400770D3D /* iPad */,
				621659ED1879A3F400770D3D /* iPhone:iPod */,
				00ACFF461871D2BF008CDF3B /* CustomTVC.h */,
				00ACFF471871D2BF008CDF3B /* CustomTVC.m */,
				0097FB4A187A9BA60034843E /* EditViewController.h */,
				0097FB4B187A9BA60034843E /* EditViewController.m */,
				00B8A7EF187E4FD3000AB75D /* Custom.h */,
				00B8A7F0187E4FD3000AB75D /* Custom.m */,
			);
			name = "自定义";
			sourceTree = "<group>";
		};
		62A047441876D9E7009B5B6E /* 关于 */ = {
			isa = PBXGroup;
			children = (
				00E50DF318728109003BE168 /* AboutViewController.h */,
				00E50DF418728109003BE168 /* AboutViewController.m */,
				00E6E7A8187BA41E00F1F60A /* XAboutViewController.h */,
				00E6E7A9187BA41E00F1F60A /* XAboutViewController.m */,
				00E6E7AA187BA41E00F1F60A /* XAboutViewController.xib */,
				00B8A802187E5509000AB75D /* About.h */,
				00B8A803187E5509000AB75D /* About.m */,
			);
			name = "关于";
			sourceTree = "<group>";
		};
		62A047451876D9F4009B5B6E /* 搜索 */ = {
			isa = PBXGroup;
			children = (
				0025F0B318740DB400ABC753 /* SearchTVC.h */,
				0025F0B418740DB400ABC753 /* SearchTVC.m */,
				00B8A7F2187E507A000AB75D /* Search.h */,
				00B8A7F3187E507A000AB75D /* Search.m */,
			);
			name = "搜索";
			sourceTree = "<group>";
		};
		62ABCC381880145700843752 /* appicon */ = {
			isa = PBXGroup;
			children = (
				62ABCC371880112300843752 /* ic_launcher-152.png */,
				62ABCC361880111400843752 /* ic_launcher-76.png */,
				62ABCC351880110500843752 /* 144x144.png */,
				62ABCC34188010E700843752 /* ic_launcher-72.png */,
				62ABCC33188010D700843752 /* ic_launcher-120.png */,
				62ABCC32188010C800843752 /* ic_launcher-114.png */,
				62ABCC31188010B900843752 /* ic_launcher-57.png */,
				62ABCC301880103600843752 /* ic_launcher-40.png */,
				62ABCC2F1880102700843752 /* ic_launcher-100.png */,
				62ABCC2E18800FED00843752 /* ic_launcher-50.png */,
				62ABCC2D18800FB100843752 /* ic_launcher-80.png */,
				62ABCC2C18800F9800843752 /* ic_launcher-58.png */,
				62ABCC2B18800F8100843752 /* ic_launcher-29.png */,
				62ABCC2918800F2D00843752 /* Default-568h@2x.png */,
				62ABCC2818800F0900843752 /* 2048x1536.png */,
				62ABCC2718800EEC00843752 /* 1024x768.png */,
				62ABCC2618800EBB00843752 /* 1536x2048.png */,
				62ABCC2518800E9F00843752 /* 768x1024.png */,
				62ABCC2418800E4500843752 /* Default-Landscape@2x~ipad.png */,
				62ABCC2318800DFF00843752 /* Default-Landscape~ipad.png */,
				62ABCC2218800DBC00843752 /* Default~ipad.png */,
				62ABCC2118800D4A00843752 /* Default.png */,
				62ABCC1D18800CAA00843752 /* Default~ipad.png */,
				0082CFB8187D4EAC001E4B39 /* Default.png */,
				0082CFB9187D4EAC001E4B39 /* Default~iphone.png */,
			);
			name = appicon;
			sourceTree = "<group>";
		};
/* End PBXGroup section */

/* Begin PBXNativeTarget section */
		00ACFE6618719649008CDF3B /* cloudemoji_iOS */ = {
			isa = PBXNativeTarget;
			buildConfigurationList = 00ACFE9318719649008CDF3B /* Build configuration list for PBXNativeTarget "cloudemoji_iOS" */;
			buildPhases = (
				00ACFE6318719649008CDF3B /* Sources */,
				00ACFE6418719649008CDF3B /* Frameworks */,
				00ACFE6518719649008CDF3B /* Resources */,
			);
			buildRules = (
			);
			dependencies = (
			);
			name = cloudemoji_iOS;
			productName = cloudemoji_iOS;
			productReference = 00ACFE6718719649008CDF3B /* cloudemoji_iOS.app */;
			productType = "com.apple.product-type.application";
		};
		00ACFE8118719649008CDF3B /* cloudemoji_iOSTests */ = {
			isa = PBXNativeTarget;
			buildConfigurationList = 00ACFE9618719649008CDF3B /* Build configuration list for PBXNativeTarget "cloudemoji_iOSTests" */;
			buildPhases = (
				00ACFE7E18719649008CDF3B /* Sources */,
				00ACFE7F18719649008CDF3B /* Frameworks */,
				00ACFE8018719649008CDF3B /* Resources */,
			);
			buildRules = (
			);
			dependencies = (
				00ACFE8818719649008CDF3B /* PBXTargetDependency */,
			);
			name = cloudemoji_iOSTests;
			productName = cloudemoji_iOSTests;
			productReference = 00ACFE8218719649008CDF3B /* cloudemoji_iOSTests.xctest */;
			productType = "com.apple.product-type.bundle.unit-test";
		};
/* End PBXNativeTarget section */

/* Begin PBXProject section */
		00ACFE5F18719649008CDF3B /* Project object */ = {
			isa = PBXProject;
			attributes = {
				LastUpgradeCheck = 0500;
				ORGANIZATIONNAME = Yashi;
				TargetAttributes = {
					00ACFE8118719649008CDF3B = {
						TestTargetID = 00ACFE6618719649008CDF3B;
					};
				};
			};
			buildConfigurationList = 00ACFE6218719649008CDF3B /* Build configuration list for PBXProject "cloudemoji_iOS" */;
			compatibilityVersion = "Xcode 3.2";
			developmentRegion = English;
			hasScannedForEncodings = 0;
			knownRegions = (
				en,
				"zh-Hans",
				"zh-Hant",
			);
			mainGroup = 00ACFE5E18719649008CDF3B;
			productRefGroup = 00ACFE6818719649008CDF3B /* Products */;
			projectDirPath = "";
			projectRoot = "";
			targets = (
				00ACFE6618719649008CDF3B /* cloudemoji_iOS */,
				00ACFE8118719649008CDF3B /* cloudemoji_iOSTests */,
			);
		};
/* End PBXProject section */

/* Begin PBXResourcesBuildPhase section */
		00ACFE6518719649008CDF3B /* Resources */ = {
			isa = PBXResourcesBuildPhase;
			buildActionMask = 2147483647;
			files = (
				621659FC1879A3F400770D3D /* Keyboard_Shift@2x.png in Resources */,
				0025F0CF18740DC900ABC753 /* pok.png in Resources */,
				0025F0D418740DC900ABC753 /* psearch@2x.png in Resources */,
				00B66962187B01D50076D1CE /* SettingViewController.xib in Resources */,
<<<<<<< HEAD
				0082CFBB187D4EAC001E4B39 /* Default~iphone.png in Resources */,
=======
				0082CFBB187D4EAC001E4B39 /* 640x1136.png in Resources */,
				0082CFB5187D4DD5001E4B39 /* 1024x768.png in Resources */,
				0082CFB7187D4DFA001E4B39 /* 768x1024.png in Resources */,
>>>>>>> 5346dca86d533a9407ddcf67093a65c8b9bb44cb
				00E50DEC18727C12003BE168 /* psetting2.png in Resources */,
				0025F0DE18740F3800ABC753 /* pkey@2x.png in Resources */,
				623EE14B1878151F008FCD42 /* psz0.jpg in Resources */,
				0051CC68187B071400D498BA /* psun2@2x.png in Resources */,
				00E6E79E187B94FE00F1F60A /* Shake_02.png in Resources */,
				00E50DE418727C12003BE168 /* pclock2.png in Resources */,
				00ACFE7518719649008CDF3B /* InfoPlist.strings in Resources */,
				0025F0E018740F3800ABC753 /* pre@2x.png in Resources */,
				00E6E79C187B94FE00F1F60A /* Shake_01.png in Resources */,
				005DFD6F187D108A00B64055 /* notebook.txt in Resources */,
				00E50DE718727C12003BE168 /* pcould@2x.png in Resources */,
				62165A031879A3F400770D3D /* iOS_Keyboard@2x.png in Resources */,
				0025F0D618740DC900ABC753 /* pstar.png in Resources */,
				0051CC67187B071400D498BA /* psun@2x.png in Resources */,
				00E6E79D187B94FE00F1F60A /* Shake_01@2x.png in Resources */,
				62165A001879A3F400770D3D /* delete@2x.png in Resources */,
				00E50DE818727C12003BE168 /* pcould2.png in Resources */,
				0025F0D318740DC900ABC753 /* psearch.png in Resources */,
<<<<<<< HEAD
				624B9CC218813A0400093264 /* 语言包模板.txt in Resources */,
				0082CFBA187D4EAC001E4B39 /* Default.png in Resources */,
=======
				0082CFBA187D4EAC001E4B39 /* 640x960.png in Resources */,
>>>>>>> 5346dca86d533a9407ddcf67093a65c8b9bb44cb
				00E50DE518727C12003BE168 /* pclock2@2x.png in Resources */,
				62ABCC2A18800F2E00843752 /* Default-568h@2x.png in Resources */,
				0025F0D218740DC900ABC753 /* pok2@2x.png in Resources */,
				0025F0CB18740DC900ABC753 /* pdel2@2x.png in Resources */,
				0051CC69187B071400D498BA /* psun.png in Resources */,
				00E50DEF18727C12003BE168 /* pwri@2x.png in Resources */,
				0025F0D118740DC900ABC753 /* pok2.png in Resources */,
				00E50DFD187281A8003BE168 /* info2@2x.png in Resources */,
				0025F0D818740DC900ABC753 /* pstar2.png in Resources */,
				00E50DE318727C12003BE168 /* pclock@2x.png in Resources */,
				00E6E7A0187B94FE00F1F60A /* 更新背景2.png in Resources */,
				0025F0D018740DC900ABC753 /* pok@2x.png in Resources */,
				00E50DFF187281A8003BE168 /* pinfo@2x.png in Resources */,
				0025F0CE18740DC900ABC753 /* pkey2@2x.png in Resources */,
				621659FB1879A3F400770D3D /* Keyboard_Shift.png in Resources */,
				0025F0CA18740DC900ABC753 /* pdel2.png in Resources */,
<<<<<<< HEAD
=======
				0082CFB2187D4DA1001E4B39 /* 1536x2048.png in Resources */,
>>>>>>> 5346dca86d533a9407ddcf67093a65c8b9bb44cb
				005DFD71187D1B0E00B64055 /* Settings.bundle in Resources */,
				00E6E7A1187B94FE00F1F60A /* 更新背景2@2x.png in Resources */,
				62165A011879A3F400770D3D /* glow.png in Resources */,
				0025F0D718740DC900ABC753 /* pstar@2x.png in Resources */,
				0025F0D918740DC900ABC753 /* pstar2@2x.png in Resources */,
				621659FE1879A3F400770D3D /* PKCustomKeyboard.xib in Resources */,
				621659FA1879A3F400770D3D /* Keyboard_Blank@2x.png in Resources */,
				00E50DE118727C12003BE168 /* pbook2@2x.png in Resources */,
				621659F91879A3F400770D3D /* Keyboard_Blank.png in Resources */,
				00E6E7AC187BA41E00F1F60A /* XAboutViewController.xib in Resources */,
				00E50DE018727C12003BE168 /* pbook2.png in Resources */,
				00E6E7C8187C4C8A00F1F60A /* Localizable.strings in Resources */,
				0082CFB3187D4DA1001E4B39 /* 2048x1536.png in Resources */,
				62165A071879A3F400770D3D /* PMCustomKeyboard.xib in Resources */,
				62165A051879A3F400770D3D /* return@2x.png in Resources */,
				0025F0C918740DC900ABC753 /* pdel@2x.png in Resources */,
				00E50DE618727C12003BE168 /* pcould.png in Resources */,
				0025F0D518740DC900ABC753 /* psent.png in Resources */,
				0025F0E118740F3800ABC753 /* psent@2x.png in Resources */,
				00E50DE918727C12003BE168 /* pcould2@2x.png in Resources */,
				62165A041879A3F400770D3D /* return.png in Resources */,
				0025F0C818740DC900ABC753 /* pdel.png in Resources */,
				00E50DED18727C12003BE168 /* psetting2@2x.png in Resources */,
				00E50E00187281A8003BE168 /* pweb.png in Resources */,
				0025F0DF18740F3800ABC753 /* pre.png in Resources */,
				00E6E79F187B94FE00F1F60A /* Shake_02@2x.png in Resources */,
				00E50DE218727C12003BE168 /* pclock.png in Resources */,
				00E50DEB18727C12003BE168 /* psetting@2x.png in Resources */,
				623EE14C1878151F008FCD42 /* psz1.jpg in Resources */,
				00E50DDF18727C12003BE168 /* pbook@2x.png in Resources */,
				00E50E01187281A8003BE168 /* pweb@2x.png in Resources */,
				00E50DFE187281A8003BE168 /* pinfo.png in Resources */,
				00E50DEA18727C12003BE168 /* psetting.png in Resources */,
				00E50DFC187281A8003BE168 /* info2.png in Resources */,
				00E6E7A7187B953400F1F60A /* AnimationPauseViewController.xib in Resources */,
				621659FF1879A3F400770D3D /* delete.png in Resources */,
				0025F0CC18740DC900ABC753 /* pkey.png in Resources */,
				00E50DEE18727C12003BE168 /* pwri.png in Resources */,
				62ABCC1E18800CAA00843752 /* Default~ipad.png in Resources */,
				62165A021879A3F400770D3D /* iOS_Keyboard.png in Resources */,
				00E50DDE18727C12003BE168 /* pbook.png in Resources */,
				0025F0CD18740DC900ABC753 /* pkey2.png in Resources */,
				0051CC66187B071400D498BA /* psun2.png in Resources */,
			);
			runOnlyForDeploymentPostprocessing = 0;
		};
		00ACFE8018719649008CDF3B /* Resources */ = {
			isa = PBXResourcesBuildPhase;
			buildActionMask = 2147483647;
			files = (
				00ACFE8E18719649008CDF3B /* InfoPlist.strings in Resources */,
			);
			runOnlyForDeploymentPostprocessing = 0;
		};
/* End PBXResourcesBuildPhase section */

/* Begin PBXSourcesBuildPhase section */
		00ACFE6318719649008CDF3B /* Sources */ = {
			isa = PBXSourcesBuildPhase;
			buildActionMask = 2147483647;
			files = (
				62165A061879A3F400770D3D /* PMCustomKeyboard.m in Sources */,
				00B66961187B01D50076D1CE /* SettingViewController.m in Sources */,
				00ACFF421871D285008CDF3B /* FavoritesTVC.m in Sources */,
				0059FAEF187439C30021BE91 /* LibraryCell.m in Sources */,
				00E50DF218728061003BE168 /* LibraryTVC.m in Sources */,
				00B8A7F1187E4FD3000AB75D /* Custom.m in Sources */,
				0025F0E81874141A00ABC753 /* OnlineLibraryTVC.m in Sources */,
				00ACFE7B18719649008CDF3B /* AppDelegate.m in Sources */,
				621659FD1879A3F400770D3D /* PKCustomKeyboard.m in Sources */,
				00B8A7EE187E4E77000AB75D /* History.m in Sources */,
				003B8462187D40090049F1CD /* Toast+UIView.m in Sources */,
				00ACFF3518719C3C008CDF3B /* MainViewController.m in Sources */,
				0084108C18758C9800806872 /* MD5.m in Sources */,
				00ACFF451871D29F008CDF3B /* HistoryTVC.m in Sources */,
				621659AE1879184C00770D3D /* S.m in Sources */,
				623EE1481877F3B1008FCD42 /* BackgroundImg.m in Sources */,
				626480BA1877AEE900A3484C /* OnlineLibraryCell.m in Sources */,
				00ACFF3818719D30008CDF3B /* RefreshView.m in Sources */,
				00B8A801187E53A2000AB75D /* Diy.m in Sources */,
				00B8A7E8187E4A4E000AB75D /* OnlineLibrary.m in Sources */,
				00E6E7A6187B953400F1F60A /* AnimationPauseViewController.m in Sources */,
				00ACFF481871D2BF008CDF3B /* CustomTVC.m in Sources */,
				626480BE1877C44800A3484C /* DIYViewController.m in Sources */,
				00B8A804187E5509000AB75D /* About.m in Sources */,
				00E6E7AB187BA41E00F1F60A /* XAboutViewController.m in Sources */,
				0059FAE7187436460021BE91 /* XMLReader.m in Sources */,
				0025F0B518740DB400ABC753 /* SearchTVC.m in Sources */,
				00B8A7F4187E507A000AB75D /* Search.m in Sources */,
				0097FB4C187A9BA60034843E /* EditViewController.m in Sources */,
				00ACFE7718719649008CDF3B /* main.m in Sources */,
				00B8A7FE187E5344000AB75D /* Setting.m in Sources */,
				00E50DF518728109003BE168 /* AboutViewController.m in Sources */,
				0059FAEA187436630021BE91 /* NetWork.m in Sources */,
				00B8A7F7187E510D000AB75D /* Library.m in Sources */,
				00B8A7EB187E4BF3000AB75D /* Favorites.m in Sources */,
				0025F0E5187410EF00ABC753 /* TypeMenuView.m in Sources */,
				00B8A7FA187E51A8000AB75D /* AnimationPause.m in Sources */,
			);
			runOnlyForDeploymentPostprocessing = 0;
		};
		00ACFE7E18719649008CDF3B /* Sources */ = {
			isa = PBXSourcesBuildPhase;
			buildActionMask = 2147483647;
			files = (
				00ACFE9018719649008CDF3B /* cloudemoji_iOSTests.m in Sources */,
			);
			runOnlyForDeploymentPostprocessing = 0;
		};
/* End PBXSourcesBuildPhase section */

/* Begin PBXTargetDependency section */
		00ACFE8818719649008CDF3B /* PBXTargetDependency */ = {
			isa = PBXTargetDependency;
			target = 00ACFE6618719649008CDF3B /* cloudemoji_iOS */;
			targetProxy = 00ACFE8718719649008CDF3B /* PBXContainerItemProxy */;
		};
/* End PBXTargetDependency section */

/* Begin PBXVariantGroup section */
		00ACFE7318719649008CDF3B /* InfoPlist.strings */ = {
			isa = PBXVariantGroup;
			children = (
				00E6E7C1187C4BBC00F1F60A /* zh-Hans */,
				00E6E7CC187C64B300F1F60A /* zh-Hant */,
				003B845E187D2FD10049F1CD /* en */,
			);
			name = InfoPlist.strings;
			sourceTree = "<group>";
		};
		00ACFE8C18719649008CDF3B /* InfoPlist.strings */ = {
			isa = PBXVariantGroup;
			children = (
				00E6E7C2187C4BBC00F1F60A /* zh-Hans */,
			);
			name = InfoPlist.strings;
			sourceTree = "<group>";
		};
		00E6E7CA187C4C8A00F1F60A /* Localizable.strings */ = {
			isa = PBXVariantGroup;
			children = (
				00E6E7C9187C4C8A00F1F60A /* zh-Hans */,
				00E6E7CB187C649500F1F60A /* zh-Hant */,
				003B845D187D2EA80049F1CD /* en */,
			);
			name = Localizable.strings;
			sourceTree = "<group>";
		};
/* End PBXVariantGroup section */

/* Begin XCBuildConfiguration section */
		00ACFE9118719649008CDF3B /* Debug */ = {
			isa = XCBuildConfiguration;
			buildSettings = {
				ALWAYS_SEARCH_USER_PATHS = NO;
				ARCHS = "$(ARCHS_STANDARD_INCLUDING_64_BIT)";
				CLANG_CXX_LANGUAGE_STANDARD = "gnu++0x";
				CLANG_CXX_LIBRARY = "libc++";
				CLANG_ENABLE_MODULES = YES;
				CLANG_ENABLE_OBJC_ARC = YES;
				CLANG_WARN_BOOL_CONVERSION = YES;
				CLANG_WARN_CONSTANT_CONVERSION = YES;
				CLANG_WARN_DIRECT_OBJC_ISA_USAGE = YES_ERROR;
				CLANG_WARN_EMPTY_BODY = YES;
				CLANG_WARN_ENUM_CONVERSION = YES;
				CLANG_WARN_INT_CONVERSION = YES;
				CLANG_WARN_OBJC_ROOT_CLASS = YES_ERROR;
				CLANG_WARN__DUPLICATE_METHOD_MATCH = YES;
				"CODE_SIGN_IDENTITY[sdk=iphoneos*]" = "iPhone Developer";
				COPY_PHASE_STRIP = NO;
				GCC_C_LANGUAGE_STANDARD = gnu99;
				GCC_DYNAMIC_NO_PIC = NO;
				GCC_OPTIMIZATION_LEVEL = 0;
				GCC_PREPROCESSOR_DEFINITIONS = (
					"DEBUG=1",
					"$(inherited)",
				);
				GCC_SYMBOLS_PRIVATE_EXTERN = NO;
				GCC_WARN_64_TO_32_BIT_CONVERSION = YES;
				GCC_WARN_ABOUT_RETURN_TYPE = YES_ERROR;
				GCC_WARN_UNDECLARED_SELECTOR = YES;
				GCC_WARN_UNINITIALIZED_AUTOS = YES;
				GCC_WARN_UNUSED_FUNCTION = YES;
				GCC_WARN_UNUSED_VARIABLE = YES;
				IPHONEOS_DEPLOYMENT_TARGET = 7.0;
				ONLY_ACTIVE_ARCH = YES;
				SDKROOT = iphoneos;
				TARGETED_DEVICE_FAMILY = "1,2";
			};
			name = Debug;
		};
		00ACFE9218719649008CDF3B /* Release */ = {
			isa = XCBuildConfiguration;
			buildSettings = {
				ALWAYS_SEARCH_USER_PATHS = NO;
				ARCHS = "$(ARCHS_STANDARD_INCLUDING_64_BIT)";
				CLANG_CXX_LANGUAGE_STANDARD = "gnu++0x";
				CLANG_CXX_LIBRARY = "libc++";
				CLANG_ENABLE_MODULES = YES;
				CLANG_ENABLE_OBJC_ARC = YES;
				CLANG_WARN_BOOL_CONVERSION = YES;
				CLANG_WARN_CONSTANT_CONVERSION = YES;
				CLANG_WARN_DIRECT_OBJC_ISA_USAGE = YES_ERROR;
				CLANG_WARN_EMPTY_BODY = YES;
				CLANG_WARN_ENUM_CONVERSION = YES;
				CLANG_WARN_INT_CONVERSION = YES;
				CLANG_WARN_OBJC_ROOT_CLASS = YES_ERROR;
				CLANG_WARN__DUPLICATE_METHOD_MATCH = YES;
				"CODE_SIGN_IDENTITY[sdk=iphoneos*]" = "iPhone Developer";
				COPY_PHASE_STRIP = YES;
				ENABLE_NS_ASSERTIONS = NO;
				GCC_C_LANGUAGE_STANDARD = gnu99;
				GCC_WARN_64_TO_32_BIT_CONVERSION = YES;
				GCC_WARN_ABOUT_RETURN_TYPE = YES_ERROR;
				GCC_WARN_UNDECLARED_SELECTOR = YES;
				GCC_WARN_UNINITIALIZED_AUTOS = YES;
				GCC_WARN_UNUSED_FUNCTION = YES;
				GCC_WARN_UNUSED_VARIABLE = YES;
				IPHONEOS_DEPLOYMENT_TARGET = 7.0;
				SDKROOT = iphoneos;
				TARGETED_DEVICE_FAMILY = "1,2";
				VALIDATE_PRODUCT = YES;
			};
			name = Release;
		};
		00ACFE9418719649008CDF3B /* Debug */ = {
			isa = XCBuildConfiguration;
			buildSettings = {
				GCC_PRECOMPILE_PREFIX_HEADER = YES;
				GCC_PREFIX_HEADER = "cloudemoji_iOS/cloudemoji_iOS-Prefix.pch";
				INFOPLIST_FILE = "cloudemoji_iOS/cloudemoji_iOS-Info.plist";
				IPHONEOS_DEPLOYMENT_TARGET = 6.0;
				LIBRARY_SEARCH_PATHS = (
					"$(inherited)",
					/Users/xiaoxiao/Desktop/SelfSync/cloudemoji_apple/cloudemoji_iOS/cloudemoji_iOS,
					/Users/0wew0/Desktop/cloudemoji_apple/cloudemoji_iOS/cloudemoji_iOS,
				);
				PRODUCT_NAME = "$(TARGET_NAME)";
				WRAPPER_EXTENSION = app;
			};
			name = Debug;
		};
		00ACFE9518719649008CDF3B /* Release */ = {
			isa = XCBuildConfiguration;
			buildSettings = {
				GCC_PRECOMPILE_PREFIX_HEADER = YES;
				GCC_PREFIX_HEADER = "cloudemoji_iOS/cloudemoji_iOS-Prefix.pch";
				INFOPLIST_FILE = "cloudemoji_iOS/cloudemoji_iOS-Info.plist";
				IPHONEOS_DEPLOYMENT_TARGET = 6.0;
				LIBRARY_SEARCH_PATHS = (
					"$(inherited)",
					/Users/xiaoxiao/Desktop/SelfSync/cloudemoji_apple/cloudemoji_iOS/cloudemoji_iOS,
					/Users/0wew0/Desktop/cloudemoji_apple/cloudemoji_iOS/cloudemoji_iOS,
				);
				PRODUCT_NAME = "$(TARGET_NAME)";
				WRAPPER_EXTENSION = app;
			};
			name = Release;
		};
		00ACFE9718719649008CDF3B /* Debug */ = {
			isa = XCBuildConfiguration;
			buildSettings = {
				ARCHS = "$(ARCHS_STANDARD_INCLUDING_64_BIT)";
				BUNDLE_LOADER = "$(BUILT_PRODUCTS_DIR)/cloudemoji_iOS.app/cloudemoji_iOS";
				FRAMEWORK_SEARCH_PATHS = (
					"$(SDKROOT)/Developer/Library/Frameworks",
					"$(inherited)",
					"$(DEVELOPER_FRAMEWORKS_DIR)",
				);
				GCC_PRECOMPILE_PREFIX_HEADER = YES;
				GCC_PREFIX_HEADER = "cloudemoji_iOS/cloudemoji_iOS-Prefix.pch";
				GCC_PREPROCESSOR_DEFINITIONS = (
					"DEBUG=1",
					"$(inherited)",
				);
				INFOPLIST_FILE = "cloudemoji_iOSTests/cloudemoji_iOSTests-Info.plist";
				PRODUCT_NAME = "$(TARGET_NAME)";
				TEST_HOST = "$(BUNDLE_LOADER)";
				WRAPPER_EXTENSION = xctest;
			};
			name = Debug;
		};
		00ACFE9818719649008CDF3B /* Release */ = {
			isa = XCBuildConfiguration;
			buildSettings = {
				ARCHS = "$(ARCHS_STANDARD_INCLUDING_64_BIT)";
				BUNDLE_LOADER = "$(BUILT_PRODUCTS_DIR)/cloudemoji_iOS.app/cloudemoji_iOS";
				FRAMEWORK_SEARCH_PATHS = (
					"$(SDKROOT)/Developer/Library/Frameworks",
					"$(inherited)",
					"$(DEVELOPER_FRAMEWORKS_DIR)",
				);
				GCC_PRECOMPILE_PREFIX_HEADER = YES;
				GCC_PREFIX_HEADER = "cloudemoji_iOS/cloudemoji_iOS-Prefix.pch";
				INFOPLIST_FILE = "cloudemoji_iOSTests/cloudemoji_iOSTests-Info.plist";
				PRODUCT_NAME = "$(TARGET_NAME)";
				TEST_HOST = "$(BUNDLE_LOADER)";
				WRAPPER_EXTENSION = xctest;
			};
			name = Release;
		};
/* End XCBuildConfiguration section */

/* Begin XCConfigurationList section */
		00ACFE6218719649008CDF3B /* Build configuration list for PBXProject "cloudemoji_iOS" */ = {
			isa = XCConfigurationList;
			buildConfigurations = (
				00ACFE9118719649008CDF3B /* Debug */,
				00ACFE9218719649008CDF3B /* Release */,
			);
			defaultConfigurationIsVisible = 0;
			defaultConfigurationName = Release;
		};
		00ACFE9318719649008CDF3B /* Build configuration list for PBXNativeTarget "cloudemoji_iOS" */ = {
			isa = XCConfigurationList;
			buildConfigurations = (
				00ACFE9418719649008CDF3B /* Debug */,
				00ACFE9518719649008CDF3B /* Release */,
			);
			defaultConfigurationIsVisible = 0;
			defaultConfigurationName = Release;
		};
		00ACFE9618719649008CDF3B /* Build configuration list for PBXNativeTarget "cloudemoji_iOSTests" */ = {
			isa = XCConfigurationList;
			buildConfigurations = (
				00ACFE9718719649008CDF3B /* Debug */,
				00ACFE9818719649008CDF3B /* Release */,
			);
			defaultConfigurationIsVisible = 0;
			defaultConfigurationName = Release;
		};
/* End XCConfigurationList section */
	};
	rootObject = 00ACFE5F18719649008CDF3B /* Project object */;
}
