// !$*UTF8*$!
{
	archiveVersion = 1;
	classes = {
	};
	objectVersion = 46;
	objects = {

/* Begin PBXBuildFile section */
		0025F0B518740DB400ABC753 /* SearchTVC.m in Sources */ = {isa = PBXBuildFile; fileRef = 0025F0B418740DB400ABC753 /* SearchTVC.m */; };
		0025F0C818740DC900ABC753 /* pdel.png in Resources */ = {isa = PBXBuildFile; fileRef = 0025F0B618740DC900ABC753 /* pdel.png */; };
		0025F0C918740DC900ABC753 /* pdel@2x.png in Resources */ = {isa = PBXBuildFile; fileRef = 0025F0B718740DC900ABC753 /* pdel@2x.png */; };
		0025F0CA18740DC900ABC753 /* pdel2.png in Resources */ = {isa = PBXBuildFile; fileRef = 0025F0B818740DC900ABC753 /* pdel2.png */; };
		0025F0CB18740DC900ABC753 /* pdel2@2x.png in Resources */ = {isa = PBXBuildFile; fileRef = 0025F0B918740DC900ABC753 /* pdel2@2x.png */; };
		0025F0CC18740DC900ABC753 /* pkey.png in Resources */ = {isa = PBXBuildFile; fileRef = 0025F0BA18740DC900ABC753 /* pkey.png */; };
		0025F0CD18740DC900ABC753 /* pkey2.png in Resources */ = {isa = PBXBuildFile; fileRef = 0025F0BB18740DC900ABC753 /* pkey2.png */; };
		0025F0CE18740DC900ABC753 /* pkey2@2x.png in Resources */ = {isa = PBXBuildFile; fileRef = 0025F0BC18740DC900ABC753 /* pkey2@2x.png */; };
		0025F0CF18740DC900ABC753 /* pok.png in Resources */ = {isa = PBXBuildFile; fileRef = 0025F0BD18740DC900ABC753 /* pok.png */; };
		0025F0D018740DC900ABC753 /* pok@2x.png in Resources */ = {isa = PBXBuildFile; fileRef = 0025F0BE18740DC900ABC753 /* pok@2x.png */; };
		0025F0D118740DC900ABC753 /* pok2.png in Resources */ = {isa = PBXBuildFile; fileRef = 0025F0BF18740DC900ABC753 /* pok2.png */; };
		0025F0D218740DC900ABC753 /* pok2@2x.png in Resources */ = {isa = PBXBuildFile; fileRef = 0025F0C018740DC900ABC753 /* pok2@2x.png */; };
		0025F0D318740DC900ABC753 /* psearch.png in Resources */ = {isa = PBXBuildFile; fileRef = 0025F0C118740DC900ABC753 /* psearch.png */; };
		0025F0D418740DC900ABC753 /* psearch@2x.png in Resources */ = {isa = PBXBuildFile; fileRef = 0025F0C218740DC900ABC753 /* psearch@2x.png */; };
		0025F0D518740DC900ABC753 /* psent.png in Resources */ = {isa = PBXBuildFile; fileRef = 0025F0C318740DC900ABC753 /* psent.png */; };
		0025F0D618740DC900ABC753 /* pstar.png in Resources */ = {isa = PBXBuildFile; fileRef = 0025F0C418740DC900ABC753 /* pstar.png */; };
		0025F0D718740DC900ABC753 /* pstar@2x.png in Resources */ = {isa = PBXBuildFile; fileRef = 0025F0C518740DC900ABC753 /* pstar@2x.png */; };
		0025F0D818740DC900ABC753 /* pstar2.png in Resources */ = {isa = PBXBuildFile; fileRef = 0025F0C618740DC900ABC753 /* pstar2.png */; };
		0025F0D918740DC900ABC753 /* pstar2@2x.png in Resources */ = {isa = PBXBuildFile; fileRef = 0025F0C718740DC900ABC753 /* pstar2@2x.png */; };
		0025F0DE18740F3800ABC753 /* pkey@2x.png in Resources */ = {isa = PBXBuildFile; fileRef = 0025F0DA18740F3800ABC753 /* pkey@2x.png */; };
		0025F0DF18740F3800ABC753 /* pre.png in Resources */ = {isa = PBXBuildFile; fileRef = 0025F0DB18740F3800ABC753 /* pre.png */; };
		0025F0E018740F3800ABC753 /* pre@2x.png in Resources */ = {isa = PBXBuildFile; fileRef = 0025F0DC18740F3800ABC753 /* pre@2x.png */; };
		0025F0E118740F3800ABC753 /* psent@2x.png in Resources */ = {isa = PBXBuildFile; fileRef = 0025F0DD18740F3800ABC753 /* psent@2x.png */; };
		0025F0E5187410EF00ABC753 /* TypeMenuView.m in Sources */ = {isa = PBXBuildFile; fileRef = 0025F0E4187410EF00ABC753 /* TypeMenuView.m */; };
		0025F0E81874141A00ABC753 /* OnlineLibraryTVC.m in Sources */ = {isa = PBXBuildFile; fileRef = 0025F0E71874141A00ABC753 /* OnlineLibraryTVC.m */; };
		0025F0F21874249F00ABC753 /* yande.re 274096 machine-doll_wa_kizutsukanai pantsu tagme thighhighs yaya.jpg in Resources */ = {isa = PBXBuildFile; fileRef = 0025F0F11874249F00ABC753 /* yande.re 274096 machine-doll_wa_kizutsukanai pantsu tagme thighhighs yaya.jpg */; };
		0025F0F41874253A00ABC753 /* 38134429.jpg in Resources */ = {isa = PBXBuildFile; fileRef = 0025F0F31874253A00ABC753 /* 38134429.jpg */; };
		0059FAE7187436460021BE91 /* XMLReader.m in Sources */ = {isa = PBXBuildFile; fileRef = 0059FAE6187436460021BE91 /* XMLReader.m */; };
		0059FAEA187436630021BE91 /* NetWork.m in Sources */ = {isa = PBXBuildFile; fileRef = 0059FAE9187436630021BE91 /* NetWork.m */; };
		0059FAEF187439C30021BE91 /* LibraryCell.m in Sources */ = {isa = PBXBuildFile; fileRef = 0059FAEE187439C30021BE91 /* LibraryCell.m */; };
		0084108C18758C9800806872 /* MD5.m in Sources */ = {isa = PBXBuildFile; fileRef = 0084108B18758C9800806872 /* MD5.m */; };
		00ACFE6B18719649008CDF3B /* Foundation.framework in Frameworks */ = {isa = PBXBuildFile; fileRef = 00ACFE6A18719649008CDF3B /* Foundation.framework */; };
		00ACFE6D18719649008CDF3B /* CoreGraphics.framework in Frameworks */ = {isa = PBXBuildFile; fileRef = 00ACFE6C18719649008CDF3B /* CoreGraphics.framework */; };
		00ACFE6F18719649008CDF3B /* UIKit.framework in Frameworks */ = {isa = PBXBuildFile; fileRef = 00ACFE6E18719649008CDF3B /* UIKit.framework */; };
		00ACFE7518719649008CDF3B /* InfoPlist.strings in Resources */ = {isa = PBXBuildFile; fileRef = 00ACFE7318719649008CDF3B /* InfoPlist.strings */; };
		00ACFE7718719649008CDF3B /* main.m in Sources */ = {isa = PBXBuildFile; fileRef = 00ACFE7618719649008CDF3B /* main.m */; };
		00ACFE7B18719649008CDF3B /* AppDelegate.m in Sources */ = {isa = PBXBuildFile; fileRef = 00ACFE7A18719649008CDF3B /* AppDelegate.m */; };
		00ACFE7D18719649008CDF3B /* Images.xcassets in Resources */ = {isa = PBXBuildFile; fileRef = 00ACFE7C18719649008CDF3B /* Images.xcassets */; };
		00ACFE8418719649008CDF3B /* XCTest.framework in Frameworks */ = {isa = PBXBuildFile; fileRef = 00ACFE8318719649008CDF3B /* XCTest.framework */; };
		00ACFE8518719649008CDF3B /* Foundation.framework in Frameworks */ = {isa = PBXBuildFile; fileRef = 00ACFE6A18719649008CDF3B /* Foundation.framework */; };
		00ACFE8618719649008CDF3B /* UIKit.framework in Frameworks */ = {isa = PBXBuildFile; fileRef = 00ACFE6E18719649008CDF3B /* UIKit.framework */; };
		00ACFE8E18719649008CDF3B /* InfoPlist.strings in Resources */ = {isa = PBXBuildFile; fileRef = 00ACFE8C18719649008CDF3B /* InfoPlist.strings */; };
		00ACFE9018719649008CDF3B /* cloudemoji_iOSTests.m in Sources */ = {isa = PBXBuildFile; fileRef = 00ACFE8F18719649008CDF3B /* cloudemoji_iOSTests.m */; };
		00ACFF2B187199DC008CDF3B /* ic_launcher-120.png in Resources */ = {isa = PBXBuildFile; fileRef = 00ACFF25187199DC008CDF3B /* ic_launcher-120.png */; };
		00ACFF2C187199DC008CDF3B /* ic_launcher-152.png in Resources */ = {isa = PBXBuildFile; fileRef = 00ACFF26187199DC008CDF3B /* ic_launcher-152.png */; };
		00ACFF2D187199DC008CDF3B /* ic_launcher-29.png in Resources */ = {isa = PBXBuildFile; fileRef = 00ACFF27187199DC008CDF3B /* ic_launcher-29.png */; };
		00ACFF2E187199DC008CDF3B /* ic_launcher-40.png in Resources */ = {isa = PBXBuildFile; fileRef = 00ACFF28187199DC008CDF3B /* ic_launcher-40.png */; };
		00ACFF2F187199DC008CDF3B /* ic_launcher-58.png in Resources */ = {isa = PBXBuildFile; fileRef = 00ACFF29187199DC008CDF3B /* ic_launcher-58.png */; };
		00ACFF30187199DC008CDF3B /* ic_launcher-80.png in Resources */ = {isa = PBXBuildFile; fileRef = 00ACFF2A187199DC008CDF3B /* ic_launcher-80.png */; };
		00ACFF3218719A3F008CDF3B /* ic_launcher-76.png in Resources */ = {isa = PBXBuildFile; fileRef = 00ACFF3118719A3F008CDF3B /* ic_launcher-76.png */; };
		00ACFF3518719C3C008CDF3B /* MainViewController.m in Sources */ = {isa = PBXBuildFile; fileRef = 00ACFF3418719C3C008CDF3B /* MainViewController.m */; };
		00ACFF3818719D30008CDF3B /* RefreshView.m in Sources */ = {isa = PBXBuildFile; fileRef = 00ACFF3718719D30008CDF3B /* RefreshView.m */; };
		00ACFF3A18719ECF008CDF3B /* Settings.bundle in Resources */ = {isa = PBXBuildFile; fileRef = 00ACFF3918719ECF008CDF3B /* Settings.bundle */; };
		00ACFF3C1871C984008CDF3B /* test.xib in Resources */ = {isa = PBXBuildFile; fileRef = 00ACFF3B1871C984008CDF3B /* test.xib */; };
		00ACFF421871D285008CDF3B /* FavoritesTVC.m in Sources */ = {isa = PBXBuildFile; fileRef = 00ACFF411871D285008CDF3B /* FavoritesTVC.m */; };
		00ACFF451871D29F008CDF3B /* HistoryTVC.m in Sources */ = {isa = PBXBuildFile; fileRef = 00ACFF441871D29F008CDF3B /* HistoryTVC.m */; };
		00ACFF481871D2BF008CDF3B /* CustomTVC.m in Sources */ = {isa = PBXBuildFile; fileRef = 00ACFF471871D2BF008CDF3B /* CustomTVC.m */; };
		00ACFF6A1871D3E1008CDF3B /* IASKAppSettingsViewController.m in Sources */ = {isa = PBXBuildFile; fileRef = 00ACFF4C1871D3E0008CDF3B /* IASKAppSettingsViewController.m */; };
		00ACFF6B1871D3E1008CDF3B /* IASKAppSettingsWebViewController.m in Sources */ = {isa = PBXBuildFile; fileRef = 00ACFF4E1871D3E0008CDF3B /* IASKAppSettingsWebViewController.m */; };
		00ACFF6C1871D3E1008CDF3B /* IASKSpecifierValuesViewController.m in Sources */ = {isa = PBXBuildFile; fileRef = 00ACFF501871D3E0008CDF3B /* IASKSpecifierValuesViewController.m */; };
		00ACFF6D1871D3E1008CDF3B /* IASKSettingsReader.m in Sources */ = {isa = PBXBuildFile; fileRef = 00ACFF541871D3E0008CDF3B /* IASKSettingsReader.m */; };
		00ACFF6E1871D3E1008CDF3B /* IASKSettingsStore.m in Sources */ = {isa = PBXBuildFile; fileRef = 00ACFF561871D3E0008CDF3B /* IASKSettingsStore.m */; };
		00ACFF6F1871D3E1008CDF3B /* IASKSettingsStoreFile.m in Sources */ = {isa = PBXBuildFile; fileRef = 00ACFF581871D3E0008CDF3B /* IASKSettingsStoreFile.m */; };
		00ACFF701871D3E1008CDF3B /* IASKSettingsStoreUserDefaults.m in Sources */ = {isa = PBXBuildFile; fileRef = 00ACFF5A1871D3E0008CDF3B /* IASKSettingsStoreUserDefaults.m */; };
		00ACFF711871D3E1008CDF3B /* IASKSpecifier.m in Sources */ = {isa = PBXBuildFile; fileRef = 00ACFF5C1871D3E0008CDF3B /* IASKSpecifier.m */; };
		00ACFF721871D3E1008CDF3B /* IASKPSSliderSpecifierViewCell.m in Sources */ = {isa = PBXBuildFile; fileRef = 00ACFF5F1871D3E1008CDF3B /* IASKPSSliderSpecifierViewCell.m */; };
		00ACFF731871D3E1008CDF3B /* IASKPSTextFieldSpecifierViewCell.m in Sources */ = {isa = PBXBuildFile; fileRef = 00ACFF611871D3E1008CDF3B /* IASKPSTextFieldSpecifierViewCell.m */; };
		00ACFF741871D3E1008CDF3B /* IASKPSTitleValueSpecifierViewCell.m in Sources */ = {isa = PBXBuildFile; fileRef = 00ACFF631871D3E1008CDF3B /* IASKPSTitleValueSpecifierViewCell.m */; };
		00ACFF751871D3E1008CDF3B /* IASKSlider.m in Sources */ = {isa = PBXBuildFile; fileRef = 00ACFF651871D3E1008CDF3B /* IASKSlider.m */; };
		00ACFF761871D3E1008CDF3B /* IASKSwitch.m in Sources */ = {isa = PBXBuildFile; fileRef = 00ACFF671871D3E1008CDF3B /* IASKSwitch.m */; };
		00ACFF771871D3E1008CDF3B /* IASKTextField.m in Sources */ = {isa = PBXBuildFile; fileRef = 00ACFF691871D3E1008CDF3B /* IASKTextField.m */; };
		00E50DDE18727C12003BE168 /* pbook.png in Resources */ = {isa = PBXBuildFile; fileRef = 00E50DCC18727C12003BE168 /* pbook.png */; };
		00E50DDF18727C12003BE168 /* pbook@2x.png in Resources */ = {isa = PBXBuildFile; fileRef = 00E50DCD18727C12003BE168 /* pbook@2x.png */; };
		00E50DE018727C12003BE168 /* pbook2.png in Resources */ = {isa = PBXBuildFile; fileRef = 00E50DCE18727C12003BE168 /* pbook2.png */; };
		00E50DE118727C12003BE168 /* pbook2@2x.png in Resources */ = {isa = PBXBuildFile; fileRef = 00E50DCF18727C12003BE168 /* pbook2@2x.png */; };
		00E50DE218727C12003BE168 /* pclock.png in Resources */ = {isa = PBXBuildFile; fileRef = 00E50DD018727C12003BE168 /* pclock.png */; };
		00E50DE318727C12003BE168 /* pclock@2x.png in Resources */ = {isa = PBXBuildFile; fileRef = 00E50DD118727C12003BE168 /* pclock@2x.png */; };
		00E50DE418727C12003BE168 /* pclock2.png in Resources */ = {isa = PBXBuildFile; fileRef = 00E50DD218727C12003BE168 /* pclock2.png */; };
		00E50DE518727C12003BE168 /* pclock2@2x.png in Resources */ = {isa = PBXBuildFile; fileRef = 00E50DD318727C12003BE168 /* pclock2@2x.png */; };
		00E50DE618727C12003BE168 /* pcould.png in Resources */ = {isa = PBXBuildFile; fileRef = 00E50DD418727C12003BE168 /* pcould.png */; };
		00E50DE718727C12003BE168 /* pcould@2x.png in Resources */ = {isa = PBXBuildFile; fileRef = 00E50DD518727C12003BE168 /* pcould@2x.png */; };
		00E50DE818727C12003BE168 /* pcould2.png in Resources */ = {isa = PBXBuildFile; fileRef = 00E50DD618727C12003BE168 /* pcould2.png */; };
		00E50DE918727C12003BE168 /* pcould2@2x.png in Resources */ = {isa = PBXBuildFile; fileRef = 00E50DD718727C12003BE168 /* pcould2@2x.png */; };
		00E50DEA18727C12003BE168 /* psetting.png in Resources */ = {isa = PBXBuildFile; fileRef = 00E50DD818727C12003BE168 /* psetting.png */; };
		00E50DEB18727C12003BE168 /* psetting@2x.png in Resources */ = {isa = PBXBuildFile; fileRef = 00E50DD918727C12003BE168 /* psetting@2x.png */; };
		00E50DEC18727C12003BE168 /* psetting2.png in Resources */ = {isa = PBXBuildFile; fileRef = 00E50DDA18727C12003BE168 /* psetting2.png */; };
		00E50DED18727C12003BE168 /* psetting2@2x.png in Resources */ = {isa = PBXBuildFile; fileRef = 00E50DDB18727C12003BE168 /* psetting2@2x.png */; };
		00E50DEE18727C12003BE168 /* pwri.png in Resources */ = {isa = PBXBuildFile; fileRef = 00E50DDC18727C12003BE168 /* pwri.png */; };
		00E50DEF18727C12003BE168 /* pwri@2x.png in Resources */ = {isa = PBXBuildFile; fileRef = 00E50DDD18727C12003BE168 /* pwri@2x.png */; };
		00E50DF218728061003BE168 /* LibraryTVC.m in Sources */ = {isa = PBXBuildFile; fileRef = 00E50DF118728061003BE168 /* LibraryTVC.m */; };
		00E50DF518728109003BE168 /* AboutViewController.m in Sources */ = {isa = PBXBuildFile; fileRef = 00E50DF418728109003BE168 /* AboutViewController.m */; };
		00E50DFC187281A8003BE168 /* info2.png in Resources */ = {isa = PBXBuildFile; fileRef = 00E50DF6187281A8003BE168 /* info2.png */; };
		00E50DFD187281A8003BE168 /* info2@2x.png in Resources */ = {isa = PBXBuildFile; fileRef = 00E50DF7187281A8003BE168 /* info2@2x.png */; };
		00E50DFE187281A8003BE168 /* pinfo.png in Resources */ = {isa = PBXBuildFile; fileRef = 00E50DF8187281A8003BE168 /* pinfo.png */; };
		00E50DFF187281A8003BE168 /* pinfo@2x.png in Resources */ = {isa = PBXBuildFile; fileRef = 00E50DF9187281A8003BE168 /* pinfo@2x.png */; };
		00E50E00187281A8003BE168 /* pweb.png in Resources */ = {isa = PBXBuildFile; fileRef = 00E50DFA187281A8003BE168 /* pweb.png */; };
		00E50E01187281A8003BE168 /* pweb@2x.png in Resources */ = {isa = PBXBuildFile; fileRef = 00E50DFB187281A8003BE168 /* pweb@2x.png */; };
/* End PBXBuildFile section */

/* Begin PBXContainerItemProxy section */
		00ACFE8718719649008CDF3B /* PBXContainerItemProxy */ = {
			isa = PBXContainerItemProxy;
			containerPortal = 00ACFE5F18719649008CDF3B /* Project object */;
			proxyType = 1;
			remoteGlobalIDString = 00ACFE6618719649008CDF3B;
			remoteInfo = cloudemoji_iOS;
		};
/* End PBXContainerItemProxy section */

/* Begin PBXFileReference section */
		0025F0B318740DB400ABC753 /* SearchTVC.h */ = {isa = PBXFileReference; fileEncoding = 4; lastKnownFileType = sourcecode.c.h; path = SearchTVC.h; sourceTree = "<group>"; };
		0025F0B418740DB400ABC753 /* SearchTVC.m */ = {isa = PBXFileReference; fileEncoding = 4; lastKnownFileType = sourcecode.c.objc; path = SearchTVC.m; sourceTree = "<group>"; };
		0025F0B618740DC900ABC753 /* pdel.png */ = {isa = PBXFileReference; lastKnownFileType = image.png; path = pdel.png; sourceTree = "<group>"; };
		0025F0B718740DC900ABC753 /* pdel@2x.png */ = {isa = PBXFileReference; lastKnownFileType = image.png; path = "pdel@2x.png"; sourceTree = "<group>"; };
		0025F0B818740DC900ABC753 /* pdel2.png */ = {isa = PBXFileReference; lastKnownFileType = image.png; path = pdel2.png; sourceTree = "<group>"; };
		0025F0B918740DC900ABC753 /* pdel2@2x.png */ = {isa = PBXFileReference; lastKnownFileType = image.png; path = "pdel2@2x.png"; sourceTree = "<group>"; };
		0025F0BA18740DC900ABC753 /* pkey.png */ = {isa = PBXFileReference; lastKnownFileType = image.png; path = pkey.png; sourceTree = "<group>"; };
		0025F0BB18740DC900ABC753 /* pkey2.png */ = {isa = PBXFileReference; lastKnownFileType = image.png; path = pkey2.png; sourceTree = "<group>"; };
		0025F0BC18740DC900ABC753 /* pkey2@2x.png */ = {isa = PBXFileReference; lastKnownFileType = image.png; path = "pkey2@2x.png"; sourceTree = "<group>"; };
		0025F0BD18740DC900ABC753 /* pok.png */ = {isa = PBXFileReference; lastKnownFileType = image.png; path = pok.png; sourceTree = "<group>"; };
		0025F0BE18740DC900ABC753 /* pok@2x.png */ = {isa = PBXFileReference; lastKnownFileType = image.png; path = "pok@2x.png"; sourceTree = "<group>"; };
		0025F0BF18740DC900ABC753 /* pok2.png */ = {isa = PBXFileReference; lastKnownFileType = image.png; path = pok2.png; sourceTree = "<group>"; };
		0025F0C018740DC900ABC753 /* pok2@2x.png */ = {isa = PBXFileReference; lastKnownFileType = image.png; path = "pok2@2x.png"; sourceTree = "<group>"; };
		0025F0C118740DC900ABC753 /* psearch.png */ = {isa = PBXFileReference; lastKnownFileType = image.png; path = psearch.png; sourceTree = "<group>"; };
		0025F0C218740DC900ABC753 /* psearch@2x.png */ = {isa = PBXFileReference; lastKnownFileType = image.png; path = "psearch@2x.png"; sourceTree = "<group>"; };
		0025F0C318740DC900ABC753 /* psent.png */ = {isa = PBXFileReference; lastKnownFileType = image.png; path = psent.png; sourceTree = "<group>"; };
		0025F0C418740DC900ABC753 /* pstar.png */ = {isa = PBXFileReference; lastKnownFileType = image.png; path = pstar.png; sourceTree = "<group>"; };
		0025F0C518740DC900ABC753 /* pstar@2x.png */ = {isa = PBXFileReference; lastKnownFileType = image.png; path = "pstar@2x.png"; sourceTree = "<group>"; };
		0025F0C618740DC900ABC753 /* pstar2.png */ = {isa = PBXFileReference; lastKnownFileType = image.png; path = pstar2.png; sourceTree = "<group>"; };
		0025F0C718740DC900ABC753 /* pstar2@2x.png */ = {isa = PBXFileReference; lastKnownFileType = image.png; path = "pstar2@2x.png"; sourceTree = "<group>"; };
		0025F0DA18740F3800ABC753 /* pkey@2x.png */ = {isa = PBXFileReference; lastKnownFileType = image.png; path = "pkey@2x.png"; sourceTree = "<group>"; };
		0025F0DB18740F3800ABC753 /* pre.png */ = {isa = PBXFileReference; lastKnownFileType = image.png; path = pre.png; sourceTree = "<group>"; };
		0025F0DC18740F3800ABC753 /* pre@2x.png */ = {isa = PBXFileReference; lastKnownFileType = image.png; path = "pre@2x.png"; sourceTree = "<group>"; };
		0025F0DD18740F3800ABC753 /* psent@2x.png */ = {isa = PBXFileReference; lastKnownFileType = image.png; path = "psent@2x.png"; sourceTree = "<group>"; };
		0025F0E3187410EF00ABC753 /* TypeMenuView.h */ = {isa = PBXFileReference; fileEncoding = 4; lastKnownFileType = sourcecode.c.h; path = TypeMenuView.h; sourceTree = "<group>"; };
		0025F0E4187410EF00ABC753 /* TypeMenuView.m */ = {isa = PBXFileReference; fileEncoding = 4; lastKnownFileType = sourcecode.c.objc; path = TypeMenuView.m; sourceTree = "<group>"; };
		0025F0E61874141A00ABC753 /* OnlineLibraryTVC.h */ = {isa = PBXFileReference; fileEncoding = 4; lastKnownFileType = sourcecode.c.h; path = OnlineLibraryTVC.h; sourceTree = "<group>"; };
		0025F0E71874141A00ABC753 /* OnlineLibraryTVC.m */ = {isa = PBXFileReference; fileEncoding = 4; lastKnownFileType = sourcecode.c.objc; path = OnlineLibraryTVC.m; sourceTree = "<group>"; };
		0025F0F11874249F00ABC753 /* yande.re 274096 machine-doll_wa_kizutsukanai pantsu tagme thighhighs yaya.jpg */ = {isa = PBXFileReference; lastKnownFileType = image.jpeg; path = "yande.re 274096 machine-doll_wa_kizutsukanai pantsu tagme thighhighs yaya.jpg"; sourceTree = "<group>"; };
		0025F0F31874253A00ABC753 /* 38134429.jpg */ = {isa = PBXFileReference; lastKnownFileType = image.jpeg; path = 38134429.jpg; sourceTree = "<group>"; };
		004E16C318751A1000DF3AB3 /* libxml2.2.dylib */ = {isa = PBXFileReference; lastKnownFileType = "compiled.mach-o.dylib"; name = libxml2.2.dylib; path = usr/lib/libxml2.2.dylib; sourceTree = SDKROOT; };
		0059FAE5187436460021BE91 /* XMLReader.h */ = {isa = PBXFileReference; fileEncoding = 4; lastKnownFileType = sourcecode.c.h; path = XMLReader.h; sourceTree = "<group>"; };
		0059FAE6187436460021BE91 /* XMLReader.m */ = {isa = PBXFileReference; fileEncoding = 4; lastKnownFileType = sourcecode.c.objc; path = XMLReader.m; sourceTree = "<group>"; };
		0059FAE8187436630021BE91 /* NetWork.h */ = {isa = PBXFileReference; fileEncoding = 4; lastKnownFileType = sourcecode.c.h; path = NetWork.h; sourceTree = "<group>"; };
		0059FAE9187436630021BE91 /* NetWork.m */ = {isa = PBXFileReference; fileEncoding = 4; lastKnownFileType = sourcecode.c.objc; path = NetWork.m; sourceTree = "<group>"; };
		0059FAED187439C30021BE91 /* LibraryCell.h */ = {isa = PBXFileReference; fileEncoding = 4; lastKnownFileType = sourcecode.c.h; path = LibraryCell.h; sourceTree = "<group>"; };
		0059FAEE187439C30021BE91 /* LibraryCell.m */ = {isa = PBXFileReference; fileEncoding = 4; lastKnownFileType = sourcecode.c.objc; path = LibraryCell.m; sourceTree = "<group>"; };
		0084108A18758C9800806872 /* MD5.h */ = {isa = PBXFileReference; fileEncoding = 4; lastKnownFileType = sourcecode.c.h; path = MD5.h; sourceTree = "<group>"; };
		0084108B18758C9800806872 /* MD5.m */ = {isa = PBXFileReference; fileEncoding = 4; lastKnownFileType = sourcecode.c.objc; path = MD5.m; sourceTree = "<group>"; };
		00ACFE6718719649008CDF3B /* cloudemoji_iOS.app */ = {isa = PBXFileReference; explicitFileType = wrapper.application; includeInIndex = 0; path = cloudemoji_iOS.app; sourceTree = BUILT_PRODUCTS_DIR; };
		00ACFE6A18719649008CDF3B /* Foundation.framework */ = {isa = PBXFileReference; lastKnownFileType = wrapper.framework; name = Foundation.framework; path = System/Library/Frameworks/Foundation.framework; sourceTree = SDKROOT; };
		00ACFE6C18719649008CDF3B /* CoreGraphics.framework */ = {isa = PBXFileReference; lastKnownFileType = wrapper.framework; name = CoreGraphics.framework; path = System/Library/Frameworks/CoreGraphics.framework; sourceTree = SDKROOT; };
		00ACFE6E18719649008CDF3B /* UIKit.framework */ = {isa = PBXFileReference; lastKnownFileType = wrapper.framework; name = UIKit.framework; path = System/Library/Frameworks/UIKit.framework; sourceTree = SDKROOT; };
		00ACFE7218719649008CDF3B /* cloudemoji_iOS-Info.plist */ = {isa = PBXFileReference; lastKnownFileType = text.plist.xml; path = "cloudemoji_iOS-Info.plist"; sourceTree = "<group>"; };
		00ACFE7418719649008CDF3B /* en */ = {isa = PBXFileReference; lastKnownFileType = text.plist.strings; name = en; path = en.lproj/InfoPlist.strings; sourceTree = "<group>"; };
		00ACFE7618719649008CDF3B /* main.m */ = {isa = PBXFileReference; lastKnownFileType = sourcecode.c.objc; path = main.m; sourceTree = "<group>"; };
		00ACFE7818719649008CDF3B /* cloudemoji_iOS-Prefix.pch */ = {isa = PBXFileReference; lastKnownFileType = sourcecode.c.h; path = "cloudemoji_iOS-Prefix.pch"; sourceTree = "<group>"; };
		00ACFE7918719649008CDF3B /* AppDelegate.h */ = {isa = PBXFileReference; lastKnownFileType = sourcecode.c.h; path = AppDelegate.h; sourceTree = "<group>"; };
		00ACFE7A18719649008CDF3B /* AppDelegate.m */ = {isa = PBXFileReference; lastKnownFileType = sourcecode.c.objc; path = AppDelegate.m; sourceTree = "<group>"; };
		00ACFE7C18719649008CDF3B /* Images.xcassets */ = {isa = PBXFileReference; lastKnownFileType = folder.assetcatalog; path = Images.xcassets; sourceTree = "<group>"; };
		00ACFE8218719649008CDF3B /* cloudemoji_iOSTests.xctest */ = {isa = PBXFileReference; explicitFileType = wrapper.cfbundle; includeInIndex = 0; path = cloudemoji_iOSTests.xctest; sourceTree = BUILT_PRODUCTS_DIR; };
		00ACFE8318719649008CDF3B /* XCTest.framework */ = {isa = PBXFileReference; lastKnownFileType = wrapper.framework; name = XCTest.framework; path = Library/Frameworks/XCTest.framework; sourceTree = DEVELOPER_DIR; };
		00ACFE8B18719649008CDF3B /* cloudemoji_iOSTests-Info.plist */ = {isa = PBXFileReference; lastKnownFileType = text.plist.xml; path = "cloudemoji_iOSTests-Info.plist"; sourceTree = "<group>"; };
		00ACFE8D18719649008CDF3B /* en */ = {isa = PBXFileReference; lastKnownFileType = text.plist.strings; name = en; path = en.lproj/InfoPlist.strings; sourceTree = "<group>"; };
		00ACFE8F18719649008CDF3B /* cloudemoji_iOSTests.m */ = {isa = PBXFileReference; lastKnownFileType = sourcecode.c.objc; path = cloudemoji_iOSTests.m; sourceTree = "<group>"; };
		00ACFF25187199DC008CDF3B /* ic_launcher-120.png */ = {isa = PBXFileReference; lastKnownFileType = image.png; path = "ic_launcher-120.png"; sourceTree = "<group>"; };
		00ACFF26187199DC008CDF3B /* ic_launcher-152.png */ = {isa = PBXFileReference; lastKnownFileType = image.png; path = "ic_launcher-152.png"; sourceTree = "<group>"; };
		00ACFF27187199DC008CDF3B /* ic_launcher-29.png */ = {isa = PBXFileReference; lastKnownFileType = image.png; path = "ic_launcher-29.png"; sourceTree = "<group>"; };
		00ACFF28187199DC008CDF3B /* ic_launcher-40.png */ = {isa = PBXFileReference; lastKnownFileType = image.png; path = "ic_launcher-40.png"; sourceTree = "<group>"; };
		00ACFF29187199DC008CDF3B /* ic_launcher-58.png */ = {isa = PBXFileReference; lastKnownFileType = image.png; path = "ic_launcher-58.png"; sourceTree = "<group>"; };
		00ACFF2A187199DC008CDF3B /* ic_launcher-80.png */ = {isa = PBXFileReference; lastKnownFileType = image.png; path = "ic_launcher-80.png"; sourceTree = "<group>"; };
		00ACFF3118719A3F008CDF3B /* ic_launcher-76.png */ = {isa = PBXFileReference; lastKnownFileType = image.png; path = "ic_launcher-76.png"; sourceTree = "<group>"; };
		00ACFF3318719C3C008CDF3B /* MainViewController.h */ = {isa = PBXFileReference; fileEncoding = 4; lastKnownFileType = sourcecode.c.h; path = MainViewController.h; sourceTree = "<group>"; };
		00ACFF3418719C3C008CDF3B /* MainViewController.m */ = {isa = PBXFileReference; fileEncoding = 4; lastKnownFileType = sourcecode.c.objc; path = MainViewController.m; sourceTree = "<group>"; };
		00ACFF3618719D30008CDF3B /* RefreshView.h */ = {isa = PBXFileReference; fileEncoding = 4; lastKnownFileType = sourcecode.c.h; path = RefreshView.h; sourceTree = "<group>"; };
		00ACFF3718719D30008CDF3B /* RefreshView.m */ = {isa = PBXFileReference; fileEncoding = 4; lastKnownFileType = sourcecode.c.objc; path = RefreshView.m; sourceTree = "<group>"; };
		00ACFF3918719ECF008CDF3B /* Settings.bundle */ = {isa = PBXFileReference; lastKnownFileType = "wrapper.plug-in"; path = Settings.bundle; sourceTree = "<group>"; };
		00ACFF3B1871C984008CDF3B /* test.xib */ = {isa = PBXFileReference; fileEncoding = 4; lastKnownFileType = file.xib; path = test.xib; sourceTree = "<group>"; };
		00ACFF401871D285008CDF3B /* FavoritesTVC.h */ = {isa = PBXFileReference; fileEncoding = 4; lastKnownFileType = sourcecode.c.h; path = FavoritesTVC.h; sourceTree = "<group>"; };
		00ACFF411871D285008CDF3B /* FavoritesTVC.m */ = {isa = PBXFileReference; fileEncoding = 4; lastKnownFileType = sourcecode.c.objc; path = FavoritesTVC.m; sourceTree = "<group>"; };
		00ACFF431871D29F008CDF3B /* HistoryTVC.h */ = {isa = PBXFileReference; fileEncoding = 4; lastKnownFileType = sourcecode.c.h; path = HistoryTVC.h; sourceTree = "<group>"; };
		00ACFF441871D29F008CDF3B /* HistoryTVC.m */ = {isa = PBXFileReference; fileEncoding = 4; lastKnownFileType = sourcecode.c.objc; path = HistoryTVC.m; sourceTree = "<group>"; };
		00ACFF461871D2BF008CDF3B /* CustomTVC.h */ = {isa = PBXFileReference; fileEncoding = 4; lastKnownFileType = sourcecode.c.h; path = CustomTVC.h; sourceTree = "<group>"; };
		00ACFF471871D2BF008CDF3B /* CustomTVC.m */ = {isa = PBXFileReference; fileEncoding = 4; lastKnownFileType = sourcecode.c.objc; path = CustomTVC.m; sourceTree = "<group>"; };
		00ACFF4B1871D3E0008CDF3B /* IASKAppSettingsViewController.h */ = {isa = PBXFileReference; fileEncoding = 4; lastKnownFileType = sourcecode.c.h; path = IASKAppSettingsViewController.h; sourceTree = "<group>"; };
		00ACFF4C1871D3E0008CDF3B /* IASKAppSettingsViewController.m */ = {isa = PBXFileReference; fileEncoding = 4; lastKnownFileType = sourcecode.c.objc; path = IASKAppSettingsViewController.m; sourceTree = "<group>"; };
		00ACFF4D1871D3E0008CDF3B /* IASKAppSettingsWebViewController.h */ = {isa = PBXFileReference; fileEncoding = 4; lastKnownFileType = sourcecode.c.h; path = IASKAppSettingsWebViewController.h; sourceTree = "<group>"; };
		00ACFF4E1871D3E0008CDF3B /* IASKAppSettingsWebViewController.m */ = {isa = PBXFileReference; fileEncoding = 4; lastKnownFileType = sourcecode.c.objc; path = IASKAppSettingsWebViewController.m; sourceTree = "<group>"; };
		00ACFF4F1871D3E0008CDF3B /* IASKSpecifierValuesViewController.h */ = {isa = PBXFileReference; fileEncoding = 4; lastKnownFileType = sourcecode.c.h; path = IASKSpecifierValuesViewController.h; sourceTree = "<group>"; };
		00ACFF501871D3E0008CDF3B /* IASKSpecifierValuesViewController.m */ = {isa = PBXFileReference; fileEncoding = 4; lastKnownFileType = sourcecode.c.objc; path = IASKSpecifierValuesViewController.m; sourceTree = "<group>"; };
		00ACFF511871D3E0008CDF3B /* IASKViewController.h */ = {isa = PBXFileReference; fileEncoding = 4; lastKnownFileType = sourcecode.c.h; path = IASKViewController.h; sourceTree = "<group>"; };
		00ACFF531871D3E0008CDF3B /* IASKSettingsReader.h */ = {isa = PBXFileReference; fileEncoding = 4; lastKnownFileType = sourcecode.c.h; path = IASKSettingsReader.h; sourceTree = "<group>"; };
		00ACFF541871D3E0008CDF3B /* IASKSettingsReader.m */ = {isa = PBXFileReference; fileEncoding = 4; lastKnownFileType = sourcecode.c.objc; path = IASKSettingsReader.m; sourceTree = "<group>"; };
		00ACFF551871D3E0008CDF3B /* IASKSettingsStore.h */ = {isa = PBXFileReference; fileEncoding = 4; lastKnownFileType = sourcecode.c.h; path = IASKSettingsStore.h; sourceTree = "<group>"; };
		00ACFF561871D3E0008CDF3B /* IASKSettingsStore.m */ = {isa = PBXFileReference; fileEncoding = 4; lastKnownFileType = sourcecode.c.objc; path = IASKSettingsStore.m; sourceTree = "<group>"; };
		00ACFF571871D3E0008CDF3B /* IASKSettingsStoreFile.h */ = {isa = PBXFileReference; fileEncoding = 4; lastKnownFileType = sourcecode.c.h; path = IASKSettingsStoreFile.h; sourceTree = "<group>"; };
		00ACFF581871D3E0008CDF3B /* IASKSettingsStoreFile.m */ = {isa = PBXFileReference; fileEncoding = 4; lastKnownFileType = sourcecode.c.objc; path = IASKSettingsStoreFile.m; sourceTree = "<group>"; };
		00ACFF591871D3E0008CDF3B /* IASKSettingsStoreUserDefaults.h */ = {isa = PBXFileReference; fileEncoding = 4; lastKnownFileType = sourcecode.c.h; path = IASKSettingsStoreUserDefaults.h; sourceTree = "<group>"; };
		00ACFF5A1871D3E0008CDF3B /* IASKSettingsStoreUserDefaults.m */ = {isa = PBXFileReference; fileEncoding = 4; lastKnownFileType = sourcecode.c.objc; path = IASKSettingsStoreUserDefaults.m; sourceTree = "<group>"; };
		00ACFF5B1871D3E0008CDF3B /* IASKSpecifier.h */ = {isa = PBXFileReference; fileEncoding = 4; lastKnownFileType = sourcecode.c.h; path = IASKSpecifier.h; sourceTree = "<group>"; };
		00ACFF5C1871D3E0008CDF3B /* IASKSpecifier.m */ = {isa = PBXFileReference; fileEncoding = 4; lastKnownFileType = sourcecode.c.objc; path = IASKSpecifier.m; sourceTree = "<group>"; };
		00ACFF5E1871D3E1008CDF3B /* IASKPSSliderSpecifierViewCell.h */ = {isa = PBXFileReference; fileEncoding = 4; lastKnownFileType = sourcecode.c.h; path = IASKPSSliderSpecifierViewCell.h; sourceTree = "<group>"; };
		00ACFF5F1871D3E1008CDF3B /* IASKPSSliderSpecifierViewCell.m */ = {isa = PBXFileReference; fileEncoding = 4; lastKnownFileType = sourcecode.c.objc; path = IASKPSSliderSpecifierViewCell.m; sourceTree = "<group>"; };
		00ACFF601871D3E1008CDF3B /* IASKPSTextFieldSpecifierViewCell.h */ = {isa = PBXFileReference; fileEncoding = 4; lastKnownFileType = sourcecode.c.h; path = IASKPSTextFieldSpecifierViewCell.h; sourceTree = "<group>"; };
		00ACFF611871D3E1008CDF3B /* IASKPSTextFieldSpecifierViewCell.m */ = {isa = PBXFileReference; fileEncoding = 4; lastKnownFileType = sourcecode.c.objc; path = IASKPSTextFieldSpecifierViewCell.m; sourceTree = "<group>"; };
		00ACFF621871D3E1008CDF3B /* IASKPSTitleValueSpecifierViewCell.h */ = {isa = PBXFileReference; fileEncoding = 4; lastKnownFileType = sourcecode.c.h; path = IASKPSTitleValueSpecifierViewCell.h; sourceTree = "<group>"; };
		00ACFF631871D3E1008CDF3B /* IASKPSTitleValueSpecifierViewCell.m */ = {isa = PBXFileReference; fileEncoding = 4; lastKnownFileType = sourcecode.c.objc; path = IASKPSTitleValueSpecifierViewCell.m; sourceTree = "<group>"; };
		00ACFF641871D3E1008CDF3B /* IASKSlider.h */ = {isa = PBXFileReference; fileEncoding = 4; lastKnownFileType = sourcecode.c.h; path = IASKSlider.h; sourceTree = "<group>"; };
		00ACFF651871D3E1008CDF3B /* IASKSlider.m */ = {isa = PBXFileReference; fileEncoding = 4; lastKnownFileType = sourcecode.c.objc; path = IASKSlider.m; sourceTree = "<group>"; };
		00ACFF661871D3E1008CDF3B /* IASKSwitch.h */ = {isa = PBXFileReference; fileEncoding = 4; lastKnownFileType = sourcecode.c.h; path = IASKSwitch.h; sourceTree = "<group>"; };
		00ACFF671871D3E1008CDF3B /* IASKSwitch.m */ = {isa = PBXFileReference; fileEncoding = 4; lastKnownFileType = sourcecode.c.objc; path = IASKSwitch.m; sourceTree = "<group>"; };
		00ACFF681871D3E1008CDF3B /* IASKTextField.h */ = {isa = PBXFileReference; fileEncoding = 4; lastKnownFileType = sourcecode.c.h; path = IASKTextField.h; sourceTree = "<group>"; };
		00ACFF691871D3E1008CDF3B /* IASKTextField.m */ = {isa = PBXFileReference; fileEncoding = 4; lastKnownFileType = sourcecode.c.objc; path = IASKTextField.m; sourceTree = "<group>"; };
		00E50DCC18727C12003BE168 /* pbook.png */ = {isa = PBXFileReference; lastKnownFileType = image.png; path = pbook.png; sourceTree = "<group>"; };
		00E50DCD18727C12003BE168 /* pbook@2x.png */ = {isa = PBXFileReference; lastKnownFileType = image.png; path = "pbook@2x.png"; sourceTree = "<group>"; };
		00E50DCE18727C12003BE168 /* pbook2.png */ = {isa = PBXFileReference; lastKnownFileType = image.png; path = pbook2.png; sourceTree = "<group>"; };
		00E50DCF18727C12003BE168 /* pbook2@2x.png */ = {isa = PBXFileReference; lastKnownFileType = image.png; path = "pbook2@2x.png"; sourceTree = "<group>"; };
		00E50DD018727C12003BE168 /* pclock.png */ = {isa = PBXFileReference; lastKnownFileType = image.png; path = pclock.png; sourceTree = "<group>"; };
		00E50DD118727C12003BE168 /* pclock@2x.png */ = {isa = PBXFileReference; lastKnownFileType = image.png; path = "pclock@2x.png"; sourceTree = "<group>"; };
		00E50DD218727C12003BE168 /* pclock2.png */ = {isa = PBXFileReference; lastKnownFileType = image.png; path = pclock2.png; sourceTree = "<group>"; };
		00E50DD318727C12003BE168 /* pclock2@2x.png */ = {isa = PBXFileReference; lastKnownFileType = image.png; path = "pclock2@2x.png"; sourceTree = "<group>"; };
		00E50DD418727C12003BE168 /* pcould.png */ = {isa = PBXFileReference; lastKnownFileType = image.png; path = pcould.png; sourceTree = "<group>"; };
		00E50DD518727C12003BE168 /* pcould@2x.png */ = {isa = PBXFileReference; lastKnownFileType = image.png; path = "pcould@2x.png"; sourceTree = "<group>"; };
		00E50DD618727C12003BE168 /* pcould2.png */ = {isa = PBXFileReference; lastKnownFileType = image.png; path = pcould2.png; sourceTree = "<group>"; };
		00E50DD718727C12003BE168 /* pcould2@2x.png */ = {isa = PBXFileReference; lastKnownFileType = image.png; path = "pcould2@2x.png"; sourceTree = "<group>"; };
		00E50DD818727C12003BE168 /* psetting.png */ = {isa = PBXFileReference; lastKnownFileType = image.png; path = psetting.png; sourceTree = "<group>"; };
		00E50DD918727C12003BE168 /* psetting@2x.png */ = {isa = PBXFileReference; lastKnownFileType = image.png; path = "psetting@2x.png"; sourceTree = "<group>"; };
		00E50DDA18727C12003BE168 /* psetting2.png */ = {isa = PBXFileReference; lastKnownFileType = image.png; path = psetting2.png; sourceTree = "<group>"; };
		00E50DDB18727C12003BE168 /* psetting2@2x.png */ = {isa = PBXFileReference; lastKnownFileType = image.png; path = "psetting2@2x.png"; sourceTree = "<group>"; };
		00E50DDC18727C12003BE168 /* pwri.png */ = {isa = PBXFileReference; lastKnownFileType = image.png; path = pwri.png; sourceTree = "<group>"; };
		00E50DDD18727C12003BE168 /* pwri@2x.png */ = {isa = PBXFileReference; lastKnownFileType = image.png; path = "pwri@2x.png"; sourceTree = "<group>"; };
		00E50DF018728061003BE168 /* LibraryTVC.h */ = {isa = PBXFileReference; fileEncoding = 4; lastKnownFileType = sourcecode.c.h; path = LibraryTVC.h; sourceTree = "<group>"; };
		00E50DF118728061003BE168 /* LibraryTVC.m */ = {isa = PBXFileReference; fileEncoding = 4; lastKnownFileType = sourcecode.c.objc; path = LibraryTVC.m; sourceTree = "<group>"; };
		00E50DF318728109003BE168 /* AboutViewController.h */ = {isa = PBXFileReference; fileEncoding = 4; lastKnownFileType = sourcecode.c.h; path = AboutViewController.h; sourceTree = "<group>"; };
		00E50DF418728109003BE168 /* AboutViewController.m */ = {isa = PBXFileReference; fileEncoding = 4; lastKnownFileType = sourcecode.c.objc; path = AboutViewController.m; sourceTree = "<group>"; };
		00E50DF6187281A8003BE168 /* info2.png */ = {isa = PBXFileReference; lastKnownFileType = image.png; path = info2.png; sourceTree = "<group>"; };
		00E50DF7187281A8003BE168 /* info2@2x.png */ = {isa = PBXFileReference; lastKnownFileType = image.png; path = "info2@2x.png"; sourceTree = "<group>"; };
		00E50DF8187281A8003BE168 /* pinfo.png */ = {isa = PBXFileReference; lastKnownFileType = image.png; path = pinfo.png; sourceTree = "<group>"; };
		00E50DF9187281A8003BE168 /* pinfo@2x.png */ = {isa = PBXFileReference; lastKnownFileType = image.png; path = "pinfo@2x.png"; sourceTree = "<group>"; };
		00E50DFA187281A8003BE168 /* pweb.png */ = {isa = PBXFileReference; lastKnownFileType = image.png; path = pweb.png; sourceTree = "<group>"; };
		00E50DFB187281A8003BE168 /* pweb@2x.png */ = {isa = PBXFileReference; lastKnownFileType = image.png; path = "pweb@2x.png"; sourceTree = "<group>"; };
/* End PBXFileReference section */

/* Begin PBXFrameworksBuildPhase section */
		00ACFE6418719649008CDF3B /* Frameworks */ = {
			isa = PBXFrameworksBuildPhase;
			buildActionMask = 2147483647;
			files = (
				00ACFE6D18719649008CDF3B /* CoreGraphics.framework in Frameworks */,
				00ACFE6F18719649008CDF3B /* UIKit.framework in Frameworks */,
				00ACFE6B18719649008CDF3B /* Foundation.framework in Frameworks */,
			);
			runOnlyForDeploymentPostprocessing = 0;
		};
		00ACFE7F18719649008CDF3B /* Frameworks */ = {
			isa = PBXFrameworksBuildPhase;
			buildActionMask = 2147483647;
			files = (
				00ACFE8418719649008CDF3B /* XCTest.framework in Frameworks */,
				00ACFE8618719649008CDF3B /* UIKit.framework in Frameworks */,
				00ACFE8518719649008CDF3B /* Foundation.framework in Frameworks */,
			);
			runOnlyForDeploymentPostprocessing = 0;
		};
/* End PBXFrameworksBuildPhase section */

/* Begin PBXGroup section */
		0025F0E21874109800ABC753 /* 云颜文字 */ = {
			isa = PBXGroup;
			children = (
				0025F0E61874141A00ABC753 /* OnlineLibraryTVC.h */,
				0025F0E71874141A00ABC753 /* OnlineLibraryTVC.m */,
				0025F0E3187410EF00ABC753 /* TypeMenuView.h */,
				0025F0E4187410EF00ABC753 /* TypeMenuView.m */,
			);
			name = "云颜文字";
			sourceTree = "<group>";
		};
		0059FAEB187436680021BE91 /* 网络数据 */ = {
			isa = PBXGroup;
			children = (
				00ACFF3618719D30008CDF3B /* RefreshView.h */,
				00ACFF3718719D30008CDF3B /* RefreshView.m */,
				0084108A18758C9800806872 /* MD5.h */,
				0084108B18758C9800806872 /* MD5.m */,
				0059FAE8187436630021BE91 /* NetWork.h */,
				0059FAE9187436630021BE91 /* NetWork.m */,
				0059FAE5187436460021BE91 /* XMLReader.h */,
				0059FAE6187436460021BE91 /* XMLReader.m */,
			);
			name = "网络数据";
			sourceTree = "<group>";
		};
		0059FAEC1874399A0021BE91 /* 源管理 */ = {
			isa = PBXGroup;
			children = (
				00E50DF018728061003BE168 /* LibraryTVC.h */,
				00E50DF118728061003BE168 /* LibraryTVC.m */,
				0059FAED187439C30021BE91 /* LibraryCell.h */,
				0059FAEE187439C30021BE91 /* LibraryCell.m */,
			);
			name = "源管理";
			sourceTree = "<group>";
		};
		00ACFE5E18719649008CDF3B = {
			isa = PBXGroup;
			children = (
				00ACFE7018719649008CDF3B /* cloudemoji_iOS */,
				00ACFE8918719649008CDF3B /* cloudemoji_iOSTests */,
				00ACFE6918719649008CDF3B /* Frameworks */,
				00ACFE6818719649008CDF3B /* Products */,
			);
			sourceTree = "<group>";
		};
		00ACFE6818719649008CDF3B /* Products */ = {
			isa = PBXGroup;
			children = (
				00ACFE6718719649008CDF3B /* cloudemoji_iOS.app */,
				00ACFE8218719649008CDF3B /* cloudemoji_iOSTests.xctest */,
			);
			name = Products;
			sourceTree = "<group>";
		};
		00ACFE6918719649008CDF3B /* Frameworks */ = {
			isa = PBXGroup;
			children = (
				004E16C318751A1000DF3AB3 /* libxml2.2.dylib */,
				00ACFE6A18719649008CDF3B /* Foundation.framework */,
				00ACFE6C18719649008CDF3B /* CoreGraphics.framework */,
				00ACFE6E18719649008CDF3B /* UIKit.framework */,
				00ACFE8318719649008CDF3B /* XCTest.framework */,
			);
			name = Frameworks;
			sourceTree = "<group>";
		};
		00ACFE7018719649008CDF3B /* cloudemoji_iOS */ = {
			isa = PBXGroup;
			children = (
				0059FAEB187436680021BE91 /* 网络数据 */,
				00ACFF491871D3E0008CDF3B /* InAppSettingsKit */,
				00ACFF24187199DC008CDF3B /* img */,
				00ACFE7918719649008CDF3B /* AppDelegate.h */,
				00ACFE7A18719649008CDF3B /* AppDelegate.m */,
				00ACFE7C18719649008CDF3B /* Images.xcassets */,
				00ACFF3318719C3C008CDF3B /* MainViewController.h */,
				00ACFF3418719C3C008CDF3B /* MainViewController.m */,
				00ACFE7118719649008CDF3B /* Supporting Files */,
				00ACFF3918719ECF008CDF3B /* Settings.bundle */,
				00ACFF3B1871C984008CDF3B /* test.xib */,
				0025F0E21874109800ABC753 /* 云颜文字 */,
				00ACFF401871D285008CDF3B /* FavoritesTVC.h */,
				00ACFF411871D285008CDF3B /* FavoritesTVC.m */,
				00ACFF431871D29F008CDF3B /* HistoryTVC.h */,
				00ACFF441871D29F008CDF3B /* HistoryTVC.m */,
				00ACFF461871D2BF008CDF3B /* CustomTVC.h */,
				00ACFF471871D2BF008CDF3B /* CustomTVC.m */,
				0059FAEC1874399A0021BE91 /* 源管理 */,
				00E50DF318728109003BE168 /* AboutViewController.h */,
				00E50DF418728109003BE168 /* AboutViewController.m */,
				0025F0B318740DB400ABC753 /* SearchTVC.h */,
				0025F0B418740DB400ABC753 /* SearchTVC.m */,
			);
			path = cloudemoji_iOS;
			sourceTree = "<group>";
		};
		00ACFE7118719649008CDF3B /* Supporting Files */ = {
			isa = PBXGroup;
			children = (
				00ACFE7218719649008CDF3B /* cloudemoji_iOS-Info.plist */,
				00ACFE7318719649008CDF3B /* InfoPlist.strings */,
				00ACFE7618719649008CDF3B /* main.m */,
				00ACFE7818719649008CDF3B /* cloudemoji_iOS-Prefix.pch */,
			);
			name = "Supporting Files";
			sourceTree = "<group>";
		};
		00ACFE8918719649008CDF3B /* cloudemoji_iOSTests */ = {
			isa = PBXGroup;
			children = (
				00ACFE8F18719649008CDF3B /* cloudemoji_iOSTests.m */,
				00ACFE8A18719649008CDF3B /* Supporting Files */,
			);
			path = cloudemoji_iOSTests;
			sourceTree = "<group>";
		};
		00ACFE8A18719649008CDF3B /* Supporting Files */ = {
			isa = PBXGroup;
			children = (
				00ACFE8B18719649008CDF3B /* cloudemoji_iOSTests-Info.plist */,
				00ACFE8C18719649008CDF3B /* InfoPlist.strings */,
			);
			name = "Supporting Files";
			sourceTree = "<group>";
		};
		00ACFF24187199DC008CDF3B /* img */ = {
			isa = PBXGroup;
			children = (
				0025F0F31874253A00ABC753 /* 38134429.jpg */,
				0025F0F11874249F00ABC753 /* yande.re 274096 machine-doll_wa_kizutsukanai pantsu tagme thighhighs yaya.jpg */,
				0025F0DA18740F3800ABC753 /* pkey@2x.png */,
				0025F0DB18740F3800ABC753 /* pre.png */,
				0025F0DC18740F3800ABC753 /* pre@2x.png */,
				0025F0DD18740F3800ABC753 /* psent@2x.png */,
				0025F0B618740DC900ABC753 /* pdel.png */,
				0025F0B718740DC900ABC753 /* pdel@2x.png */,
				0025F0B818740DC900ABC753 /* pdel2.png */,
				0025F0B918740DC900ABC753 /* pdel2@2x.png */,
				0025F0BA18740DC900ABC753 /* pkey.png */,
				0025F0BB18740DC900ABC753 /* pkey2.png */,
				0025F0BC18740DC900ABC753 /* pkey2@2x.png */,
				0025F0BD18740DC900ABC753 /* pok.png */,
				0025F0BE18740DC900ABC753 /* pok@2x.png */,
				0025F0BF18740DC900ABC753 /* pok2.png */,
				0025F0C018740DC900ABC753 /* pok2@2x.png */,
				0025F0C118740DC900ABC753 /* psearch.png */,
				0025F0C218740DC900ABC753 /* psearch@2x.png */,
				0025F0C318740DC900ABC753 /* psent.png */,
				0025F0C418740DC900ABC753 /* pstar.png */,
				0025F0C518740DC900ABC753 /* pstar@2x.png */,
				0025F0C618740DC900ABC753 /* pstar2.png */,
				0025F0C718740DC900ABC753 /* pstar2@2x.png */,
				00E50DCC18727C12003BE168 /* pbook.png */,
				00E50DCD18727C12003BE168 /* pbook@2x.png */,
				00E50DCE18727C12003BE168 /* pbook2.png */,
				00E50DCF18727C12003BE168 /* pbook2@2x.png */,
				00E50DD018727C12003BE168 /* pclock.png */,
				00E50DD118727C12003BE168 /* pclock@2x.png */,
				00E50DD218727C12003BE168 /* pclock2.png */,
				00E50DD318727C12003BE168 /* pclock2@2x.png */,
				00E50DD418727C12003BE168 /* pcould.png */,
				00E50DD518727C12003BE168 /* pcould@2x.png */,
				00E50DD618727C12003BE168 /* pcould2.png */,
				00E50DD718727C12003BE168 /* pcould2@2x.png */,
				00E50DD818727C12003BE168 /* psetting.png */,
				00E50DD918727C12003BE168 /* psetting@2x.png */,
				00E50DDA18727C12003BE168 /* psetting2.png */,
				00E50DDB18727C12003BE168 /* psetting2@2x.png */,
				00E50DDC18727C12003BE168 /* pwri.png */,
				00E50DDD18727C12003BE168 /* pwri@2x.png */,
				00E50DF6187281A8003BE168 /* info2.png */,
				00E50DF7187281A8003BE168 /* info2@2x.png */,
				00E50DF8187281A8003BE168 /* pinfo.png */,
				00E50DF9187281A8003BE168 /* pinfo@2x.png */,
				00E50DFA187281A8003BE168 /* pweb.png */,
				00E50DFB187281A8003BE168 /* pweb@2x.png */,
				00ACFF3118719A3F008CDF3B /* ic_launcher-76.png */,
				00ACFF25187199DC008CDF3B /* ic_launcher-120.png */,
				00ACFF26187199DC008CDF3B /* ic_launcher-152.png */,
				00ACFF27187199DC008CDF3B /* ic_launcher-29.png */,
				00ACFF28187199DC008CDF3B /* ic_launcher-40.png */,
				00ACFF29187199DC008CDF3B /* ic_launcher-58.png */,
				00ACFF2A187199DC008CDF3B /* ic_launcher-80.png */,
			);
			path = img;
			sourceTree = "<group>";
		};
		00ACFF491871D3E0008CDF3B /* InAppSettingsKit */ = {
			isa = PBXGroup;
			children = (
				00ACFF4A1871D3E0008CDF3B /* Controllers */,
				00ACFF521871D3E0008CDF3B /* Models */,
				00ACFF5D1871D3E0008CDF3B /* Views */,
			);
			path = InAppSettingsKit;
			sourceTree = "<group>";
		};
		00ACFF4A1871D3E0008CDF3B /* Controllers */ = {
			isa = PBXGroup;
			children = (
				00ACFF4B1871D3E0008CDF3B /* IASKAppSettingsViewController.h */,
				00ACFF4C1871D3E0008CDF3B /* IASKAppSettingsViewController.m */,
				00ACFF4D1871D3E0008CDF3B /* IASKAppSettingsWebViewController.h */,
				00ACFF4E1871D3E0008CDF3B /* IASKAppSettingsWebViewController.m */,
				00ACFF4F1871D3E0008CDF3B /* IASKSpecifierValuesViewController.h */,
				00ACFF501871D3E0008CDF3B /* IASKSpecifierValuesViewController.m */,
				00ACFF511871D3E0008CDF3B /* IASKViewController.h */,
			);
			path = Controllers;
			sourceTree = "<group>";
		};
		00ACFF521871D3E0008CDF3B /* Models */ = {
			isa = PBXGroup;
			children = (
				00ACFF531871D3E0008CDF3B /* IASKSettingsReader.h */,
				00ACFF541871D3E0008CDF3B /* IASKSettingsReader.m */,
				00ACFF551871D3E0008CDF3B /* IASKSettingsStore.h */,
				00ACFF561871D3E0008CDF3B /* IASKSettingsStore.m */,
				00ACFF571871D3E0008CDF3B /* IASKSettingsStoreFile.h */,
				00ACFF581871D3E0008CDF3B /* IASKSettingsStoreFile.m */,
				00ACFF591871D3E0008CDF3B /* IASKSettingsStoreUserDefaults.h */,
				00ACFF5A1871D3E0008CDF3B /* IASKSettingsStoreUserDefaults.m */,
				00ACFF5B1871D3E0008CDF3B /* IASKSpecifier.h */,
				00ACFF5C1871D3E0008CDF3B /* IASKSpecifier.m */,
			);
			path = Models;
			sourceTree = "<group>";
		};
		00ACFF5D1871D3E0008CDF3B /* Views */ = {
			isa = PBXGroup;
			children = (
				00ACFF5E1871D3E1008CDF3B /* IASKPSSliderSpecifierViewCell.h */,
				00ACFF5F1871D3E1008CDF3B /* IASKPSSliderSpecifierViewCell.m */,
				00ACFF601871D3E1008CDF3B /* IASKPSTextFieldSpecifierViewCell.h */,
				00ACFF611871D3E1008CDF3B /* IASKPSTextFieldSpecifierViewCell.m */,
				00ACFF621871D3E1008CDF3B /* IASKPSTitleValueSpecifierViewCell.h */,
				00ACFF631871D3E1008CDF3B /* IASKPSTitleValueSpecifierViewCell.m */,
				00ACFF641871D3E1008CDF3B /* IASKSlider.h */,
				00ACFF651871D3E1008CDF3B /* IASKSlider.m */,
				00ACFF661871D3E1008CDF3B /* IASKSwitch.h */,
				00ACFF671871D3E1008CDF3B /* IASKSwitch.m */,
				00ACFF681871D3E1008CDF3B /* IASKTextField.h */,
				00ACFF691871D3E1008CDF3B /* IASKTextField.m */,
			);
			path = Views;
			sourceTree = "<group>";
		};
/* End PBXGroup section */

/* Begin PBXNativeTarget section */
		00ACFE6618719649008CDF3B /* cloudemoji_iOS */ = {
			isa = PBXNativeTarget;
			buildConfigurationList = 00ACFE9318719649008CDF3B /* Build configuration list for PBXNativeTarget "cloudemoji_iOS" */;
			buildPhases = (
				00ACFE6318719649008CDF3B /* Sources */,
				00ACFE6418719649008CDF3B /* Frameworks */,
				00ACFE6518719649008CDF3B /* Resources */,
			);
			buildRules = (
			);
			dependencies = (
			);
			name = cloudemoji_iOS;
			productName = cloudemoji_iOS;
			productReference = 00ACFE6718719649008CDF3B /* cloudemoji_iOS.app */;
			productType = "com.apple.product-type.application";
		};
		00ACFE8118719649008CDF3B /* cloudemoji_iOSTests */ = {
			isa = PBXNativeTarget;
			buildConfigurationList = 00ACFE9618719649008CDF3B /* Build configuration list for PBXNativeTarget "cloudemoji_iOSTests" */;
			buildPhases = (
				00ACFE7E18719649008CDF3B /* Sources */,
				00ACFE7F18719649008CDF3B /* Frameworks */,
				00ACFE8018719649008CDF3B /* Resources */,
			);
			buildRules = (
			);
			dependencies = (
				00ACFE8818719649008CDF3B /* PBXTargetDependency */,
			);
			name = cloudemoji_iOSTests;
			productName = cloudemoji_iOSTests;
			productReference = 00ACFE8218719649008CDF3B /* cloudemoji_iOSTests.xctest */;
			productType = "com.apple.product-type.bundle.unit-test";
		};
/* End PBXNativeTarget section */

/* Begin PBXProject section */
		00ACFE5F18719649008CDF3B /* Project object */ = {
			isa = PBXProject;
			attributes = {
				LastUpgradeCheck = 0500;
				ORGANIZATIONNAME = Yashi;
				TargetAttributes = {
					00ACFE8118719649008CDF3B = {
						TestTargetID = 00ACFE6618719649008CDF3B;
					};
				};
			};
			buildConfigurationList = 00ACFE6218719649008CDF3B /* Build configuration list for PBXProject "cloudemoji_iOS" */;
			compatibilityVersion = "Xcode 3.2";
			developmentRegion = English;
			hasScannedForEncodings = 0;
			knownRegions = (
				en,
			);
			mainGroup = 00ACFE5E18719649008CDF3B;
			productRefGroup = 00ACFE6818719649008CDF3B /* Products */;
			projectDirPath = "";
			projectRoot = "";
			targets = (
				00ACFE6618719649008CDF3B /* cloudemoji_iOS */,
				00ACFE8118719649008CDF3B /* cloudemoji_iOSTests */,
			);
		};
/* End PBXProject section */

/* Begin PBXResourcesBuildPhase section */
		00ACFE6518719649008CDF3B /* Resources */ = {
			isa = PBXResourcesBuildPhase;
			buildActionMask = 2147483647;
			files = (
				0025F0CF18740DC900ABC753 /* pok.png in Resources */,
				0025F0D418740DC900ABC753 /* psearch@2x.png in Resources */,
				00E50DEC18727C12003BE168 /* psetting2.png in Resources */,
				0025F0DE18740F3800ABC753 /* pkey@2x.png in Resources */,
				00E50DE418727C12003BE168 /* pclock2.png in Resources */,
				00ACFE7518719649008CDF3B /* InfoPlist.strings in Resources */,
				0025F0E018740F3800ABC753 /* pre@2x.png in Resources */,
				00E50DE718727C12003BE168 /* pcould@2x.png in Resources */,
				0025F0D618740DC900ABC753 /* pstar.png in Resources */,
				00E50DE818727C12003BE168 /* pcould2.png in Resources */,
				00ACFF2D187199DC008CDF3B /* ic_launcher-29.png in Resources */,
				0025F0D318740DC900ABC753 /* psearch.png in Resources */,
				00E50DE518727C12003BE168 /* pclock2@2x.png in Resources */,
				0025F0D218740DC900ABC753 /* pok2@2x.png in Resources */,
				0025F0CB18740DC900ABC753 /* pdel2@2x.png in Resources */,
				00ACFF3A18719ECF008CDF3B /* Settings.bundle in Resources */,
				00E50DEF18727C12003BE168 /* pwri@2x.png in Resources */,
				0025F0D118740DC900ABC753 /* pok2.png in Resources */,
				00E50DFD187281A8003BE168 /* info2@2x.png in Resources */,
				0025F0D818740DC900ABC753 /* pstar2.png in Resources */,
				00E50DE318727C12003BE168 /* pclock@2x.png in Resources */,
				0025F0D018740DC900ABC753 /* pok@2x.png in Resources */,
				00ACFF2E187199DC008CDF3B /* ic_launcher-40.png in Resources */,
				00E50DFF187281A8003BE168 /* pinfo@2x.png in Resources */,
				0025F0CE18740DC900ABC753 /* pkey2@2x.png in Resources */,
				0025F0CA18740DC900ABC753 /* pdel2.png in Resources */,
				00ACFF3C1871C984008CDF3B /* test.xib in Resources */,
				0025F0D718740DC900ABC753 /* pstar@2x.png in Resources */,
				00ACFF2F187199DC008CDF3B /* ic_launcher-58.png in Resources */,
				0025F0D918740DC900ABC753 /* pstar2@2x.png in Resources */,
				00E50DE118727C12003BE168 /* pbook2@2x.png in Resources */,
				00E50DE018727C12003BE168 /* pbook2.png in Resources */,
				0025F0C918740DC900ABC753 /* pdel@2x.png in Resources */,
				00ACFF2C187199DC008CDF3B /* ic_launcher-152.png in Resources */,
				00E50DE618727C12003BE168 /* pcould.png in Resources */,
				0025F0D518740DC900ABC753 /* psent.png in Resources */,
				0025F0E118740F3800ABC753 /* psent@2x.png in Resources */,
				00E50DE918727C12003BE168 /* pcould2@2x.png in Resources */,
				0025F0C818740DC900ABC753 /* pdel.png in Resources */,
				00E50DED18727C12003BE168 /* psetting2@2x.png in Resources */,
				00E50E00187281A8003BE168 /* pweb.png in Resources */,
				0025F0DF18740F3800ABC753 /* pre.png in Resources */,
				00E50DE218727C12003BE168 /* pclock.png in Resources */,
				00E50DEB18727C12003BE168 /* psetting@2x.png in Resources */,
				00ACFE7D18719649008CDF3B /* Images.xcassets in Resources */,
				00E50DDF18727C12003BE168 /* pbook@2x.png in Resources */,
				00E50E01187281A8003BE168 /* pweb@2x.png in Resources */,
				00E50DFE187281A8003BE168 /* pinfo.png in Resources */,
				0025F0F21874249F00ABC753 /* yande.re 274096 machine-doll_wa_kizutsukanai pantsu tagme thighhighs yaya.jpg in Resources */,
				00ACFF2B187199DC008CDF3B /* ic_launcher-120.png in Resources */,
				00ACFF3218719A3F008CDF3B /* ic_launcher-76.png in Resources */,
				00E50DEA18727C12003BE168 /* psetting.png in Resources */,
				00E50DFC187281A8003BE168 /* info2.png in Resources */,
				0025F0CC18740DC900ABC753 /* pkey.png in Resources */,
				00E50DEE18727C12003BE168 /* pwri.png in Resources */,
				00ACFF30187199DC008CDF3B /* ic_launcher-80.png in Resources */,
				00E50DDE18727C12003BE168 /* pbook.png in Resources */,
				0025F0CD18740DC900ABC753 /* pkey2.png in Resources */,
				0025F0F41874253A00ABC753 /* 38134429.jpg in Resources */,
			);
			runOnlyForDeploymentPostprocessing = 0;
		};
		00ACFE8018719649008CDF3B /* Resources */ = {
			isa = PBXResourcesBuildPhase;
			buildActionMask = 2147483647;
			files = (
				00ACFE8E18719649008CDF3B /* InfoPlist.strings in Resources */,
			);
			runOnlyForDeploymentPostprocessing = 0;
		};
/* End PBXResourcesBuildPhase section */

/* Begin PBXSourcesBuildPhase section */
		00ACFE6318719649008CDF3B /* Sources */ = {
			isa = PBXSourcesBuildPhase;
			buildActionMask = 2147483647;
			files = (
				00ACFF421871D285008CDF3B /* FavoritesTVC.m in Sources */,
				00ACFF751871D3E1008CDF3B /* IASKSlider.m in Sources */,
				00ACFF771871D3E1008CDF3B /* IASKTextField.m in Sources */,
				00ACFF731871D3E1008CDF3B /* IASKPSTextFieldSpecifierViewCell.m in Sources */,
				0059FAEF187439C30021BE91 /* LibraryCell.m in Sources */,
				00ACFF741871D3E1008CDF3B /* IASKPSTitleValueSpecifierViewCell.m in Sources */,
				00E50DF218728061003BE168 /* LibraryTVC.m in Sources */,
				0025F0E81874141A00ABC753 /* OnlineLibraryTVC.m in Sources */,
				00ACFE7B18719649008CDF3B /* AppDelegate.m in Sources */,
				00ACFF6D1871D3E1008CDF3B /* IASKSettingsReader.m in Sources */,
				00ACFF3518719C3C008CDF3B /* MainViewController.m in Sources */,
				00ACFF6C1871D3E1008CDF3B /* IASKSpecifierValuesViewController.m in Sources */,
				0084108C18758C9800806872 /* MD5.m in Sources */,
				00ACFF6F1871D3E1008CDF3B /* IASKSettingsStoreFile.m in Sources */,
				00ACFF451871D29F008CDF3B /* HistoryTVC.m in Sources */,
				00ACFF761871D3E1008CDF3B /* IASKSwitch.m in Sources */,
				00ACFF3818719D30008CDF3B /* RefreshView.m in Sources */,
				00ACFF481871D2BF008CDF3B /* CustomTVC.m in Sources */,
				0059FAE7187436460021BE91 /* XMLReader.m in Sources */,
				00ACFF6E1871D3E1008CDF3B /* IASKSettingsStore.m in Sources */,
				0025F0B518740DB400ABC753 /* SearchTVC.m in Sources */,
				00ACFE7718719649008CDF3B /* main.m in Sources */,
				00E50DF518728109003BE168 /* AboutViewController.m in Sources */,
				00ACFF711871D3E1008CDF3B /* IASKSpecifier.m in Sources */,
				0059FAEA187436630021BE91 /* NetWork.m in Sources */,
				00ACFF6B1871D3E1008CDF3B /* IASKAppSettingsWebViewController.m in Sources */,
				00ACFF6A1871D3E1008CDF3B /* IASKAppSettingsViewController.m in Sources */,
				0025F0E5187410EF00ABC753 /* TypeMenuView.m in Sources */,
				00ACFF701871D3E1008CDF3B /* IASKSettingsStoreUserDefaults.m in Sources */,
				00ACFF721871D3E1008CDF3B /* IASKPSSliderSpecifierViewCell.m in Sources */,
			);
			runOnlyForDeploymentPostprocessing = 0;
		};
		00ACFE7E18719649008CDF3B /* Sources */ = {
			isa = PBXSourcesBuildPhase;
			buildActionMask = 2147483647;
			files = (
				00ACFE9018719649008CDF3B /* cloudemoji_iOSTests.m in Sources */,
			);
			runOnlyForDeploymentPostprocessing = 0;
		};
/* End PBXSourcesBuildPhase section */

/* Begin PBXTargetDependency section */
		00ACFE8818719649008CDF3B /* PBXTargetDependency */ = {
			isa = PBXTargetDependency;
			target = 00ACFE6618719649008CDF3B /* cloudemoji_iOS */;
			targetProxy = 00ACFE8718719649008CDF3B /* PBXContainerItemProxy */;
		};
/* End PBXTargetDependency section */

/* Begin PBXVariantGroup section */
		00ACFE7318719649008CDF3B /* InfoPlist.strings */ = {
			isa = PBXVariantGroup;
			children = (
				00ACFE7418719649008CDF3B /* en */,
			);
			name = InfoPlist.strings;
			sourceTree = "<group>";
		};
		00ACFE8C18719649008CDF3B /* InfoPlist.strings */ = {
			isa = PBXVariantGroup;
			children = (
				00ACFE8D18719649008CDF3B /* en */,
			);
			name = InfoPlist.strings;
			sourceTree = "<group>";
		};
/* End PBXVariantGroup section */

/* Begin XCBuildConfiguration section */
		00ACFE9118719649008CDF3B /* Debug */ = {
			isa = XCBuildConfiguration;
			buildSettings = {
				ALWAYS_SEARCH_USER_PATHS = NO;
				ARCHS = "$(ARCHS_STANDARD_INCLUDING_64_BIT)";
				CLANG_CXX_LANGUAGE_STANDARD = "gnu++0x";
				CLANG_CXX_LIBRARY = "libc++";
				CLANG_ENABLE_MODULES = YES;
				CLANG_ENABLE_OBJC_ARC = YES;
				CLANG_WARN_BOOL_CONVERSION = YES;
				CLANG_WARN_CONSTANT_CONVERSION = YES;
				CLANG_WARN_DIRECT_OBJC_ISA_USAGE = YES_ERROR;
				CLANG_WARN_EMPTY_BODY = YES;
				CLANG_WARN_ENUM_CONVERSION = YES;
				CLANG_WARN_INT_CONVERSION = YES;
				CLANG_WARN_OBJC_ROOT_CLASS = YES_ERROR;
				CLANG_WARN__DUPLICATE_METHOD_MATCH = YES;
				"CODE_SIGN_IDENTITY[sdk=iphoneos*]" = "iPhone Developer";
				COPY_PHASE_STRIP = NO;
				GCC_C_LANGUAGE_STANDARD = gnu99;
				GCC_DYNAMIC_NO_PIC = NO;
				GCC_OPTIMIZATION_LEVEL = 0;
				GCC_PREPROCESSOR_DEFINITIONS = (
					"DEBUG=1",
					"$(inherited)",
				);
				GCC_SYMBOLS_PRIVATE_EXTERN = NO;
				GCC_WARN_64_TO_32_BIT_CONVERSION = YES;
				GCC_WARN_ABOUT_RETURN_TYPE = YES_ERROR;
				GCC_WARN_UNDECLARED_SELECTOR = YES;
				GCC_WARN_UNINITIALIZED_AUTOS = YES;
				GCC_WARN_UNUSED_FUNCTION = YES;
				GCC_WARN_UNUSED_VARIABLE = YES;
				IPHONEOS_DEPLOYMENT_TARGET = 7.0;
				ONLY_ACTIVE_ARCH = YES;
				SDKROOT = iphoneos;
				TARGETED_DEVICE_FAMILY = "1,2";
			};
			name = Debug;
		};
		00ACFE9218719649008CDF3B /* Release */ = {
			isa = XCBuildConfiguration;
			buildSettings = {
				ALWAYS_SEARCH_USER_PATHS = NO;
				ARCHS = "$(ARCHS_STANDARD_INCLUDING_64_BIT)";
				CLANG_CXX_LANGUAGE_STANDARD = "gnu++0x";
				CLANG_CXX_LIBRARY = "libc++";
				CLANG_ENABLE_MODULES = YES;
				CLANG_ENABLE_OBJC_ARC = YES;
				CLANG_WARN_BOOL_CONVERSION = YES;
				CLANG_WARN_CONSTANT_CONVERSION = YES;
				CLANG_WARN_DIRECT_OBJC_ISA_USAGE = YES_ERROR;
				CLANG_WARN_EMPTY_BODY = YES;
				CLANG_WARN_ENUM_CONVERSION = YES;
				CLANG_WARN_INT_CONVERSION = YES;
				CLANG_WARN_OBJC_ROOT_CLASS = YES_ERROR;
				CLANG_WARN__DUPLICATE_METHOD_MATCH = YES;
				"CODE_SIGN_IDENTITY[sdk=iphoneos*]" = "iPhone Developer";
				COPY_PHASE_STRIP = YES;
				ENABLE_NS_ASSERTIONS = NO;
				GCC_C_LANGUAGE_STANDARD = gnu99;
				GCC_WARN_64_TO_32_BIT_CONVERSION = YES;
				GCC_WARN_ABOUT_RETURN_TYPE = YES_ERROR;
				GCC_WARN_UNDECLARED_SELECTOR = YES;
				GCC_WARN_UNINITIALIZED_AUTOS = YES;
				GCC_WARN_UNUSED_FUNCTION = YES;
				GCC_WARN_UNUSED_VARIABLE = YES;
				IPHONEOS_DEPLOYMENT_TARGET = 7.0;
				SDKROOT = iphoneos;
				TARGETED_DEVICE_FAMILY = "1,2";
				VALIDATE_PRODUCT = YES;
			};
			name = Release;
		};
		00ACFE9418719649008CDF3B /* Debug */ = {
			isa = XCBuildConfiguration;
			buildSettings = {
				ASSETCATALOG_COMPILER_APPICON_NAME = AppIcon;
				ASSETCATALOG_COMPILER_LAUNCHIMAGE_NAME = LaunchImage;
				GCC_PRECOMPILE_PREFIX_HEADER = YES;
				GCC_PREFIX_HEADER = "cloudemoji_iOS/cloudemoji_iOS-Prefix.pch";
				INFOPLIST_FILE = "cloudemoji_iOS/cloudemoji_iOS-Info.plist";
				PRODUCT_NAME = "$(TARGET_NAME)";
				WRAPPER_EXTENSION = app;
			};
			name = Debug;
		};
		00ACFE9518719649008CDF3B /* Release */ = {
			isa = XCBuildConfiguration;
			buildSettings = {
				ASSETCATALOG_COMPILER_APPICON_NAME = AppIcon;
				ASSETCATALOG_COMPILER_LAUNCHIMAGE_NAME = LaunchImage;
				GCC_PRECOMPILE_PREFIX_HEADER = YES;
				GCC_PREFIX_HEADER = "cloudemoji_iOS/cloudemoji_iOS-Prefix.pch";
				INFOPLIST_FILE = "cloudemoji_iOS/cloudemoji_iOS-Info.plist";
				PRODUCT_NAME = "$(TARGET_NAME)";
				WRAPPER_EXTENSION = app;
			};
			name = Release;
		};
		00ACFE9718719649008CDF3B /* Debug */ = {
			isa = XCBuildConfiguration;
			buildSettings = {
				ARCHS = "$(ARCHS_STANDARD_INCLUDING_64_BIT)";
				BUNDLE_LOADER = "$(BUILT_PRODUCTS_DIR)/cloudemoji_iOS.app/cloudemoji_iOS";
				FRAMEWORK_SEARCH_PATHS = (
					"$(SDKROOT)/Developer/Library/Frameworks",
					"$(inherited)",
					"$(DEVELOPER_FRAMEWORKS_DIR)",
				);
				GCC_PRECOMPILE_PREFIX_HEADER = YES;
				GCC_PREFIX_HEADER = "cloudemoji_iOS/cloudemoji_iOS-Prefix.pch";
				GCC_PREPROCESSOR_DEFINITIONS = (
					"DEBUG=1",
					"$(inherited)",
				);
				INFOPLIST_FILE = "cloudemoji_iOSTests/cloudemoji_iOSTests-Info.plist";
				PRODUCT_NAME = "$(TARGET_NAME)";
				TEST_HOST = "$(BUNDLE_LOADER)";
				WRAPPER_EXTENSION = xctest;
			};
			name = Debug;
		};
		00ACFE9818719649008CDF3B /* Release */ = {
			isa = XCBuildConfiguration;
			buildSettings = {
				ARCHS = "$(ARCHS_STANDARD_INCLUDING_64_BIT)";
				BUNDLE_LOADER = "$(BUILT_PRODUCTS_DIR)/cloudemoji_iOS.app/cloudemoji_iOS";
				FRAMEWORK_SEARCH_PATHS = (
					"$(SDKROOT)/Developer/Library/Frameworks",
					"$(inherited)",
					"$(DEVELOPER_FRAMEWORKS_DIR)",
				);
				GCC_PRECOMPILE_PREFIX_HEADER = YES;
				GCC_PREFIX_HEADER = "cloudemoji_iOS/cloudemoji_iOS-Prefix.pch";
				INFOPLIST_FILE = "cloudemoji_iOSTests/cloudemoji_iOSTests-Info.plist";
				PRODUCT_NAME = "$(TARGET_NAME)";
				TEST_HOST = "$(BUNDLE_LOADER)";
				WRAPPER_EXTENSION = xctest;
			};
			name = Release;
		};
/* End XCBuildConfiguration section */

/* Begin XCConfigurationList section */
		00ACFE6218719649008CDF3B /* Build configuration list for PBXProject "cloudemoji_iOS" */ = {
			isa = XCConfigurationList;
			buildConfigurations = (
				00ACFE9118719649008CDF3B /* Debug */,
				00ACFE9218719649008CDF3B /* Release */,
			);
			defaultConfigurationIsVisible = 0;
			defaultConfigurationName = Release;
		};
		00ACFE9318719649008CDF3B /* Build configuration list for PBXNativeTarget "cloudemoji_iOS" */ = {
			isa = XCConfigurationList;
			buildConfigurations = (
				00ACFE9418719649008CDF3B /* Debug */,
				00ACFE9518719649008CDF3B /* Release */,
			);
			defaultConfigurationIsVisible = 0;
			defaultConfigurationName = Release;
		};
		00ACFE9618719649008CDF3B /* Build configuration list for PBXNativeTarget "cloudemoji_iOSTests" */ = {
			isa = XCConfigurationList;
			buildConfigurations = (
				00ACFE9718719649008CDF3B /* Debug */,
				00ACFE9818719649008CDF3B /* Release */,
			);
			defaultConfigurationIsVisible = 0;
			defaultConfigurationName = Release;
		};
/* End XCConfigurationList section */
	};
	rootObject = 00ACFE5F18719649008CDF3B /* Project object */;
}
