// !$*UTF8*$!
{
	archiveVersion = 1;
	classes = {
	};
	objectVersion = 46;
	objects = {

/* Begin PBXBuildFile section */
		00189E8318DD98A900210D97 /* Cocoa.framework in Frameworks */ = {isa = PBXBuildFile; fileRef = 00189E8218DD98A900210D97 /* Cocoa.framework */; };
		00189E8D18DD98A900210D97 /* InfoPlist.strings in Resources */ = {isa = PBXBuildFile; fileRef = 00189E8B18DD98A900210D97 /* InfoPlist.strings */; };
		00189E8F18DD98A900210D97 /* main.m in Sources */ = {isa = PBXBuildFile; fileRef = 00189E8E18DD98A900210D97 /* main.m */; };
		00189E9318DD98A900210D97 /* Credits.rtf in Resources */ = {isa = PBXBuildFile; fileRef = 00189E9118DD98A900210D97 /* Credits.rtf */; };
		00189E9618DD98A900210D97 /* AppDelegate.m in Sources */ = {isa = PBXBuildFile; fileRef = 00189E9518DD98A900210D97 /* AppDelegate.m */; };
		00189E9918DD98A900210D97 /* MainMenu.xib in Resources */ = {isa = PBXBuildFile; fileRef = 00189E9718DD98A900210D97 /* MainMenu.xib */; };
		00189E9B18DD98A900210D97 /* Images.xcassets in Resources */ = {isa = PBXBuildFile; fileRef = 00189E9A18DD98A900210D97 /* Images.xcassets */; };
		00189EA218DD98A900210D97 /* XCTest.framework in Frameworks */ = {isa = PBXBuildFile; fileRef = 00189EA118DD98A900210D97 /* XCTest.framework */; };
		00189EA318DD98A900210D97 /* Cocoa.framework in Frameworks */ = {isa = PBXBuildFile; fileRef = 00189E8218DD98A900210D97 /* Cocoa.framework */; };
		00189EAB18DD98A900210D97 /* InfoPlist.strings in Resources */ = {isa = PBXBuildFile; fileRef = 00189EA918DD98A900210D97 /* InfoPlist.strings */; };
		00189EAD18DD98A900210D97 /* xml2jsonTests.m in Sources */ = {isa = PBXBuildFile; fileRef = 00189EAC18DD98A900210D97 /* xml2jsonTests.m */; };
		00189EB718DDA03700210D97 /* IDERoundToolbarButton_Run_Active.tiff in Resources */ = {isa = PBXBuildFile; fileRef = 00189EB618DDA03700210D97 /* IDERoundToolbarButton_Run_Active.tiff */; };
		00189EBB18DDA35C00210D97 /* TemplateIcon.icns in Resources */ = {isa = PBXBuildFile; fileRef = 00189EBA18DDA35C00210D97 /* TemplateIcon.icns */; };
		00189EBE18DDB42C00210D97 /* jsonxml.m in Sources */ = {isa = PBXBuildFile; fileRef = 00189EBD18DDB42C00210D97 /* jsonxml.m */; };
		00189EC118DDB52400210D97 /* XMLReader.m in Sources */ = {isa = PBXBuildFile; fileRef = 00189EC018DDB52400210D97 /* XMLReader.m */; };
		005D82FF18DDBE1A00D88483 /* XMLElement.m in Sources */ = {isa = PBXBuildFile; fileRef = 005D82FE18DDBE1A00D88483 /* XMLElement.m */; };
		005D830118DDC9D200D88483 /* IDERoundToolbarButton_Stop_Active.tiff in Resources */ = {isa = PBXBuildFile; fileRef = 005D830018DDC9D200D88483 /* IDERoundToolbarButton_Stop_Active.tiff */; };
		0086C8ED18DE76DA006FABC6 /* ic_launcher-152.png in Resources */ = {isa = PBXBuildFile; fileRef = 0086C8EC18DE76DA006FABC6 /* ic_launcher-152.png */; };
/* End PBXBuildFile section */

/* Begin PBXContainerItemProxy section */
		00189EA418DD98A900210D97 /* PBXContainerItemProxy */ = {
			isa = PBXContainerItemProxy;
			containerPortal = 00189E7718DD98A900210D97 /* Project object */;
			proxyType = 1;
			remoteGlobalIDString = 00189E7E18DD98A900210D97;
			remoteInfo = xml2json;
		};
/* End PBXContainerItemProxy section */

/* Begin PBXFileReference section */
		00189E7F18DD98A900210D97 /* xml2json.app */ = {isa = PBXFileReference; explicitFileType = wrapper.application; includeInIndex = 0; path = xml2json.app; sourceTree = BUILT_PRODUCTS_DIR; };
		00189E8218DD98A900210D97 /* Cocoa.framework */ = {isa = PBXFileReference; lastKnownFileType = wrapper.framework; name = Cocoa.framework; path = System/Library/Frameworks/Cocoa.framework; sourceTree = SDKROOT; };
		00189E8518DD98A900210D97 /* AppKit.framework */ = {isa = PBXFileReference; lastKnownFileType = wrapper.framework; name = AppKit.framework; path = System/Library/Frameworks/AppKit.framework; sourceTree = SDKROOT; };
		00189E8618DD98A900210D97 /* CoreData.framework */ = {isa = PBXFileReference; lastKnownFileType = wrapper.framework; name = CoreData.framework; path = System/Library/Frameworks/CoreData.framework; sourceTree = SDKROOT; };
		00189E8718DD98A900210D97 /* Foundation.framework */ = {isa = PBXFileReference; lastKnownFileType = wrapper.framework; name = Foundation.framework; path = System/Library/Frameworks/Foundation.framework; sourceTree = SDKROOT; };
		00189E8A18DD98A900210D97 /* xml2json-Info.plist */ = {isa = PBXFileReference; lastKnownFileType = text.plist.xml; path = "xml2json-Info.plist"; sourceTree = "<group>"; };
		00189E8C18DD98A900210D97 /* en */ = {isa = PBXFileReference; lastKnownFileType = text.plist.strings; name = en; path = en.lproj/InfoPlist.strings; sourceTree = "<group>"; };
		00189E8E18DD98A900210D97 /* main.m */ = {isa = PBXFileReference; lastKnownFileType = sourcecode.c.objc; path = main.m; sourceTree = "<group>"; };
		00189E9018DD98A900210D97 /* xml2json-Prefix.pch */ = {isa = PBXFileReference; lastKnownFileType = sourcecode.c.h; path = "xml2json-Prefix.pch"; sourceTree = "<group>"; };
		00189E9218DD98A900210D97 /* en */ = {isa = PBXFileReference; lastKnownFileType = text.rtf; name = en; path = en.lproj/Credits.rtf; sourceTree = "<group>"; };
		00189E9418DD98A900210D97 /* AppDelegate.h */ = {isa = PBXFileReference; lastKnownFileType = sourcecode.c.h; path = AppDelegate.h; sourceTree = "<group>"; };
		00189E9518DD98A900210D97 /* AppDelegate.m */ = {isa = PBXFileReference; lastKnownFileType = sourcecode.c.objc; path = AppDelegate.m; sourceTree = "<group>"; };
		00189E9818DD98A900210D97 /* Base */ = {isa = PBXFileReference; lastKnownFileType = file.xib; name = Base; path = Base.lproj/MainMenu.xib; sourceTree = "<group>"; };
		00189E9A18DD98A900210D97 /* Images.xcassets */ = {isa = PBXFileReference; lastKnownFileType = folder.assetcatalog; path = Images.xcassets; sourceTree = "<group>"; };
		00189EA018DD98A900210D97 /* xml2jsonTests.xctest */ = {isa = PBXFileReference; explicitFileType = wrapper.cfbundle; includeInIndex = 0; path = xml2jsonTests.xctest; sourceTree = BUILT_PRODUCTS_DIR; };
		00189EA118DD98A900210D97 /* XCTest.framework */ = {isa = PBXFileReference; lastKnownFileType = wrapper.framework; name = XCTest.framework; path = Library/Frameworks/XCTest.framework; sourceTree = DEVELOPER_DIR; };
		00189EA818DD98A900210D97 /* xml2jsonTests-Info.plist */ = {isa = PBXFileReference; lastKnownFileType = text.plist.xml; path = "xml2jsonTests-Info.plist"; sourceTree = "<group>"; };
		00189EAA18DD98A900210D97 /* en */ = {isa = PBXFileReference; lastKnownFileType = text.plist.strings; name = en; path = en.lproj/InfoPlist.strings; sourceTree = "<group>"; };
		00189EAC18DD98A900210D97 /* xml2jsonTests.m */ = {isa = PBXFileReference; lastKnownFileType = sourcecode.c.objc; path = xml2jsonTests.m; sourceTree = "<group>"; };
		00189EB618DDA03700210D97 /* IDERoundToolbarButton_Run_Active.tiff */ = {isa = PBXFileReference; lastKnownFileType = image.tiff; path = IDERoundToolbarButton_Run_Active.tiff; sourceTree = "<group>"; };
		00189EBA18DDA35C00210D97 /* TemplateIcon.icns */ = {isa = PBXFileReference; lastKnownFileType = image.icns; path = TemplateIcon.icns; sourceTree = "<group>"; };
		00189EBC18DDB42C00210D97 /* jsonxml.h */ = {isa = PBXFileReference; fileEncoding = 4; lastKnownFileType = sourcecode.c.h; path = jsonxml.h; sourceTree = "<group>"; };
		00189EBD18DDB42C00210D97 /* jsonxml.m */ = {isa = PBXFileReference; fileEncoding = 4; lastKnownFileType = sourcecode.c.objc; path = jsonxml.m; sourceTree = "<group>"; };
		00189EBF18DDB52400210D97 /* XMLReader.h */ = {isa = PBXFileReference; fileEncoding = 4; lastKnownFileType = sourcecode.c.h; path = XMLReader.h; sourceTree = "<group>"; };
		00189EC018DDB52400210D97 /* XMLReader.m */ = {isa = PBXFileReference; fileEncoding = 4; lastKnownFileType = sourcecode.c.objc; path = XMLReader.m; sourceTree = "<group>"; };
		005D82FD18DDBE1A00D88483 /* XMLElement.h */ = {isa = PBXFileReference; fileEncoding = 4; lastKnownFileType = sourcecode.c.h; path = XMLElement.h; sourceTree = "<group>"; };
		005D82FE18DDBE1A00D88483 /* XMLElement.m */ = {isa = PBXFileReference; fileEncoding = 4; lastKnownFileType = sourcecode.c.objc; path = XMLElement.m; sourceTree = "<group>"; };
		005D830018DDC9D200D88483 /* IDERoundToolbarButton_Stop_Active.tiff */ = {isa = PBXFileReference; lastKnownFileType = image.tiff; path = IDERoundToolbarButton_Stop_Active.tiff; sourceTree = "<group>"; };
		0086C8EC18DE76DA006FABC6 /* ic_launcher-152.png */ = {isa = PBXFileReference; lastKnownFileType = image.png; path = "ic_launcher-152.png"; sourceTree = "<group>"; };
/* End PBXFileReference section */

/* Begin PBXFrameworksBuildPhase section */
		00189E7C18DD98A900210D97 /* Frameworks */ = {
			isa = PBXFrameworksBuildPhase;
			buildActionMask = 2147483647;
			files = (
				00189E8318DD98A900210D97 /* Cocoa.framework in Frameworks */,
			);
			runOnlyForDeploymentPostprocessing = 0;
		};
		00189E9D18DD98A900210D97 /* Frameworks */ = {
			isa = PBXFrameworksBuildPhase;
			buildActionMask = 2147483647;
			files = (
				00189EA318DD98A900210D97 /* Cocoa.framework in Frameworks */,
				00189EA218DD98A900210D97 /* XCTest.framework in Frameworks */,
			);
			runOnlyForDeploymentPostprocessing = 0;
		};
/* End PBXFrameworksBuildPhase section */

/* Begin PBXGroup section */
		00189E7618DD98A900210D97 = {
			isa = PBXGroup;
			children = (
				0086C8EC18DE76DA006FABC6 /* ic_launcher-152.png */,
				00189E8818DD98A900210D97 /* xml2json */,
				00189EA618DD98A900210D97 /* xml2jsonTests */,
				00189E8118DD98A900210D97 /* Frameworks */,
				00189E8018DD98A900210D97 /* Products */,
			);
			sourceTree = "<group>";
		};
		00189E8018DD98A900210D97 /* Products */ = {
			isa = PBXGroup;
			children = (
				00189E7F18DD98A900210D97 /* xml2json.app */,
				00189EA018DD98A900210D97 /* xml2jsonTests.xctest */,
			);
			name = Products;
			sourceTree = "<group>";
		};
		00189E8118DD98A900210D97 /* Frameworks */ = {
			isa = PBXGroup;
			children = (
				00189E8218DD98A900210D97 /* Cocoa.framework */,
				00189EA118DD98A900210D97 /* XCTest.framework */,
				00189E8418DD98A900210D97 /* Other Frameworks */,
			);
			name = Frameworks;
			sourceTree = "<group>";
		};
		00189E8418DD98A900210D97 /* Other Frameworks */ = {
			isa = PBXGroup;
			children = (
				00189E8518DD98A900210D97 /* AppKit.framework */,
				00189E8618DD98A900210D97 /* CoreData.framework */,
				00189E8718DD98A900210D97 /* Foundation.framework */,
			);
			name = "Other Frameworks";
			sourceTree = "<group>";
		};
		00189E8818DD98A900210D97 /* xml2json */ = {
			isa = PBXGroup;
			children = (
				005D830018DDC9D200D88483 /* IDERoundToolbarButton_Stop_Active.tiff */,
				00189EBA18DDA35C00210D97 /* TemplateIcon.icns */,
				00189EB618DDA03700210D97 /* IDERoundToolbarButton_Run_Active.tiff */,
				00189E9418DD98A900210D97 /* AppDelegate.h */,
				00189E9518DD98A900210D97 /* AppDelegate.m */,
				00189E9718DD98A900210D97 /* MainMenu.xib */,
				00189E9A18DD98A900210D97 /* Images.xcassets */,
				00189E8918DD98A900210D97 /* Supporting Files */,
				00189EBC18DDB42C00210D97 /* jsonxml.h */,
				00189EBD18DDB42C00210D97 /* jsonxml.m */,
				00189EBF18DDB52400210D97 /* XMLReader.h */,
				00189EC018DDB52400210D97 /* XMLReader.m */,
				005D82FD18DDBE1A00D88483 /* XMLElement.h */,
				005D82FE18DDBE1A00D88483 /* XMLElement.m */,
			);
			path = xml2json;
			sourceTree = "<group>";
		};
		00189E8918DD98A900210D97 /* Supporting Files */ = {
			isa = PBXGroup;
			children = (
				00189E8A18DD98A900210D97 /* xml2json-Info.plist */,
				00189E8B18DD98A900210D97 /* InfoPlist.strings */,
				00189E8E18DD98A900210D97 /* main.m */,
				00189E9018DD98A900210D97 /* xml2json-Prefix.pch */,
				00189E9118DD98A900210D97 /* Credits.rtf */,
			);
			name = "Supporting Files";
			sourceTree = "<group>";
		};
		00189EA618DD98A900210D97 /* xml2jsonTests */ = {
			isa = PBXGroup;
			children = (
				00189EAC18DD98A900210D97 /* xml2jsonTests.m */,
				00189EA718DD98A900210D97 /* Supporting Files */,
			);
			path = xml2jsonTests;
			sourceTree = "<group>";
		};
		00189EA718DD98A900210D97 /* Supporting Files */ = {
			isa = PBXGroup;
			children = (
				00189EA818DD98A900210D97 /* xml2jsonTests-Info.plist */,
				00189EA918DD98A900210D97 /* InfoPlist.strings */,
			);
			name = "Supporting Files";
			sourceTree = "<group>";
		};
/* End PBXGroup section */

/* Begin PBXNativeTarget section */
		00189E7E18DD98A900210D97 /* xml2json */ = {
			isa = PBXNativeTarget;
			buildConfigurationList = 00189EB018DD98A900210D97 /* Build configuration list for PBXNativeTarget "xml2json" */;
			buildPhases = (
				00189E7B18DD98A900210D97 /* Sources */,
				00189E7C18DD98A900210D97 /* Frameworks */,
				00189E7D18DD98A900210D97 /* Resources */,
			);
			buildRules = (
			);
			dependencies = (
			);
			name = xml2json;
			productName = xml2json;
			productReference = 00189E7F18DD98A900210D97 /* xml2json.app */;
			productType = "com.apple.product-type.application";
		};
		00189E9F18DD98A900210D97 /* xml2jsonTests */ = {
			isa = PBXNativeTarget;
			buildConfigurationList = 00189EB318DD98A900210D97 /* Build configuration list for PBXNativeTarget "xml2jsonTests" */;
			buildPhases = (
				00189E9C18DD98A900210D97 /* Sources */,
				00189E9D18DD98A900210D97 /* Frameworks */,
				00189E9E18DD98A900210D97 /* Resources */,
			);
			buildRules = (
			);
			dependencies = (
				00189EA518DD98A900210D97 /* PBXTargetDependency */,
			);
			name = xml2jsonTests;
			productName = xml2jsonTests;
			productReference = 00189EA018DD98A900210D97 /* xml2jsonTests.xctest */;
			productType = "com.apple.product-type.bundle.unit-test";
		};
/* End PBXNativeTarget section */

/* Begin PBXProject section */
		00189E7718DD98A900210D97 /* Project object */ = {
			isa = PBXProject;
			attributes = {
				LastUpgradeCheck = 0510;
				ORGANIZATIONNAME = Yashi;
				TargetAttributes = {
					00189E9F18DD98A900210D97 = {
						TestTargetID = 00189E7E18DD98A900210D97;
					};
				};
			};
			buildConfigurationList = 00189E7A18DD98A900210D97 /* Build configuration list for PBXProject "xml2json" */;
			compatibilityVersion = "Xcode 3.2";
			developmentRegion = English;
			hasScannedForEncodings = 0;
			knownRegions = (
				en,
				Base,
			);
			mainGroup = 00189E7618DD98A900210D97;
			productRefGroup = 00189E8018DD98A900210D97 /* Products */;
			projectDirPath = "";
			projectRoot = "";
			targets = (
				00189E7E18DD98A900210D97 /* xml2json */,
				00189E9F18DD98A900210D97 /* xml2jsonTests */,
			);
		};
/* End PBXProject section */

/* Begin PBXResourcesBuildPhase section */
		00189E7D18DD98A900210D97 /* Resources */ = {
			isa = PBXResourcesBuildPhase;
			buildActionMask = 2147483647;
			files = (
				0086C8ED18DE76DA006FABC6 /* ic_launcher-152.png in Resources */,
				00189EB718DDA03700210D97 /* IDERoundToolbarButton_Run_Active.tiff in Resources */,
				00189E8D18DD98A900210D97 /* InfoPlist.strings in Resources */,
				00189E9B18DD98A900210D97 /* Images.xcassets in Resources */,
				00189EBB18DDA35C00210D97 /* TemplateIcon.icns in Resources */,
				00189E9318DD98A900210D97 /* Credits.rtf in Resources */,
				005D830118DDC9D200D88483 /* IDERoundToolbarButton_Stop_Active.tiff in Resources */,
				00189E9918DD98A900210D97 /* MainMenu.xib in Resources */,
			);
			runOnlyForDeploymentPostprocessing = 0;
		};
		00189E9E18DD98A900210D97 /* Resources */ = {
			isa = PBXResourcesBuildPhase;
			buildActionMask = 2147483647;
			files = (
				00189EAB18DD98A900210D97 /* InfoPlist.strings in Resources */,
			);
			runOnlyForDeploymentPostprocessing = 0;
		};
/* End PBXResourcesBuildPhase section */

/* Begin PBXSourcesBuildPhase section */
		00189E7B18DD98A900210D97 /* Sources */ = {
			isa = PBXSourcesBuildPhase;
			buildActionMask = 2147483647;
			files = (
				00189EBE18DDB42C00210D97 /* jsonxml.m in Sources */,
				00189E9618DD98A900210D97 /* AppDelegate.m in Sources */,
				00189EC118DDB52400210D97 /* XMLReader.m in Sources */,
				005D82FF18DDBE1A00D88483 /* XMLElement.m in Sources */,
				00189E8F18DD98A900210D97 /* main.m in Sources */,
			);
			runOnlyForDeploymentPostprocessing = 0;
		};
		00189E9C18DD98A900210D97 /* Sources */ = {
			isa = PBXSourcesBuildPhase;
			buildActionMask = 2147483647;
			files = (
				00189EAD18DD98A900210D97 /* xml2jsonTests.m in Sources */,
			);
			runOnlyForDeploymentPostprocessing = 0;
		};
/* End PBXSourcesBuildPhase section */

/* Begin PBXTargetDependency section */
		00189EA518DD98A900210D97 /* PBXTargetDependency */ = {
			isa = PBXTargetDependency;
			target = 00189E7E18DD98A900210D97 /* xml2json */;
			targetProxy = 00189EA418DD98A900210D97 /* PBXContainerItemProxy */;
		};
/* End PBXTargetDependency section */

/* Begin PBXVariantGroup section */
		00189E8B18DD98A900210D97 /* InfoPlist.strings */ = {
			isa = PBXVariantGroup;
			children = (
				00189E8C18DD98A900210D97 /* en */,
			);
			name = InfoPlist.strings;
			sourceTree = "<group>";
		};
		00189E9118DD98A900210D97 /* Credits.rtf */ = {
			isa = PBXVariantGroup;
			children = (
				00189E9218DD98A900210D97 /* en */,
			);
			name = Credits.rtf;
			sourceTree = "<group>";
		};
		00189E9718DD98A900210D97 /* MainMenu.xib */ = {
			isa = PBXVariantGroup;
			children = (
				00189E9818DD98A900210D97 /* Base */,
			);
			name = MainMenu.xib;
			sourceTree = "<group>";
		};
		00189EA918DD98A900210D97 /* InfoPlist.strings */ = {
			isa = PBXVariantGroup;
			children = (
				00189EAA18DD98A900210D97 /* en */,
			);
			name = InfoPlist.strings;
			sourceTree = "<group>";
		};
/* End PBXVariantGroup section */

/* Begin XCBuildConfiguration section */
		00189EAE18DD98A900210D97 /* Debug */ = {
			isa = XCBuildConfiguration;
			buildSettings = {
				ALWAYS_SEARCH_USER_PATHS = NO;
				CLANG_CXX_LANGUAGE_STANDARD = "gnu++0x";
				CLANG_CXX_LIBRARY = "libc++";
				CLANG_ENABLE_MODULES = YES;
				CLANG_ENABLE_OBJC_ARC = YES;
				CLANG_WARN_BOOL_CONVERSION = YES;
				CLANG_WARN_CONSTANT_CONVERSION = YES;
				CLANG_WARN_DIRECT_OBJC_ISA_USAGE = YES_ERROR;
				CLANG_WARN_EMPTY_BODY = YES;
				CLANG_WARN_ENUM_CONVERSION = YES;
				CLANG_WARN_INT_CONVERSION = YES;
				CLANG_WARN_OBJC_ROOT_CLASS = YES_ERROR;
				CLANG_WARN__DUPLICATE_METHOD_MATCH = YES;
				COPY_PHASE_STRIP = NO;
				GCC_C_LANGUAGE_STANDARD = gnu99;
				GCC_DYNAMIC_NO_PIC = NO;
				GCC_ENABLE_OBJC_EXCEPTIONS = YES;
				GCC_OPTIMIZATION_LEVEL = 0;
				GCC_PREPROCESSOR_DEFINITIONS = (
					"DEBUG=1",
					"$(inherited)",
				);
				GCC_SYMBOLS_PRIVATE_EXTERN = NO;
				GCC_WARN_64_TO_32_BIT_CONVERSION = YES;
				GCC_WARN_ABOUT_RETURN_TYPE = YES_ERROR;
				GCC_WARN_UNDECLARED_SELECTOR = YES;
				GCC_WARN_UNINITIALIZED_AUTOS = YES_AGGRESSIVE;
				GCC_WARN_UNUSED_FUNCTION = YES;
				GCC_WARN_UNUSED_VARIABLE = YES;
				MACOSX_DEPLOYMENT_TARGET = 10.9;
				ONLY_ACTIVE_ARCH = YES;
				SDKROOT = macosx;
			};
			name = Debug;
		};
		00189EAF18DD98A900210D97 /* Release */ = {
			isa = XCBuildConfiguration;
			buildSettings = {
				ALWAYS_SEARCH_USER_PATHS = NO;
				CLANG_CXX_LANGUAGE_STANDARD = "gnu++0x";
				CLANG_CXX_LIBRARY = "libc++";
				CLANG_ENABLE_MODULES = YES;
				CLANG_ENABLE_OBJC_ARC = YES;
				CLANG_WARN_BOOL_CONVERSION = YES;
				CLANG_WARN_CONSTANT_CONVERSION = YES;
				CLANG_WARN_DIRECT_OBJC_ISA_USAGE = YES_ERROR;
				CLANG_WARN_EMPTY_BODY = YES;
				CLANG_WARN_ENUM_CONVERSION = YES;
				CLANG_WARN_INT_CONVERSION = YES;
				CLANG_WARN_OBJC_ROOT_CLASS = YES_ERROR;
				CLANG_WARN__DUPLICATE_METHOD_MATCH = YES;
				COPY_PHASE_STRIP = YES;
				DEBUG_INFORMATION_FORMAT = "dwarf-with-dsym";
				ENABLE_NS_ASSERTIONS = NO;
				GCC_C_LANGUAGE_STANDARD = gnu99;
				GCC_ENABLE_OBJC_EXCEPTIONS = YES;
				GCC_WARN_64_TO_32_BIT_CONVERSION = YES;
				GCC_WARN_ABOUT_RETURN_TYPE = YES_ERROR;
				GCC_WARN_UNDECLARED_SELECTOR = YES;
				GCC_WARN_UNINITIALIZED_AUTOS = YES_AGGRESSIVE;
				GCC_WARN_UNUSED_FUNCTION = YES;
				GCC_WARN_UNUSED_VARIABLE = YES;
				MACOSX_DEPLOYMENT_TARGET = 10.9;
				SDKROOT = macosx;
			};
			name = Release;
		};
		00189EB118DD98A900210D97 /* Debug */ = {
			isa = XCBuildConfiguration;
			buildSettings = {
				COMBINE_HIDPI_IMAGES = YES;
				GCC_PRECOMPILE_PREFIX_HEADER = YES;
				GCC_PREFIX_HEADER = "xml2json/xml2json-Prefix.pch";
				INFOPLIST_FILE = "xml2json/xml2json-Info.plist";
				PRODUCT_NAME = "$(TARGET_NAME)";
				WRAPPER_EXTENSION = app;
			};
			name = Debug;
		};
		00189EB218DD98A900210D97 /* Release */ = {
			isa = XCBuildConfiguration;
			buildSettings = {
				COMBINE_HIDPI_IMAGES = YES;
				GCC_PRECOMPILE_PREFIX_HEADER = YES;
				GCC_PREFIX_HEADER = "xml2json/xml2json-Prefix.pch";
				INFOPLIST_FILE = "xml2json/xml2json-Info.plist";
				PRODUCT_NAME = "$(TARGET_NAME)";
				WRAPPER_EXTENSION = app;
			};
			name = Release;
		};
		00189EB418DD98A900210D97 /* Debug */ = {
			isa = XCBuildConfiguration;
			buildSettings = {
				BUNDLE_LOADER = "$(BUILT_PRODUCTS_DIR)/xml2json.app/Contents/MacOS/xml2json";
				COMBINE_HIDPI_IMAGES = YES;
				FRAMEWORK_SEARCH_PATHS = (
					"$(DEVELOPER_FRAMEWORKS_DIR)",
					"$(inherited)",
				);
				GCC_PRECOMPILE_PREFIX_HEADER = YES;
				GCC_PREFIX_HEADER = "xml2json/xml2json-Prefix.pch";
				GCC_PREPROCESSOR_DEFINITIONS = (
					"DEBUG=1",
					"$(inherited)",
				);
				INFOPLIST_FILE = "xml2jsonTests/xml2jsonTests-Info.plist";
				PRODUCT_NAME = "$(TARGET_NAME)";
				TEST_HOST = "$(BUNDLE_LOADER)";
				WRAPPER_EXTENSION = xctest;
			};
			name = Debug;
		};
		00189EB518DD98A900210D97 /* Release */ = {
			isa = XCBuildConfiguration;
			buildSettings = {
				BUNDLE_LOADER = "$(BUILT_PRODUCTS_DIR)/xml2json.app/Contents/MacOS/xml2json";
				COMBINE_HIDPI_IMAGES = YES;
				FRAMEWORK_SEARCH_PATHS = (
					"$(DEVELOPER_FRAMEWORKS_DIR)",
					"$(inherited)",
				);
				GCC_PRECOMPILE_PREFIX_HEADER = YES;
				GCC_PREFIX_HEADER = "xml2json/xml2json-Prefix.pch";
				INFOPLIST_FILE = "xml2jsonTests/xml2jsonTests-Info.plist";
				PRODUCT_NAME = "$(TARGET_NAME)";
				TEST_HOST = "$(BUNDLE_LOADER)";
				WRAPPER_EXTENSION = xctest;
			};
			name = Release;
		};
/* End XCBuildConfiguration section */

/* Begin XCConfigurationList section */
		00189E7A18DD98A900210D97 /* Build configuration list for PBXProject "xml2json" */ = {
			isa = XCConfigurationList;
			buildConfigurations = (
				00189EAE18DD98A900210D97 /* Debug */,
				00189EAF18DD98A900210D97 /* Release */,
			);
			defaultConfigurationIsVisible = 0;
			defaultConfigurationName = Release;
		};
		00189EB018DD98A900210D97 /* Build configuration list for PBXNativeTarget "xml2json" */ = {
			isa = XCConfigurationList;
			buildConfigurations = (
				00189EB118DD98A900210D97 /* Debug */,
				00189EB218DD98A900210D97 /* Release */,
			);
			defaultConfigurationIsVisible = 0;
			defaultConfigurationName = Release;
		};
		00189EB318DD98A900210D97 /* Build configuration list for PBXNativeTarget "xml2jsonTests" */ = {
			isa = XCConfigurationList;
			buildConfigurations = (
				00189EB418DD98A900210D97 /* Debug */,
				00189EB518DD98A900210D97 /* Release */,
			);
			defaultConfigurationIsVisible = 0;
			defaultConfigurationName = Release;
		};
/* End XCConfigurationList section */
	};
	rootObject = 00189E7718DD98A900210D97 /* Project object */;
}
