// !$*UTF8*$!
{
	archiveVersion = 1;
	classes = {
	};
	objectVersion = 46;
	objects = {

/* Begin PBXFileReference section */
		0060112B190A6A68005B7841 /* manifest.json */ = {isa = PBXFileReference; lastKnownFileType = text.json; path = manifest.json; sourceTree = "<group>"; };
		0060112C190A6AFB005B7841 /* icon.png */ = {isa = PBXFileReference; lastKnownFileType = image.png; path = icon.png; sourceTree = "<group>"; };
		0060112D190A6F5B005B7841 /* index.htm */ = {isa = PBXFileReference; fileEncoding = 4; lastKnownFileType = text.html; path = index.htm; sourceTree = "<group>"; };
/* End PBXFileReference section */

/* Begin PBXGroup section */
		00601124190A6A47005B7841 = {
			isa = PBXGroup;
			children = (
				0060112D190A6F5B005B7841 /* index.htm */,
				0060112C190A6AFB005B7841 /* icon.png */,
				0060112B190A6A68005B7841 /* manifest.json */,
			);
			sourceTree = "<group>";
		};
/* End PBXGroup section */

/* Begin PBXProject section */
		00601125190A6A47005B7841 /* Project object */ = {
			isa = PBXProject;
			attributes = {
				LastUpgradeCheck = 0510;
			};
			buildConfigurationList = 00601128190A6A47005B7841 /* Build configuration list for PBXProject "CE_ChromeAddion" */;
			compatibilityVersion = "Xcode 3.2";
			developmentRegion = English;
			hasScannedForEncodings = 0;
			knownRegions = (
				en,
			);
			mainGroup = 00601124190A6A47005B7841;
			projectDirPath = "";
			projectRoot = "";
			targets = (
			);
		};
/* End PBXProject section */

/* Begin XCBuildConfiguration section */
		00601129190A6A47005B7841 /* Debug */ = {
			isa = XCBuildConfiguration;
			buildSettings = {
			};
			name = Debug;
		};
		0060112A190A6A47005B7841 /* Release */ = {
			isa = XCBuildConfiguration;
			buildSettings = {
			};
			name = Release;
		};
/* End XCBuildConfiguration section */

/* Begin XCConfigurationList section */
		00601128190A6A47005B7841 /* Build configuration list for PBXProject "CE_ChromeAddion" */ = {
			isa = XCConfigurationList;
			buildConfigurations = (
				00601129190A6A47005B7841 /* Debug */,
				0060112A190A6A47005B7841 /* Release */,
			);
			defaultConfigurationIsVisible = 0;
			defaultConfigurationName = Release;
		};
/* End XCConfigurationList section */
	};
	rootObject = 00601125190A6A47005B7841 /* Project object */;
}
